{
  "version": 4,
  "terraform_version": "1.14.9",
  "serial": 392,
  "lineage": "f4935dc8-6076-4208-fb28-b08c93da5bef",
  "outputs": {
    "app_services": {
      "value": {
        "ai_processor_log_group_name": "/ai-care/dev/ai-processor",
        "ai_processor_policy_arn": "arn:aws:iam::105959916837:policy/ai-care-dev-ai-processor-placeholder-policy",
        "ai_processor_role_arn": "arn:aws:iam::105959916837:role/ai-care-dev-ai-processor-placeholder-role",
        "backend_irsa_policy_arn": "arn:aws:iam::105959916837:policy/ai-care-dev-backend-policy",
        "backend_irsa_role_arn": "arn:aws:iam::105959916837:role/ai-care-dev-backend-irsa-role",
        "backend_log_group_name": "/ai-care/dev/backend",
        "cloudfront_distribution_id": "E1AG7PVK5H5FKE",
        "cloudfront_domain_name": "dqwvt7orsqj2y.cloudfront.net",
        "ecr_repository_arns": {
          "ai-triage-service": "arn:aws:ecr:ap-northeast-2:105959916837:repository/ai-triage-service",
          "auth-user-service": "arn:aws:ecr:ap-northeast-2:105959916837:repository/auth-user-service",
          "board-service": "arn:aws:ecr:ap-northeast-2:105959916837:repository/board-service",
          "frontend-service": "arn:aws:ecr:ap-northeast-2:105959916837:repository/frontend-service",
          "hospital-recommendation-service": "arn:aws:ecr:ap-northeast-2:105959916837:repository/hospital-recommendation-service",
          "onprem-sensitive-api": "arn:aws:ecr:ap-northeast-2:105959916837:repository/onprem-sensitive-api",
          "questionnaire-service": "arn:aws:ecr:ap-northeast-2:105959916837:repository/questionnaire-service"
        },
        "ecr_repository_urls": {
          "ai-triage-service": "105959916837.dkr.ecr.ap-northeast-2.amazonaws.com/ai-triage-service",
          "auth-user-service": "105959916837.dkr.ecr.ap-northeast-2.amazonaws.com/auth-user-service",
          "board-service": "105959916837.dkr.ecr.ap-northeast-2.amazonaws.com/board-service",
          "frontend-service": "105959916837.dkr.ecr.ap-northeast-2.amazonaws.com/frontend-service",
          "hospital-recommendation-service": "105959916837.dkr.ecr.ap-northeast-2.amazonaws.com/hospital-recommendation-service",
          "onprem-sensitive-api": "105959916837.dkr.ecr.ap-northeast-2.amazonaws.com/onprem-sensitive-api",
          "questionnaire-service": "105959916837.dkr.ecr.ap-northeast-2.amazonaws.com/questionnaire-service"
        },
        "reports_bucket_arn": "arn:aws:s3:::ai-care-dev-reports-105959916837",
        "reports_bucket_name": "ai-care-dev-reports-105959916837",
        "reports_s3_prefix": "reports/",
        "triage_dlq_arn": "arn:aws:sqs:ap-northeast-2:105959916837:ai-care-dev-triage-dlq",
        "triage_dlq_url": "https://sqs.ap-northeast-2.amazonaws.com/105959916837/ai-care-dev-triage-dlq",
        "triage_queue_arn": "arn:aws:sqs:ap-northeast-2:105959916837:ai-care-dev-triage-queue",
        "triage_queue_url": "https://sqs.ap-northeast-2.amazonaws.com/105959916837/ai-care-dev-triage-queue"
      },
      "type": [
        "object",
        {
          "ai_processor_log_group_name": "string",
          "ai_processor_policy_arn": "string",
          "ai_processor_role_arn": "string",
          "backend_irsa_policy_arn": "string",
          "backend_irsa_role_arn": "string",
          "backend_log_group_name": "string",
          "cloudfront_distribution_id": "string",
          "cloudfront_domain_name": "string",
          "ecr_repository_arns": [
            "object",
            {
              "ai-triage-service": "string",
              "auth-user-service": "string",
              "board-service": "string",
              "frontend-service": "string",
              "hospital-recommendation-service": "string",
              "onprem-sensitive-api": "string",
              "questionnaire-service": "string"
            }
          ],
          "ecr_repository_urls": [
            "object",
            {
              "ai-triage-service": "string",
              "auth-user-service": "string",
              "board-service": "string",
              "frontend-service": "string",
              "hospital-recommendation-service": "string",
              "onprem-sensitive-api": "string",
              "questionnaire-service": "string"
            }
          ],
          "reports_bucket_arn": "string",
          "reports_bucket_name": "string",
          "reports_s3_prefix": "string",
          "triage_dlq_arn": "string",
          "triage_dlq_url": "string",
          "triage_queue_arn": "string",
          "triage_queue_url": "string"
        }
      ]
    },
    "cicd": {
      "value": {
        "github_ecr_push_role_arn": null,
        "github_eks_deploy_role_arn": null,
        "github_oidc_provider_arn": null,
        "terraform_apply_role_arn": null
      },
      "type": [
        "object",
        {
          "github_ecr_push_role_arn": "dynamic",
          "github_eks_deploy_role_arn": "dynamic",
          "github_oidc_provider_arn": "dynamic",
          "terraform_apply_role_arn": "dynamic"
        }
      ]
    },
    "eks": {
      "value": {
        "eks_cluster_arn": "arn:aws:eks:ap-northeast-2:105959916837:cluster/ai-care-dev-eks",
        "eks_cluster_endpoint": "https://D5A98E05D6591813B7463EE13227E1F8.yl4.ap-northeast-2.eks.amazonaws.com",
        "eks_cluster_id": "ai-care-dev-eks",
        "eks_cluster_name": "ai-care-dev-eks",
        "eks_cluster_role_arn": "arn:aws:iam::105959916837:role/ai-care-dev-eks-cluster-role",
        "eks_cluster_security_group_id": "sg-082f36168136b96f0",
        "eks_node_group_arn": "arn:aws:eks:ap-northeast-2:105959916837:nodegroup/ai-care-dev-eks/ai-care-dev-eks-ng/c8cf480b-1f8f-f7f6-86a5-1e6371300330",
        "eks_node_group_name": "ai-care-dev-eks-ng",
        "eks_node_role_arn": "arn:aws:iam::105959916837:role/ai-care-dev-eks-node-role",
        "eks_oidc_issuer_url": "https://oidc.eks.ap-northeast-2.amazonaws.com/id/D5A98E05D6591813B7463EE13227E1F8",
        "eks_oidc_provider_arn": "arn:aws:iam::105959916837:oidc-provider/oidc.eks.ap-northeast-2.amazonaws.com/id/D5A98E05D6591813B7463EE13227E1F8",
        "eks_update_kubeconfig_command": "aws eks update-kubeconfig --region ap-northeast-2 --name ai-care-dev-eks"
      },
      "type": [
        "object",
        {
          "eks_cluster_arn": "string",
          "eks_cluster_endpoint": "string",
          "eks_cluster_id": "string",
          "eks_cluster_name": "string",
          "eks_cluster_role_arn": "string",
          "eks_cluster_security_group_id": "string",
          "eks_node_group_arn": "string",
          "eks_node_group_name": "string",
          "eks_node_role_arn": "string",
          "eks_oidc_issuer_url": "string",
          "eks_oidc_provider_arn": "string",
          "eks_update_kubeconfig_command": "string"
        }
      ]
    },
    "eks_cluster_certificate_authority_data": {
      "value": "LS0tLS1CRUdJTiBDRVJUSUZJQ0FURS0tLS0tCk1JSURCVENDQWUyZ0F3SUJBZ0lJRWJGdEk4ZEJyVDR3RFFZSktvWklodmNOQVFFTEJRQXdGVEVUTUJFR0ExVUUKQXhNS2EzVmlaWEp1WlhSbGN6QWVGdzB5TmpBMk1EUXdNREl4TVROYUZ3MHpOakEyTURFd01ESTJNVE5hTUJVeApFekFSQmdOVkJBTVRDbXQxWW1WeWJtVjBaWE13Z2dFaU1BMEdDU3FHU0liM0RRRUJBUVVBQTRJQkR3QXdnZ0VLCkFvSUJBUURIb0t5eXVEWEhlSnp1VXBackxNTDgvbjM4ZENRL2FqeVJJNlBsNDlGQ2J6STJXSE5Vem1pWDJPdzIKdElLc2ZJUzRmS1RMeUtqQWFUcllmOXdSbEVLd0ZzMnBwQXBpYUd3OHJPL0lkMVVNYkdjUnNNMStFRWxmTElvWQpSTGRRaUxMazRDQlFOSTVycnUzNm5acVRsdGFPRU5zMVJGZjg4WWt6ZkhyMkR3MG9XL29rcGIvMC8wRE9ndUZzClJtbUo2Qm4ydkJXbHFGMmFYd2hxVW1JNERVWEh5MFgvL1UyRURvcTRMZ1d1MWt1MEpKVXR4U3VDanpMeC93V1IKSVRsb3JlNFNoQzhPMllXYThKTjMzRCtGUXdsekxWSGhYbUdFeDUvUSt3dnFZQTlUUkJ3TllEM2RnTU42VHhTWQpuSnJVcjdYZFRlSHR2ZWFleXhBMGdHYUV4YTFYQWdNQkFBR2pXVEJYTUE0R0ExVWREd0VCL3dRRUF3SUNwREFQCkJnTlZIUk1CQWY4RUJUQURBUUgvTUIwR0ExVWREZ1FXQkJTS0JxYTFFbWNMN2d6c2FaREtSUUpGdXM2dVZEQVYKQmdOVkhSRUVEakFNZ2dwcmRXSmxjbTVsZEdWek1BMEdDU3FHU0liM0RRRUJDd1VBQTRJQkFRQmczL0RHMGZObgoycnpCV3FZSjJ5OVhIZmNsS1hvMkVMd3YrTThmMDJpUHE2NFQrN243UVQ0SVN3N2pEZjdmRDdBd21ZVmhsRFh6CmpuMFpsV1oxb3lxaFg3UDU5ZmcwMzJtbGFYR2xIeWZoa0dpYXg3Q2RCY0NtQ0xMVVRnTTloZnVHQjlTVDJKdXUKTUltMDkzNlBBaW5qWjRTNHZzUEpBV21FOUU2TW5tZ01KbFJhaUszRE5ManJleTNINUU0TERQSkNHTWR4aTQxVQo2OW9GbmJrZTVuL2JsakkzdXQxdWJpRXg0T092UTFUc0h6dTg5Z0dQc1libUJhUUZVdWlkZmpUQnNtc2R6OFFmCk54V0I5WkpyczhzeVVnT2dBbG01bmpxNDRtOUh6OFBOakplQ0xBSGZ2dk0xalBLNDBDRDNySTJQOVo3SGRXa0YKVng1aHJ0T0ZuU0dyCi0tLS0tRU5EIENFUlRJRklDQVRFLS0tLS0K",
      "type": "string"
    },
    "onprem_compute": {
      "value": {
        "fastapi_instance_id": "i-0ca54d1f9a65b8658",
        "fastapi_private_ip": "172.16.10.10",
        "onprem_postgres_instance_id": "i-05f3b262a432e6540",
        "onprem_postgres_private_ip": "172.16.10.20",
        "strongswan_eip_allocation_id": "eipalloc-0ef07abf0a72a5575",
        "strongswan_instance_id": "i-0f38d5eb07e41d0e7",
        "strongswan_network_interface_id": "eni-090e0bb74c9293374",
        "strongswan_private_ip": "172.16.1.10",
        "strongswan_public_ip": "3.35.38.30"
      },
      "type": [
        "object",
        {
          "fastapi_instance_id": "string",
          "fastapi_private_ip": "string",
          "onprem_postgres_instance_id": "string",
          "onprem_postgres_private_ip": "string",
          "strongswan_eip_allocation_id": "string",
          "strongswan_instance_id": "string",
          "strongswan_network_interface_id": "string",
          "strongswan_private_ip": "string",
          "strongswan_public_ip": "string"
        }
      ]
    },
    "onprem_vpc_id": {
      "value": "vpc-0a53924e1ccaeb2e2",
      "type": "string"
    },
    "rds": {
      "value": {
        "rds_address": "ai-care-dev-postgres.czeumgqsmwh8.ap-northeast-2.rds.amazonaws.com",
        "rds_db_name": "aicare",
        "rds_endpoint": "ai-care-dev-postgres.czeumgqsmwh8.ap-northeast-2.rds.amazonaws.com:5432",
        "rds_instance_arn": "arn:aws:rds:ap-northeast-2:105959916837:db:ai-care-dev-postgres",
        "rds_instance_id": "db-DXO7FKR4SJ52PZZB5RPVM6M6VE",
        "rds_port": 5432,
        "rds_subnet_group_name": "ai-care-dev-rds-subnet-group",
        "rds_username": "dbadmin"
      },
      "type": [
        "object",
        {
          "rds_address": "string",
          "rds_db_name": "string",
          "rds_endpoint": "string",
          "rds_instance_arn": "string",
          "rds_instance_id": "string",
          "rds_port": "number",
          "rds_subnet_group_name": "string",
          "rds_username": "string"
        }
      ]
    },
    "rds_master_user_secret_arn": {
      "value": "arn:aws:secretsmanager:ap-northeast-2:105959916837:secret:rds!db-f9856f87-a2c7-4627-a39a-dacd9e09fb4a-lAB9Kd",
      "type": "string",
      "sensitive": true
    },
    "security_group_ids": {
      "value": {
        "alb": "sg-07312256c07790142",
        "eks_node": "sg-035da829af5a6070a",
        "fastapi": "sg-05c5e51e00e250d37",
        "onprem_postgres": "sg-06dffb35d619a04b9",
        "rds": "sg-0ebc0614c08964e7b",
        "strongswan": "sg-0418b66bd790ba89d"
      },
      "type": [
        "object",
        {
          "alb": "string",
          "eks_node": "string",
          "fastapi": "string",
          "onprem_postgres": "string",
          "rds": "string",
          "strongswan": "string"
        }
      ]
    },
    "service_nat_gateway": {
      "value": {
        "service_nat_gateway_eip_allocation_id": "eipalloc-0a5682897766d85ca",
        "service_nat_gateway_id": "nat-027ddcafdf792348b",
        "service_nat_gateway_public_ip": "43.203.15.228",
        "service_nat_gateway_subnet_id": "subnet-0e4f74a9b41db30cd",
        "service_nat_route_table_ids": [
          "rtb-0b57d3c7408c20c8d"
        ],
        "service_private_app_nat_route_table_ids": [
          "rtb-0b57d3c7408c20c8d"
        ]
      },
      "type": [
        "object",
        {
          "service_nat_gateway_eip_allocation_id": "string",
          "service_nat_gateway_id": "string",
          "service_nat_gateway_public_ip": "string",
          "service_nat_gateway_subnet_id": "string",
          "service_nat_route_table_ids": [
            "list",
            "string"
          ],
          "service_private_app_nat_route_table_ids": [
            "list",
            "string"
          ]
        }
      ]
    },
    "service_vpc_id": {
      "value": "vpc-0beaaf51840498bae",
      "type": "string"
    },
    "vpn": {
      "value": {
        "customer_gateway_id": "cgw-0c01fb900cc930603",
        "onprem_to_service_route_table_id": "rtb-038788093fe3a6b25",
        "service_to_onprem_route_table_ids": [
          "rtb-0b57d3c7408c20c8d"
        ],
        "vpn_connection_id": "vpn-0be0a17896d275460",
        "vpn_connection_tunnel1_address": "3.39.5.88",
        "vpn_connection_tunnel1_inside_cidr": "169.254.37.184/30",
        "vpn_connection_tunnel2_address": "15.165.86.230",
        "vpn_connection_tunnel2_inside_cidr": "169.254.114.28/30",
        "vpn_gateway_id": "vgw-074ff64b2979bc5d0"
      },
      "type": [
        "object",
        {
          "customer_gateway_id": "string",
          "onprem_to_service_route_table_id": "string",
          "service_to_onprem_route_table_ids": [
            "tuple",
            [
              "string"
            ]
          ],
          "vpn_connection_id": "string",
          "vpn_connection_tunnel1_address": "string",
          "vpn_connection_tunnel1_inside_cidr": "string",
          "vpn_connection_tunnel2_address": "string",
          "vpn_connection_tunnel2_inside_cidr": "string",
          "vpn_gateway_id": "string"
        }
      ]
    }
  },
  "resources": [
    {
      "mode": "managed",
      "type": "aws_eks_access_entry",
      "name": "donghee",
      "provider": "provider[\"registry.terraform.io/hashicorp/aws\"]",
      "instances": [
        {
          "schema_version": 0,
          "attributes": {
            "access_entry_arn": "arn:aws:eks:ap-northeast-2:105959916837:access-entry/ai-care-dev-eks/user/105959916837/donghee/b8cf4aa6-f5dc-01b8-c22e-7ca47bc89419",
            "cluster_name": "ai-care-dev-eks",
            "created_at": "2026-06-05T01:02:52Z",
            "id": "ai-care-dev-eks:arn:aws:iam::105959916837:user/donghee",
            "kubernetes_groups": [],
            "modified_at": "2026-06-05T01:02:52Z",
            "principal_arn": "arn:aws:iam::105959916837:user/donghee",
            "region": "ap-northeast-2",
            "tags": {},
            "tags_all": {
              "Environment": "dev",
              "ManagedBy": "terraform",
              "Project": "ai-care",
              "Scope": "infra-only"
            },
            "timeouts": null,
            "type": "STANDARD",
            "user_name": "arn:aws:iam::105959916837:user/donghee"
          },
          "sensitive_attributes": [],
          "identity_schema_version": 0,
          "identity": {
            "account_id": "105959916837",
            "cluster_name": "ai-care-dev-eks",
            "principal_arn": "arn:aws:iam::105959916837:user/donghee",
            "region": "ap-northeast-2"
          },
          "private": "eyJlMmJmYjczMC1lY2FhLTExZTYtOGY4OC0zNDM2M2JjN2M0YzAiOnsiY3JlYXRlIjo2MDAwMDAwMDAwMDAsImRlbGV0ZSI6NjAwMDAwMDAwMDAwfX0=",
          "dependencies": [
            "module.eks.aws_eks_cluster.this",
            "module.eks.aws_iam_role.cluster",
            "module.eks.aws_iam_role_policy_attachment.cluster_policy",
            "module.existing_network.data.aws_vpc.service",
            "module.security.aws_security_group.eks_node",
            "module.service_nat_gateway.aws_eip.nat",
            "module.service_nat_gateway.aws_nat_gateway.this",
            "module.service_nat_gateway.aws_route.private_app_default_to_nat"
          ]
        }
      ]
    },
    {
      "mode": "managed",
      "type": "aws_eks_access_entry",
      "name": "hyeongwook",
      "provider": "provider[\"registry.terraform.io/hashicorp/aws\"]",
      "instances": [
        {
          "schema_version": 0,
          "attributes": {
            "access_entry_arn": "arn:aws:eks:ap-northeast-2:105959916837:access-entry/ai-care-dev-eks/user/105959916837/hyeongwook/eacf4aa6-f4a8-6196-f525-7ed601d5cfab",
            "cluster_name": "ai-care-dev-eks",
            "created_at": "2026-06-05T01:02:51Z",
            "id": "ai-care-dev-eks:arn:aws:iam::105959916837:user/hyeongwook",
            "kubernetes_groups": [],
            "modified_at": "2026-06-05T01:02:51Z",
            "principal_arn": "arn:aws:iam::105959916837:user/hyeongwook",
            "region": "ap-northeast-2",
            "tags": {},
            "tags_all": {
              "Environment": "dev",
              "ManagedBy": "terraform",
              "Project": "ai-care",
              "Scope": "infra-only"
            },
            "timeouts": null,
            "type": "STANDARD",
            "user_name": "arn:aws:iam::105959916837:user/hyeongwook"
          },
          "sensitive_attributes": [],
          "identity_schema_version": 0,
          "identity": {
            "account_id": "105959916837",
            "cluster_name": "ai-care-dev-eks",
            "principal_arn": "arn:aws:iam::105959916837:user/hyeongwook",
            "region": "ap-northeast-2"
          },
          "private": "eyJlMmJmYjczMC1lY2FhLTExZTYtOGY4OC0zNDM2M2JjN2M0YzAiOnsiY3JlYXRlIjo2MDAwMDAwMDAwMDAsImRlbGV0ZSI6NjAwMDAwMDAwMDAwfX0=",
          "dependencies": [
            "module.eks.aws_eks_cluster.this",
            "module.eks.aws_iam_role.cluster",
            "module.eks.aws_iam_role_policy_attachment.cluster_policy",
            "module.existing_network.data.aws_vpc.service",
            "module.security.aws_security_group.eks_node",
            "module.service_nat_gateway.aws_eip.nat",
            "module.service_nat_gateway.aws_nat_gateway.this",
            "module.service_nat_gateway.aws_route.private_app_default_to_nat"
          ]
        }
      ]
    },
    {
      "mode": "managed",
      "type": "aws_eks_access_entry",
      "name": "jiwon",
      "provider": "provider[\"registry.terraform.io/hashicorp/aws\"]",
      "instances": [
        {
          "schema_version": 0,
          "attributes": {
            "access_entry_arn": "arn:aws:eks:ap-northeast-2:105959916837:access-entry/ai-care-dev-eks/user/105959916837/jiwon/4acf4aa6-f4aa-fb30-fa2e-5542605d2e5d",
            "cluster_name": "ai-care-dev-eks",
            "created_at": "2026-06-05T01:02:51Z",
            "id": "ai-care-dev-eks:arn:aws:iam::105959916837:user/jiwon",
            "kubernetes_groups": [],
            "modified_at": "2026-06-05T01:02:51Z",
            "principal_arn": "arn:aws:iam::105959916837:user/jiwon",
            "region": "ap-northeast-2",
            "tags": {},
            "tags_all": {
              "Environment": "dev",
              "ManagedBy": "terraform",
              "Project": "ai-care",
              "Scope": "infra-only"
            },
            "timeouts": null,
            "type": "STANDARD",
            "user_name": "arn:aws:iam::105959916837:user/jiwon"
          },
          "sensitive_attributes": [],
          "identity_schema_version": 0,
          "identity": {
            "account_id": "105959916837",
            "cluster_name": "ai-care-dev-eks",
            "principal_arn": "arn:aws:iam::105959916837:user/jiwon",
            "region": "ap-northeast-2"
          },
          "private": "eyJlMmJmYjczMC1lY2FhLTExZTYtOGY4OC0zNDM2M2JjN2M0YzAiOnsiY3JlYXRlIjo2MDAwMDAwMDAwMDAsImRlbGV0ZSI6NjAwMDAwMDAwMDAwfX0=",
          "dependencies": [
            "module.eks.aws_eks_cluster.this",
            "module.eks.aws_iam_role.cluster",
            "module.eks.aws_iam_role_policy_attachment.cluster_policy",
            "module.existing_network.data.aws_vpc.service",
            "module.security.aws_security_group.eks_node",
            "module.service_nat_gateway.aws_eip.nat",
            "module.service_nat_gateway.aws_nat_gateway.this",
            "module.service_nat_gateway.aws_route.private_app_default_to_nat"
          ]
        }
      ]
    },
    {
      "mode": "managed",
      "type": "aws_eks_access_entry",
      "name": "jiyun",
      "provider": "provider[\"registry.terraform.io/hashicorp/aws\"]",
      "instances": [
        {
          "schema_version": 0,
          "attributes": {
            "access_entry_arn": "arn:aws:eks:ap-northeast-2:105959916837:access-entry/ai-care-dev-eks/user/105959916837/jiyun/dacf4ab0-a4b5-e2a4-952d-cf5b4cb130b6",
            "cluster_name": "ai-care-dev-eks",
            "created_at": "2026-06-05T01:24:01Z",
            "id": "ai-care-dev-eks:arn:aws:iam::105959916837:user/jiyun",
            "kubernetes_groups": [],
            "modified_at": "2026-06-05T01:24:01Z",
            "principal_arn": "arn:aws:iam::105959916837:user/jiyun",
            "region": "ap-northeast-2",
            "tags": {},
            "tags_all": {
              "Environment": "dev",
              "ManagedBy": "terraform",
              "Project": "ai-care",
              "Scope": "infra-only"
            },
            "timeouts": null,
            "type": "STANDARD",
            "user_name": "arn:aws:iam::105959916837:user/jiyun"
          },
          "sensitive_attributes": [],
          "identity_schema_version": 0,
          "identity": {
            "account_id": "105959916837",
            "cluster_name": "ai-care-dev-eks",
            "principal_arn": "arn:aws:iam::105959916837:user/jiyun",
            "region": "ap-northeast-2"
          },
          "private": "eyJlMmJmYjczMC1lY2FhLTExZTYtOGY4OC0zNDM2M2JjN2M0YzAiOnsiY3JlYXRlIjo2MDAwMDAwMDAwMDAsImRlbGV0ZSI6NjAwMDAwMDAwMDAwfX0=",
          "dependencies": [
            "module.eks.aws_eks_cluster.this",
            "module.eks.aws_iam_role.cluster",
            "module.eks.aws_iam_role_policy_attachment.cluster_policy",
            "module.existing_network.data.aws_vpc.service",
            "module.security.aws_security_group.eks_node",
            "module.service_nat_gateway.aws_eip.nat",
            "module.service_nat_gateway.aws_nat_gateway.this",
            "module.service_nat_gateway.aws_route.private_app_default_to_nat"
          ]
        }
      ]
    },
    {
      "mode": "managed",
      "type": "aws_eks_access_policy_association",
      "name": "donghee_admin",
      "provider": "provider[\"registry.terraform.io/hashicorp/aws\"]",
      "instances": [
        {
          "schema_version": 0,
          "attributes": {
            "access_scope": [
              {
                "namespaces": [],
                "type": "cluster"
              }
            ],
            "associated_at": "2026-06-05 01:02:53.242 +0000 UTC",
            "cluster_name": "ai-care-dev-eks",
            "id": "ai-care-dev-eks#arn:aws:iam::105959916837:user/donghee#arn:aws:eks::aws:cluster-access-policy/AmazonEKSClusterAdminPolicy",
            "modified_at": "2026-06-05 01:02:53.242 +0000 UTC",
            "policy_arn": "arn:aws:eks::aws:cluster-access-policy/AmazonEKSClusterAdminPolicy",
            "principal_arn": "arn:aws:iam::105959916837:user/donghee",
            "region": "ap-northeast-2",
            "timeouts": null
          },
          "sensitive_attributes": [],
          "identity_schema_version": 0,
          "identity": {
            "account_id": "105959916837",
            "cluster_name": "ai-care-dev-eks",
            "policy_arn": "arn:aws:eks::aws:cluster-access-policy/AmazonEKSClusterAdminPolicy",
            "principal_arn": "arn:aws:iam::105959916837:user/donghee",
            "region": "ap-northeast-2"
          },
          "private": "eyJlMmJmYjczMC1lY2FhLTExZTYtOGY4OC0zNDM2M2JjN2M0YzAiOnsiY3JlYXRlIjo2MDAwMDAwMDAwMDAsImRlbGV0ZSI6NjAwMDAwMDAwMDAwfX0=",
          "dependencies": [
            "module.eks.aws_eks_cluster.this",
            "module.eks.aws_iam_role.cluster",
            "module.eks.aws_iam_role_policy_attachment.cluster_policy",
            "module.existing_network.data.aws_vpc.service",
            "module.security.aws_security_group.eks_node",
            "module.service_nat_gateway.aws_eip.nat",
            "module.service_nat_gateway.aws_nat_gateway.this",
            "module.service_nat_gateway.aws_route.private_app_default_to_nat"
          ]
        }
      ]
    },
    {
      "mode": "managed",
      "type": "aws_eks_access_policy_association",
      "name": "hyeongwook_admin",
      "provider": "provider[\"registry.terraform.io/hashicorp/aws\"]",
      "instances": [
        {
          "schema_version": 0,
          "attributes": {
            "access_scope": [
              {
                "namespaces": [],
                "type": "cluster"
              }
            ],
            "associated_at": "2026-06-05 01:02:52.151 +0000 UTC",
            "cluster_name": "ai-care-dev-eks",
            "id": "ai-care-dev-eks#arn:aws:iam::105959916837:user/hyeongwook#arn:aws:eks::aws:cluster-access-policy/AmazonEKSClusterAdminPolicy",
            "modified_at": "2026-06-05 01:02:52.151 +0000 UTC",
            "policy_arn": "arn:aws:eks::aws:cluster-access-policy/AmazonEKSClusterAdminPolicy",
            "principal_arn": "arn:aws:iam::105959916837:user/hyeongwook",
            "region": "ap-northeast-2",
            "timeouts": null
          },
          "sensitive_attributes": [],
          "identity_schema_version": 0,
          "identity": {
            "account_id": "105959916837",
            "cluster_name": "ai-care-dev-eks",
            "policy_arn": "arn:aws:eks::aws:cluster-access-policy/AmazonEKSClusterAdminPolicy",
            "principal_arn": "arn:aws:iam::105959916837:user/hyeongwook",
            "region": "ap-northeast-2"
          },
          "private": "eyJlMmJmYjczMC1lY2FhLTExZTYtOGY4OC0zNDM2M2JjN2M0YzAiOnsiY3JlYXRlIjo2MDAwMDAwMDAwMDAsImRlbGV0ZSI6NjAwMDAwMDAwMDAwfX0=",
          "dependencies": [
            "module.eks.aws_eks_cluster.this",
            "module.eks.aws_iam_role.cluster",
            "module.eks.aws_iam_role_policy_attachment.cluster_policy",
            "module.existing_network.data.aws_vpc.service",
            "module.security.aws_security_group.eks_node",
            "module.service_nat_gateway.aws_eip.nat",
            "module.service_nat_gateway.aws_nat_gateway.this",
            "module.service_nat_gateway.aws_route.private_app_default_to_nat"
          ]
        }
      ]
    },
    {
      "mode": "managed",
      "type": "aws_eks_access_policy_association",
      "name": "jiwon_admin",
      "provider": "provider[\"registry.terraform.io/hashicorp/aws\"]",
      "instances": [
        {
          "schema_version": 0,
          "attributes": {
            "access_scope": [
              {
                "namespaces": [],
                "type": "cluster"
              }
            ],
            "associated_at": "2026-06-05 01:02:53.086 +0000 UTC",
            "cluster_name": "ai-care-dev-eks",
            "id": "ai-care-dev-eks#arn:aws:iam::105959916837:user/jiwon#arn:aws:eks::aws:cluster-access-policy/AmazonEKSClusterAdminPolicy",
            "modified_at": "2026-06-05 01:02:53.086 +0000 UTC",
            "policy_arn": "arn:aws:eks::aws:cluster-access-policy/AmazonEKSClusterAdminPolicy",
            "principal_arn": "arn:aws:iam::105959916837:user/jiwon",
            "region": "ap-northeast-2",
            "timeouts": null
          },
          "sensitive_attributes": [],
          "identity_schema_version": 0,
          "identity": {
            "account_id": "105959916837",
            "cluster_name": "ai-care-dev-eks",
            "policy_arn": "arn:aws:eks::aws:cluster-access-policy/AmazonEKSClusterAdminPolicy",
            "principal_arn": "arn:aws:iam::105959916837:user/jiwon",
            "region": "ap-northeast-2"
          },
          "private": "eyJlMmJmYjczMC1lY2FhLTExZTYtOGY4OC0zNDM2M2JjN2M0YzAiOnsiY3JlYXRlIjo2MDAwMDAwMDAwMDAsImRlbGV0ZSI6NjAwMDAwMDAwMDAwfX0=",
          "dependencies": [
            "module.eks.aws_eks_cluster.this",
            "module.eks.aws_iam_role.cluster",
            "module.eks.aws_iam_role_policy_attachment.cluster_policy",
            "module.existing_network.data.aws_vpc.service",
            "module.security.aws_security_group.eks_node",
            "module.service_nat_gateway.aws_eip.nat",
            "module.service_nat_gateway.aws_nat_gateway.this",
            "module.service_nat_gateway.aws_route.private_app_default_to_nat"
          ]
        }
      ]
    },
    {
      "mode": "managed",
      "type": "aws_eks_access_policy_association",
      "name": "jiyun_admin",
      "provider": "provider[\"registry.terraform.io/hashicorp/aws\"]",
      "instances": [
        {
          "schema_version": 0,
          "attributes": {
            "access_scope": [
              {
                "namespaces": [],
                "type": "cluster"
              }
            ],
            "associated_at": "2026-06-05 01:24:01.9 +0000 UTC",
            "cluster_name": "ai-care-dev-eks",
            "id": "ai-care-dev-eks#arn:aws:iam::105959916837:user/jiyun#arn:aws:eks::aws:cluster-access-policy/AmazonEKSClusterAdminPolicy",
            "modified_at": "2026-06-05 01:24:01.9 +0000 UTC",
            "policy_arn": "arn:aws:eks::aws:cluster-access-policy/AmazonEKSClusterAdminPolicy",
            "principal_arn": "arn:aws:iam::105959916837:user/jiyun",
            "region": "ap-northeast-2",
            "timeouts": null
          },
          "sensitive_attributes": [],
          "identity_schema_version": 0,
          "identity": {
            "account_id": "105959916837",
            "cluster_name": "ai-care-dev-eks",
            "policy_arn": "arn:aws:eks::aws:cluster-access-policy/AmazonEKSClusterAdminPolicy",
            "principal_arn": "arn:aws:iam::105959916837:user/jiyun",
            "region": "ap-northeast-2"
          },
          "private": "eyJlMmJmYjczMC1lY2FhLTExZTYtOGY4OC0zNDM2M2JjN2M0YzAiOnsiY3JlYXRlIjo2MDAwMDAwMDAwMDAsImRlbGV0ZSI6NjAwMDAwMDAwMDAwfX0=",
          "dependencies": [
            "module.eks.aws_eks_cluster.this",
            "module.eks.aws_iam_role.cluster",
            "module.eks.aws_iam_role_policy_attachment.cluster_policy",
            "module.existing_network.data.aws_vpc.service",
            "module.security.aws_security_group.eks_node",
            "module.service_nat_gateway.aws_eip.nat",
            "module.service_nat_gateway.aws_nat_gateway.this",
            "module.service_nat_gateway.aws_route.private_app_default_to_nat"
          ]
        }
      ]
    },
    {
      "mode": "managed",
      "type": "aws_vpc_security_group_ingress_rule",
      "name": "rds_from_bastion",
      "provider": "provider[\"registry.terraform.io/hashicorp/aws\"]",
      "instances": [
        {
          "schema_version": 0,
          "attributes": {
            "arn": "arn:aws:ec2:ap-northeast-2:105959916837:security-group-rule/sgr-01f9dadc1b4664464",
            "cidr_ipv4": null,
            "cidr_ipv6": null,
            "description": "PostgreSQL from Bastion",
            "from_port": 5432,
            "id": "sgr-01f9dadc1b4664464",
            "ip_protocol": "tcp",
            "prefix_list_id": null,
            "referenced_security_group_id": "sg-0d925bc2b220c1fab",
            "region": "ap-northeast-2",
            "security_group_id": "sg-0ebc0614c08964e7b",
            "security_group_rule_id": "sgr-01f9dadc1b4664464",
            "tags": {
              "Environment": "dev",
              "ManagedBy": "terraform",
              "Project": "ai-care",
              "Scope": "infra-only"
            },
            "tags_all": {
              "Environment": "dev",
              "ManagedBy": "terraform",
              "Project": "ai-care",
              "Scope": "infra-only"
            },
            "to_port": 5432
          },
          "sensitive_attributes": [],
          "identity_schema_version": 0,
          "identity": {
            "account_id": "105959916837",
            "id": "sgr-01f9dadc1b4664464",
            "region": "ap-northeast-2"
          },
          "dependencies": [
            "module.existing_network.data.aws_vpc.service",
            "module.security.aws_security_group.bastion",
            "module.security.aws_security_group.rds"
          ]
        }
      ]
    },
    {
      "mode": "managed",
      "type": "aws_vpc_security_group_ingress_rule",
      "name": "rds_from_eks_cluster",
      "provider": "provider[\"registry.terraform.io/hashicorp/aws\"]",
      "instances": [
        {
          "schema_version": 0,
          "attributes": {
            "arn": "arn:aws:ec2:ap-northeast-2:105959916837:security-group-rule/sgr-041f8e47be4feabad",
            "cidr_ipv4": null,
            "cidr_ipv6": null,
            "description": "PostgreSQL from EKS managed node group cluster security group.",
            "from_port": 5432,
            "id": "sgr-041f8e47be4feabad",
            "ip_protocol": "tcp",
            "prefix_list_id": null,
            "referenced_security_group_id": "sg-082f36168136b96f0",
            "region": "ap-northeast-2",
            "security_group_id": "sg-0ebc0614c08964e7b",
            "security_group_rule_id": "sgr-041f8e47be4feabad",
            "tags": {
              "Environment": "dev",
              "ManagedBy": "terraform",
              "Project": "ai-care",
              "Scope": "infra-only"
            },
            "tags_all": {
              "Environment": "dev",
              "ManagedBy": "terraform",
              "Project": "ai-care",
              "Scope": "infra-only"
            },
            "to_port": 5432
          },
          "sensitive_attributes": [],
          "identity_schema_version": 0,
          "identity": {
            "account_id": "105959916837",
            "id": "sgr-041f8e47be4feabad",
            "region": "ap-northeast-2"
          },
          "dependencies": [
            "module.eks.aws_eks_cluster.this",
            "module.eks.aws_iam_role.cluster",
            "module.eks.aws_iam_role_policy_attachment.cluster_policy",
            "module.existing_network.data.aws_vpc.service",
            "module.security.aws_security_group.eks_node",
            "module.security.aws_security_group.rds",
            "module.service_nat_gateway.aws_eip.nat",
            "module.service_nat_gateway.aws_nat_gateway.this",
            "module.service_nat_gateway.aws_route.private_app_default_to_nat"
          ]
        }
      ]
    },
    {
      "module": "module.app_services",
      "mode": "data",
      "type": "aws_caller_identity",
      "name": "current",
      "provider": "provider[\"registry.terraform.io/hashicorp/aws\"]",
      "instances": [
        {
          "schema_version": 0,
          "attributes": {
            "account_id": "105959916837",
            "arn": "arn:aws:iam::105959916837:user/jiyun",
            "id": "105959916837",
            "user_id": "AIDARRK5UAUS42DWQCGEI"
          },
          "sensitive_attributes": [],
          "identity_schema_version": 0
        }
      ]
    },
    {
      "module": "module.app_services",
      "mode": "data",
      "type": "aws_iam_policy_document",
      "name": "ai_processor",
      "provider": "provider[\"registry.terraform.io/hashicorp/aws\"]",
      "instances": [
        {
          "schema_version": 0,
          "attributes": {
            "id": "982723406",
            "json": "{\n  \"Version\": \"2012-10-17\",\n  \"Statement\": [\n    {\n      \"Sid\": \"ConsumeTriageQueueMetadataOnly\",\n      \"Effect\": \"Allow\",\n      \"Action\": [\n        \"sqs:ReceiveMessage\",\n        \"sqs:GetQueueAttributes\",\n        \"sqs:DeleteMessage\"\n      ],\n      \"Resource\": \"arn:aws:sqs:ap-northeast-2:105959916837:ai-care-dev-triage-queue\"\n    },\n    {\n      \"Sid\": \"ReportsObjectAccess\",\n      \"Effect\": \"Allow\",\n      \"Action\": [\n        \"s3:PutObject\",\n        \"s3:GetObject\"\n      ],\n      \"Resource\": \"arn:aws:s3:::ai-care-dev-reports-105959916837/reports/*\"\n    },\n    {\n      \"Sid\": \"BedrockInvoke\",\n      \"Effect\": \"Allow\",\n      \"Action\": [\n        \"bedrock:InvokeModelWithResponseStream\",\n        \"bedrock:InvokeModel\"\n      ],\n      \"Resource\": \"*\"\n    },\n    {\n      \"Sid\": \"CloudWatchLogsWrite\",\n      \"Effect\": \"Allow\",\n      \"Action\": [\n        \"logs:PutLogEvents\",\n        \"logs:DescribeLogStreams\",\n        \"logs:CreateLogStream\"\n      ],\n      \"Resource\": \"arn:aws:logs:ap-northeast-2:105959916837:log-group:/ai-care/dev/ai-processor:*\"\n    }\n  ]\n}",
            "minified_json": "{\"Version\":\"2012-10-17\",\"Statement\":[{\"Sid\":\"ConsumeTriageQueueMetadataOnly\",\"Effect\":\"Allow\",\"Action\":[\"sqs:ReceiveMessage\",\"sqs:GetQueueAttributes\",\"sqs:DeleteMessage\"],\"Resource\":\"arn:aws:sqs:ap-northeast-2:105959916837:ai-care-dev-triage-queue\"},{\"Sid\":\"ReportsObjectAccess\",\"Effect\":\"Allow\",\"Action\":[\"s3:PutObject\",\"s3:GetObject\"],\"Resource\":\"arn:aws:s3:::ai-care-dev-reports-105959916837/reports/*\"},{\"Sid\":\"BedrockInvoke\",\"Effect\":\"Allow\",\"Action\":[\"bedrock:InvokeModelWithResponseStream\",\"bedrock:InvokeModel\"],\"Resource\":\"*\"},{\"Sid\":\"CloudWatchLogsWrite\",\"Effect\":\"Allow\",\"Action\":[\"logs:PutLogEvents\",\"logs:DescribeLogStreams\",\"logs:CreateLogStream\"],\"Resource\":\"arn:aws:logs:ap-northeast-2:105959916837:log-group:/ai-care/dev/ai-processor:*\"}]}",
            "override_json": null,
            "override_policy_documents": null,
            "policy_id": null,
            "source_json": null,
            "source_policy_documents": null,
            "statement": [
              {
                "actions": [
                  "sqs:DeleteMessage",
                  "sqs:GetQueueAttributes",
                  "sqs:ReceiveMessage"
                ],
                "condition": [],
                "effect": "Allow",
                "not_actions": [],
                "not_principals": [],
                "not_resources": [],
                "principals": [],
                "resources": [
                  "arn:aws:sqs:ap-northeast-2:105959916837:ai-care-dev-triage-queue"
                ],
                "sid": "ConsumeTriageQueueMetadataOnly"
              },
              {
                "actions": [
                  "s3:GetObject",
                  "s3:PutObject"
                ],
                "condition": [],
                "effect": "Allow",
                "not_actions": [],
                "not_principals": [],
                "not_resources": [],
                "principals": [],
                "resources": [
                  "arn:aws:s3:::ai-care-dev-reports-105959916837/reports/*"
                ],
                "sid": "ReportsObjectAccess"
              },
              {
                "actions": [
                  "bedrock:InvokeModel",
                  "bedrock:InvokeModelWithResponseStream"
                ],
                "condition": [],
                "effect": "Allow",
                "not_actions": [],
                "not_principals": [],
                "not_resources": [],
                "principals": [],
                "resources": [
                  "*"
                ],
                "sid": "BedrockInvoke"
              },
              {
                "actions": [
                  "logs:CreateLogStream",
                  "logs:DescribeLogStreams",
                  "logs:PutLogEvents"
                ],
                "condition": [],
                "effect": "Allow",
                "not_actions": [],
                "not_principals": [],
                "not_resources": [],
                "principals": [],
                "resources": [
                  "arn:aws:logs:ap-northeast-2:105959916837:log-group:/ai-care/dev/ai-processor:*"
                ],
                "sid": "CloudWatchLogsWrite"
              }
            ],
            "version": "2012-10-17"
          },
          "sensitive_attributes": [],
          "identity_schema_version": 0
        }
      ]
    },
    {
      "module": "module.app_services",
      "mode": "data",
      "type": "aws_iam_policy_document",
      "name": "ai_processor_assume",
      "provider": "provider[\"registry.terraform.io/hashicorp/aws\"]",
      "instances": [
        {
          "schema_version": 0,
          "attributes": {
            "id": "2690255455",
            "json": "{\n  \"Version\": \"2012-10-17\",\n  \"Statement\": [\n    {\n      \"Effect\": \"Allow\",\n      \"Action\": \"sts:AssumeRole\",\n      \"Principal\": {\n        \"Service\": \"lambda.amazonaws.com\"\n      }\n    }\n  ]\n}",
            "minified_json": "{\"Version\":\"2012-10-17\",\"Statement\":[{\"Effect\":\"Allow\",\"Action\":\"sts:AssumeRole\",\"Principal\":{\"Service\":\"lambda.amazonaws.com\"}}]}",
            "override_json": null,
            "override_policy_documents": null,
            "policy_id": null,
            "source_json": null,
            "source_policy_documents": null,
            "statement": [
              {
                "actions": [
                  "sts:AssumeRole"
                ],
                "condition": [],
                "effect": "Allow",
                "not_actions": [],
                "not_principals": [],
                "not_resources": [],
                "principals": [
                  {
                    "identifiers": [
                      "lambda.amazonaws.com"
                    ],
                    "type": "Service"
                  }
                ],
                "resources": [],
                "sid": ""
              }
            ],
            "version": "2012-10-17"
          },
          "sensitive_attributes": [],
          "identity_schema_version": 0
        }
      ]
    },
    {
      "module": "module.app_services",
      "mode": "data",
      "type": "aws_iam_policy_document",
      "name": "backend",
      "provider": "provider[\"registry.terraform.io/hashicorp/aws\"]",
      "instances": [
        {
          "schema_version": 0,
          "attributes": {
            "id": "2079725155",
            "json": "{\n  \"Version\": \"2012-10-17\",\n  \"Statement\": [\n    {\n      \"Sid\": \"TriageQueueMetadataOnly\",\n      \"Effect\": \"Allow\",\n      \"Action\": [\n        \"sqs:SendMessage\",\n        \"sqs:GetQueueAttributes\"\n      ],\n      \"Resource\": \"arn:aws:sqs:ap-northeast-2:105959916837:ai-care-dev-triage-queue\"\n    },\n    {\n      \"Sid\": \"ReportsObjectAccess\",\n      \"Effect\": \"Allow\",\n      \"Action\": [\n        \"s3:PutObject\",\n        \"s3:GetObject\"\n      ],\n      \"Resource\": \"arn:aws:s3:::ai-care-dev-reports-105959916837/reports/*\"\n    },\n    {\n      \"Sid\": \"BedrockInvoke\",\n      \"Effect\": \"Allow\",\n      \"Action\": [\n        \"bedrock:InvokeModelWithResponseStream\",\n        \"bedrock:InvokeModel\"\n      ],\n      \"Resource\": \"*\"\n    },\n    {\n      \"Sid\": \"CloudWatchLogsWrite\",\n      \"Effect\": \"Allow\",\n      \"Action\": [\n        \"logs:PutLogEvents\",\n        \"logs:DescribeLogStreams\",\n        \"logs:CreateLogStream\"\n      ],\n      \"Resource\": \"arn:aws:logs:ap-northeast-2:105959916837:log-group:/ai-care/dev/backend:*\"\n    }\n  ]\n}",
            "minified_json": "{\"Version\":\"2012-10-17\",\"Statement\":[{\"Sid\":\"TriageQueueMetadataOnly\",\"Effect\":\"Allow\",\"Action\":[\"sqs:SendMessage\",\"sqs:GetQueueAttributes\"],\"Resource\":\"arn:aws:sqs:ap-northeast-2:105959916837:ai-care-dev-triage-queue\"},{\"Sid\":\"ReportsObjectAccess\",\"Effect\":\"Allow\",\"Action\":[\"s3:PutObject\",\"s3:GetObject\"],\"Resource\":\"arn:aws:s3:::ai-care-dev-reports-105959916837/reports/*\"},{\"Sid\":\"BedrockInvoke\",\"Effect\":\"Allow\",\"Action\":[\"bedrock:InvokeModelWithResponseStream\",\"bedrock:InvokeModel\"],\"Resource\":\"*\"},{\"Sid\":\"CloudWatchLogsWrite\",\"Effect\":\"Allow\",\"Action\":[\"logs:PutLogEvents\",\"logs:DescribeLogStreams\",\"logs:CreateLogStream\"],\"Resource\":\"arn:aws:logs:ap-northeast-2:105959916837:log-group:/ai-care/dev/backend:*\"}]}",
            "override_json": null,
            "override_policy_documents": null,
            "policy_id": null,
            "source_json": null,
            "source_policy_documents": null,
            "statement": [
              {
                "actions": [
                  "sqs:GetQueueAttributes",
                  "sqs:SendMessage"
                ],
                "condition": [],
                "effect": "Allow",
                "not_actions": [],
                "not_principals": [],
                "not_resources": [],
                "principals": [],
                "resources": [
                  "arn:aws:sqs:ap-northeast-2:105959916837:ai-care-dev-triage-queue"
                ],
                "sid": "TriageQueueMetadataOnly"
              },
              {
                "actions": [
                  "s3:GetObject",
                  "s3:PutObject"
                ],
                "condition": [],
                "effect": "Allow",
                "not_actions": [],
                "not_principals": [],
                "not_resources": [],
                "principals": [],
                "resources": [
                  "arn:aws:s3:::ai-care-dev-reports-105959916837/reports/*"
                ],
                "sid": "ReportsObjectAccess"
              },
              {
                "actions": [
                  "bedrock:InvokeModel",
                  "bedrock:InvokeModelWithResponseStream"
                ],
                "condition": [],
                "effect": "Allow",
                "not_actions": [],
                "not_principals": [],
                "not_resources": [],
                "principals": [],
                "resources": [
                  "*"
                ],
                "sid": "BedrockInvoke"
              },
              {
                "actions": [
                  "logs:CreateLogStream",
                  "logs:DescribeLogStreams",
                  "logs:PutLogEvents"
                ],
                "condition": [],
                "effect": "Allow",
                "not_actions": [],
                "not_principals": [],
                "not_resources": [],
                "principals": [],
                "resources": [
                  "arn:aws:logs:ap-northeast-2:105959916837:log-group:/ai-care/dev/backend:*"
                ],
                "sid": "CloudWatchLogsWrite"
              }
            ],
            "version": "2012-10-17"
          },
          "sensitive_attributes": [],
          "identity_schema_version": 0
        }
      ]
    },
    {
      "module": "module.app_services",
      "mode": "data",
      "type": "aws_iam_policy_document",
      "name": "backend_irsa_assume",
      "provider": "provider[\"registry.terraform.io/hashicorp/aws\"]",
      "instances": [
        {
          "schema_version": 0,
          "attributes": {
            "id": "549501667",
            "json": "{\n  \"Version\": \"2012-10-17\",\n  \"Statement\": [\n    {\n      \"Effect\": \"Allow\",\n      \"Action\": \"sts:AssumeRoleWithWebIdentity\",\n      \"Principal\": {\n        \"Federated\": \"arn:aws:iam::105959916837:oidc-provider/oidc.eks.ap-northeast-2.amazonaws.com/id/D5A98E05D6591813B7463EE13227E1F8\"\n      },\n      \"Condition\": {\n        \"StringEquals\": {\n          \"oidc.eks.ap-northeast-2.amazonaws.com/id/D5A98E05D6591813B7463EE13227E1F8:aud\": \"sts.amazonaws.com\",\n          \"oidc.eks.ap-northeast-2.amazonaws.com/id/D5A98E05D6591813B7463EE13227E1F8:sub\": \"system:serviceaccount:default:backend\"\n        }\n      }\n    }\n  ]\n}",
            "minified_json": "{\"Version\":\"2012-10-17\",\"Statement\":[{\"Effect\":\"Allow\",\"Action\":\"sts:AssumeRoleWithWebIdentity\",\"Principal\":{\"Federated\":\"arn:aws:iam::105959916837:oidc-provider/oidc.eks.ap-northeast-2.amazonaws.com/id/D5A98E05D6591813B7463EE13227E1F8\"},\"Condition\":{\"StringEquals\":{\"oidc.eks.ap-northeast-2.amazonaws.com/id/D5A98E05D6591813B7463EE13227E1F8:aud\":\"sts.amazonaws.com\",\"oidc.eks.ap-northeast-2.amazonaws.com/id/D5A98E05D6591813B7463EE13227E1F8:sub\":\"system:serviceaccount:default:backend\"}}}]}",
            "override_json": null,
            "override_policy_documents": null,
            "policy_id": null,
            "source_json": null,
            "source_policy_documents": null,
            "statement": [
              {
                "actions": [
                  "sts:AssumeRoleWithWebIdentity"
                ],
                "condition": [
                  {
                    "test": "StringEquals",
                    "values": [
                      "sts.amazonaws.com"
                    ],
                    "variable": "oidc.eks.ap-northeast-2.amazonaws.com/id/D5A98E05D6591813B7463EE13227E1F8:aud"
                  },
                  {
                    "test": "StringEquals",
                    "values": [
                      "system:serviceaccount:default:backend"
                    ],
                    "variable": "oidc.eks.ap-northeast-2.amazonaws.com/id/D5A98E05D6591813B7463EE13227E1F8:sub"
                  }
                ],
                "effect": "Allow",
                "not_actions": [],
                "not_principals": [],
                "not_resources": [],
                "principals": [
                  {
                    "identifiers": [
                      "arn:aws:iam::105959916837:oidc-provider/oidc.eks.ap-northeast-2.amazonaws.com/id/D5A98E05D6591813B7463EE13227E1F8"
                    ],
                    "type": "Federated"
                  }
                ],
                "resources": [],
                "sid": ""
              }
            ],
            "version": "2012-10-17"
          },
          "sensitive_attributes": [],
          "identity_schema_version": 0
        }
      ]
    },
    {
      "module": "module.app_services",
      "mode": "data",
      "type": "aws_iam_policy_document",
      "name": "reports_bucket",
      "provider": "provider[\"registry.terraform.io/hashicorp/aws\"]",
      "instances": [
        {
          "schema_version": 0,
          "attributes": {
            "id": "1761483818",
            "json": "{\n  \"Version\": \"2012-10-17\",\n  \"Statement\": [\n    {\n      \"Sid\": \"AllowCloudFrontOACReadReports\",\n      \"Effect\": \"Allow\",\n      \"Action\": \"s3:GetObject\",\n      \"Resource\": \"arn:aws:s3:::ai-care-dev-reports-105959916837/reports/*\",\n      \"Principal\": {\n        \"Service\": \"cloudfront.amazonaws.com\"\n      },\n      \"Condition\": {\n        \"StringEquals\": {\n          \"AWS:SourceArn\": \"arn:aws:cloudfront::105959916837:distribution/E1AG7PVK5H5FKE\"\n        }\n      }\n    }\n  ]\n}",
            "minified_json": "{\"Version\":\"2012-10-17\",\"Statement\":[{\"Sid\":\"AllowCloudFrontOACReadReports\",\"Effect\":\"Allow\",\"Action\":\"s3:GetObject\",\"Resource\":\"arn:aws:s3:::ai-care-dev-reports-105959916837/reports/*\",\"Principal\":{\"Service\":\"cloudfront.amazonaws.com\"},\"Condition\":{\"StringEquals\":{\"AWS:SourceArn\":\"arn:aws:cloudfront::105959916837:distribution/E1AG7PVK5H5FKE\"}}}]}",
            "override_json": null,
            "override_policy_documents": null,
            "policy_id": null,
            "source_json": null,
            "source_policy_documents": null,
            "statement": [
              {
                "actions": [
                  "s3:GetObject"
                ],
                "condition": [
                  {
                    "test": "StringEquals",
                    "values": [
                      "arn:aws:cloudfront::105959916837:distribution/E1AG7PVK5H5FKE"
                    ],
                    "variable": "AWS:SourceArn"
                  }
                ],
                "effect": "Allow",
                "not_actions": [],
                "not_principals": [],
                "not_resources": [],
                "principals": [
                  {
                    "identifiers": [
                      "cloudfront.amazonaws.com"
                    ],
                    "type": "Service"
                  }
                ],
                "resources": [
                  "arn:aws:s3:::ai-care-dev-reports-105959916837/reports/*"
                ],
                "sid": "AllowCloudFrontOACReadReports"
              }
            ],
            "version": "2012-10-17"
          },
          "sensitive_attributes": [],
          "identity_schema_version": 0
        }
      ]
    },
    {
      "module": "module.app_services",
      "mode": "data",
      "type": "aws_partition",
      "name": "current",
      "provider": "provider[\"registry.terraform.io/hashicorp/aws\"]",
      "instances": [
        {
          "schema_version": 0,
          "attributes": {
            "dns_suffix": "amazonaws.com",
            "id": "aws",
            "partition": "aws",
            "reverse_dns_prefix": "com.amazonaws"
          },
          "sensitive_attributes": [],
          "identity_schema_version": 0
        }
      ]
    },
    {
      "module": "module.app_services",
      "mode": "data",
      "type": "aws_region",
      "name": "current",
      "provider": "provider[\"registry.terraform.io/hashicorp/aws\"]",
      "instances": [
        {
          "schema_version": 0,
          "attributes": {
            "description": "Asia Pacific (Seoul)",
            "endpoint": "ec2.ap-northeast-2.amazonaws.com",
            "id": "ap-northeast-2",
            "name": "ap-northeast-2",
            "region": "ap-northeast-2"
          },
          "sensitive_attributes": [],
          "identity_schema_version": 0
        }
      ]
    },
    {
      "module": "module.app_services",
      "mode": "managed",
      "type": "aws_cloudfront_distribution",
      "name": "reports",
      "provider": "provider[\"registry.terraform.io/hashicorp/aws\"]",
      "instances": [
        {
          "schema_version": 1,
          "attributes": {
            "aliases": [],
            "anycast_ip_list_id": "",
            "arn": "arn:aws:cloudfront::105959916837:distribution/E1AG7PVK5H5FKE",
            "cache_tag_config": [],
            "caller_reference": "terraform-20260605010247997500000001",
            "comment": "ai-care-dev AI reports distribution",
            "connection_function_association": [],
            "continuous_deployment_policy_id": "",
            "custom_error_response": [],
            "default_cache_behavior": [
              {
                "allowed_methods": [
                  "GET",
                  "HEAD",
                  "OPTIONS"
                ],
                "cache_policy_id": "",
                "cached_methods": [
                  "GET",
                  "HEAD"
                ],
                "compress": true,
                "default_ttl": 300,
                "field_level_encryption_id": "",
                "forwarded_values": [
                  {
                    "cookies": [
                      {
                        "forward": "none",
                        "whitelisted_names": []
                      }
                    ],
                    "headers": [],
                    "query_string": false,
                    "query_string_cache_keys": []
                  }
                ],
                "function_association": [],
                "grpc_config": [
                  {
                    "enabled": false
                  }
                ],
                "lambda_function_association": [],
                "max_ttl": 3600,
                "min_ttl": 0,
                "origin_request_policy_id": "",
                "realtime_log_config_arn": "",
                "response_headers_policy_id": "",
                "smooth_streaming": false,
                "target_origin_id": "ai-care-dev-reports-origin",
                "trusted_key_groups": [],
                "trusted_signers": [],
                "viewer_protocol_policy": "redirect-to-https"
              }
            ],
            "default_root_object": "",
            "domain_name": "dqwvt7orsqj2y.cloudfront.net",
            "enabled": true,
            "etag": "E23ZP02F085DFQ",
            "hosted_zone_id": "Z2FDTNDATAQYW2",
            "http_version": "http2",
            "id": "E1AG7PVK5H5FKE",
            "in_progress_validation_batches": 0,
            "is_ipv6_enabled": true,
            "last_modified_time": "2026-06-05 01:02:49.134 +0000 UTC",
            "logging_config": [],
            "logging_v1_enabled": false,
            "ordered_cache_behavior": [],
            "origin": [
              {
                "connection_attempts": 3,
                "connection_timeout": 10,
                "custom_header": [],
                "custom_origin_config": [],
                "domain_name": "ai-care-dev-reports-105959916837.s3.ap-northeast-2.amazonaws.com",
                "origin_access_control_id": "E6WK1UF7ZQGKO",
                "origin_id": "ai-care-dev-reports-origin",
                "origin_path": "/reports",
                "origin_shield": [],
                "response_completion_timeout": 0,
                "s3_origin_config": [],
                "vpc_origin_config": []
              }
            ],
            "origin_group": [],
            "price_class": "PriceClass_200",
            "restrictions": [
              {
                "geo_restriction": [
                  {
                    "locations": [],
                    "restriction_type": "none"
                  }
                ]
              }
            ],
            "retain_on_delete": false,
            "staging": false,
            "status": "Deployed",
            "tags": {
              "Environment": "dev",
              "ManagedBy": "terraform",
              "Name": "ai-care-dev-reports-cdn",
              "Project": "ai-care",
              "Scope": "infra-only"
            },
            "tags_all": {
              "Environment": "dev",
              "ManagedBy": "terraform",
              "Name": "ai-care-dev-reports-cdn",
              "Project": "ai-care",
              "Scope": "infra-only"
            },
            "trusted_key_groups": [
              {
                "enabled": false,
                "items": []
              }
            ],
            "trusted_signers": [
              {
                "enabled": false,
                "items": []
              }
            ],
            "viewer_certificate": [
              {
                "acm_certificate_arn": "",
                "cloudfront_default_certificate": true,
                "iam_certificate_id": "",
                "minimum_protocol_version": "TLSv1",
                "ssl_support_method": ""
              }
            ],
            "viewer_mtls_config": [],
            "wait_for_deployment": true,
            "web_acl_id": ""
          },
          "sensitive_attributes": [],
          "identity_schema_version": 0,
          "identity": {
            "account_id": "105959916837",
            "id": "E1AG7PVK5H5FKE"
          },
          "private": "eyJzY2hlbWFfdmVyc2lvbiI6IjEifQ==",
          "dependencies": [
            "module.app_services.aws_cloudfront_origin_access_control.reports",
            "module.app_services.aws_s3_bucket.reports",
            "module.app_services.data.aws_caller_identity.current"
          ]
        }
      ]
    },
    {
      "module": "module.app_services",
      "mode": "managed",
      "type": "aws_cloudfront_origin_access_control",
      "name": "reports",
      "provider": "provider[\"registry.terraform.io/hashicorp/aws\"]",
      "instances": [
        {
          "schema_version": 0,
          "attributes": {
            "arn": "arn:aws:cloudfront::105959916837:origin-access-control/E6WK1UF7ZQGKO",
            "description": "OAC for AI reports S3 bucket.",
            "etag": "ETVPDKIKX0DER",
            "id": "E6WK1UF7ZQGKO",
            "name": "ai-care-dev-reports-oac",
            "origin_access_control_origin_type": "s3",
            "signing_behavior": "always",
            "signing_protocol": "sigv4"
          },
          "sensitive_attributes": [],
          "identity_schema_version": 0,
          "private": "bnVsbA=="
        }
      ]
    },
    {
      "module": "module.app_services",
      "mode": "managed",
      "type": "aws_cloudwatch_log_group",
      "name": "ai_processor",
      "provider": "provider[\"registry.terraform.io/hashicorp/aws\"]",
      "instances": [
        {
          "schema_version": 0,
          "attributes": {
            "arn": "arn:aws:logs:ap-northeast-2:105959916837:log-group:/ai-care/dev/ai-processor",
            "deletion_protection_enabled": false,
            "id": "/ai-care/dev/ai-processor",
            "kms_key_id": "",
            "log_group_class": "STANDARD",
            "name": "/ai-care/dev/ai-processor",
            "name_prefix": "",
            "region": "ap-northeast-2",
            "retention_in_days": 30,
            "skip_destroy": false,
            "tags": {
              "Environment": "dev",
              "ManagedBy": "terraform",
              "Name": "/ai-care/dev/ai-processor",
              "Project": "ai-care",
              "Scope": "infra-only"
            },
            "tags_all": {
              "Environment": "dev",
              "ManagedBy": "terraform",
              "Name": "/ai-care/dev/ai-processor",
              "Project": "ai-care",
              "Scope": "infra-only"
            }
          },
          "sensitive_attributes": [],
          "identity_schema_version": 0,
          "identity": {
            "account_id": "105959916837",
            "name": "/ai-care/dev/ai-processor",
            "region": "ap-northeast-2"
          },
          "private": "bnVsbA=="
        }
      ]
    },
    {
      "module": "module.app_services",
      "mode": "managed",
      "type": "aws_cloudwatch_log_group",
      "name": "backend",
      "provider": "provider[\"registry.terraform.io/hashicorp/aws\"]",
      "instances": [
        {
          "schema_version": 0,
          "attributes": {
            "arn": "arn:aws:logs:ap-northeast-2:105959916837:log-group:/ai-care/dev/backend",
            "deletion_protection_enabled": false,
            "id": "/ai-care/dev/backend",
            "kms_key_id": "",
            "log_group_class": "STANDARD",
            "name": "/ai-care/dev/backend",
            "name_prefix": "",
            "region": "ap-northeast-2",
            "retention_in_days": 30,
            "skip_destroy": false,
            "tags": {
              "Environment": "dev",
              "ManagedBy": "terraform",
              "Name": "/ai-care/dev/backend",
              "Project": "ai-care",
              "Scope": "infra-only"
            },
            "tags_all": {
              "Environment": "dev",
              "ManagedBy": "terraform",
              "Name": "/ai-care/dev/backend",
              "Project": "ai-care",
              "Scope": "infra-only"
            }
          },
          "sensitive_attributes": [],
          "identity_schema_version": 0,
          "identity": {
            "account_id": "105959916837",
            "name": "/ai-care/dev/backend",
            "region": "ap-northeast-2"
          },
          "private": "bnVsbA=="
        }
      ]
    },
    {
      "module": "module.app_services",
      "mode": "managed",
      "type": "aws_ecr_lifecycle_policy",
      "name": "app",
      "provider": "provider[\"registry.terraform.io/hashicorp/aws\"]",
      "instances": [
        {
          "index_key": "ai-triage-service",
          "schema_version": 0,
          "attributes": {
            "id": "ai-triage-service",
            "policy": "{\"rules\":[{\"action\":{\"type\":\"expire\"},\"description\":\"Keep the latest 20 images.\",\"rulePriority\":1,\"selection\":{\"countNumber\":20,\"countType\":\"imageCountMoreThan\",\"tagStatus\":\"any\"}}]}",
            "region": "ap-northeast-2",
            "registry_id": "105959916837",
            "repository": "ai-triage-service"
          },
          "sensitive_attributes": [],
          "identity_schema_version": 0,
          "identity": {
            "account_id": "105959916837",
            "region": "ap-northeast-2",
            "repository": "ai-triage-service"
          },
          "private": "bnVsbA==",
          "dependencies": [
            "module.app_services.aws_ecr_repository.app"
          ]
        },
        {
          "index_key": "auth-user-service",
          "schema_version": 0,
          "attributes": {
            "id": "auth-user-service",
            "policy": "{\"rules\":[{\"action\":{\"type\":\"expire\"},\"description\":\"Keep the latest 20 images.\",\"rulePriority\":1,\"selection\":{\"countNumber\":20,\"countType\":\"imageCountMoreThan\",\"tagStatus\":\"any\"}}]}",
            "region": "ap-northeast-2",
            "registry_id": "105959916837",
            "repository": "auth-user-service"
          },
          "sensitive_attributes": [],
          "identity_schema_version": 0,
          "identity": {
            "account_id": "105959916837",
            "region": "ap-northeast-2",
            "repository": "auth-user-service"
          },
          "private": "bnVsbA==",
          "dependencies": [
            "module.app_services.aws_ecr_repository.app"
          ]
        },
        {
          "index_key": "board-service",
          "schema_version": 0,
          "attributes": {
            "id": "board-service",
            "policy": "{\"rules\":[{\"action\":{\"type\":\"expire\"},\"description\":\"Keep the latest 20 images.\",\"rulePriority\":1,\"selection\":{\"countNumber\":20,\"countType\":\"imageCountMoreThan\",\"tagStatus\":\"any\"}}]}",
            "region": "ap-northeast-2",
            "registry_id": "105959916837",
            "repository": "board-service"
          },
          "sensitive_attributes": [],
          "identity_schema_version": 0,
          "identity": {
            "account_id": "105959916837",
            "region": "ap-northeast-2",
            "repository": "board-service"
          },
          "private": "bnVsbA==",
          "dependencies": [
            "module.app_services.aws_ecr_repository.app"
          ]
        },
        {
          "index_key": "frontend-service",
          "schema_version": 0,
          "attributes": {
            "id": "frontend-service",
            "policy": "{\"rules\":[{\"action\":{\"type\":\"expire\"},\"description\":\"Keep the latest 20 images.\",\"rulePriority\":1,\"selection\":{\"countNumber\":20,\"countType\":\"imageCountMoreThan\",\"tagStatus\":\"any\"}}]}",
            "region": "ap-northeast-2",
            "registry_id": "105959916837",
            "repository": "frontend-service"
          },
          "sensitive_attributes": [],
          "identity_schema_version": 0,
          "identity": {
            "account_id": "105959916837",
            "region": "ap-northeast-2",
            "repository": "frontend-service"
          },
          "private": "bnVsbA==",
          "dependencies": [
            "module.app_services.aws_ecr_repository.app"
          ]
        },
        {
          "index_key": "hospital-recommendation-service",
          "schema_version": 0,
          "attributes": {
            "id": "hospital-recommendation-service",
            "policy": "{\"rules\":[{\"action\":{\"type\":\"expire\"},\"description\":\"Keep the latest 20 images.\",\"rulePriority\":1,\"selection\":{\"countNumber\":20,\"countType\":\"imageCountMoreThan\",\"tagStatus\":\"any\"}}]}",
            "region": "ap-northeast-2",
            "registry_id": "105959916837",
            "repository": "hospital-recommendation-service"
          },
          "sensitive_attributes": [],
          "identity_schema_version": 0,
          "identity": {
            "account_id": "105959916837",
            "region": "ap-northeast-2",
            "repository": "hospital-recommendation-service"
          },
          "private": "bnVsbA==",
          "dependencies": [
            "module.app_services.aws_ecr_repository.app"
          ]
        },
        {
          "index_key": "onprem-sensitive-api",
          "schema_version": 0,
          "attributes": {
            "id": "onprem-sensitive-api",
            "policy": "{\"rules\":[{\"action\":{\"type\":\"expire\"},\"description\":\"Keep the latest 20 images.\",\"rulePriority\":1,\"selection\":{\"countNumber\":20,\"countType\":\"imageCountMoreThan\",\"tagStatus\":\"any\"}}]}",
            "region": "ap-northeast-2",
            "registry_id": "105959916837",
            "repository": "onprem-sensitive-api"
          },
          "sensitive_attributes": [],
          "identity_schema_version": 0,
          "identity": {
            "account_id": "105959916837",
            "region": "ap-northeast-2",
            "repository": "onprem-sensitive-api"
          },
          "private": "bnVsbA==",
          "dependencies": [
            "module.app_services.aws_ecr_repository.app"
          ]
        },
        {
          "index_key": "questionnaire-service",
          "schema_version": 0,
          "attributes": {
            "id": "questionnaire-service",
            "policy": "{\"rules\":[{\"action\":{\"type\":\"expire\"},\"description\":\"Keep the latest 20 images.\",\"rulePriority\":1,\"selection\":{\"countNumber\":20,\"countType\":\"imageCountMoreThan\",\"tagStatus\":\"any\"}}]}",
            "region": "ap-northeast-2",
            "registry_id": "105959916837",
            "repository": "questionnaire-service"
          },
          "sensitive_attributes": [],
          "identity_schema_version": 0,
          "identity": {
            "account_id": "105959916837",
            "region": "ap-northeast-2",
            "repository": "questionnaire-service"
          },
          "private": "bnVsbA==",
          "dependencies": [
            "module.app_services.aws_ecr_repository.app"
          ]
        }
      ]
    },
    {
      "module": "module.app_services",
      "mode": "managed",
      "type": "aws_ecr_repository",
      "name": "app",
      "provider": "provider[\"registry.terraform.io/hashicorp/aws\"]",
      "instances": [
        {
          "index_key": "ai-triage-service",
          "schema_version": 0,
          "attributes": {
            "arn": "arn:aws:ecr:ap-northeast-2:105959916837:repository/ai-triage-service",
            "encryption_configuration": [
              {
                "encryption_type": "AES256",
                "kms_key": ""
              }
            ],
            "force_delete": false,
            "id": "ai-triage-service",
            "image_scanning_configuration": [
              {
                "scan_on_push": true
              }
            ],
            "image_tag_mutability": "MUTABLE",
            "image_tag_mutability_exclusion_filter": [],
            "name": "ai-triage-service",
            "region": "ap-northeast-2",
            "registry_id": "105959916837",
            "repository_url": "105959916837.dkr.ecr.ap-northeast-2.amazonaws.com/ai-triage-service",
            "tags": {
              "Environment": "dev",
              "ManagedBy": "terraform",
              "Name": "ai-triage-service",
              "Project": "ai-care",
              "Scope": "infra-only"
            },
            "tags_all": {
              "Environment": "dev",
              "ManagedBy": "terraform",
              "Name": "ai-triage-service",
              "Project": "ai-care",
              "Scope": "infra-only"
            },
            "timeouts": null
          },
          "sensitive_attributes": [],
          "identity_schema_version": 0,
          "identity": {
            "account_id": "105959916837",
            "name": "ai-triage-service",
            "region": "ap-northeast-2"
          },
          "private": "eyJlMmJmYjczMC1lY2FhLTExZTYtOGY4OC0zNDM2M2JjN2M0YzAiOnsiZGVsZXRlIjoxMjAwMDAwMDAwMDAwfX0="
        },
        {
          "index_key": "auth-user-service",
          "schema_version": 0,
          "attributes": {
            "arn": "arn:aws:ecr:ap-northeast-2:105959916837:repository/auth-user-service",
            "encryption_configuration": [
              {
                "encryption_type": "AES256",
                "kms_key": ""
              }
            ],
            "force_delete": false,
            "id": "auth-user-service",
            "image_scanning_configuration": [
              {
                "scan_on_push": true
              }
            ],
            "image_tag_mutability": "MUTABLE",
            "image_tag_mutability_exclusion_filter": [],
            "name": "auth-user-service",
            "region": "ap-northeast-2",
            "registry_id": "105959916837",
            "repository_url": "105959916837.dkr.ecr.ap-northeast-2.amazonaws.com/auth-user-service",
            "tags": {
              "Environment": "dev",
              "ManagedBy": "terraform",
              "Name": "auth-user-service",
              "Project": "ai-care",
              "Scope": "infra-only"
            },
            "tags_all": {
              "Environment": "dev",
              "ManagedBy": "terraform",
              "Name": "auth-user-service",
              "Project": "ai-care",
              "Scope": "infra-only"
            },
            "timeouts": null
          },
          "sensitive_attributes": [],
          "identity_schema_version": 0,
          "identity": {
            "account_id": "105959916837",
            "name": "auth-user-service",
            "region": "ap-northeast-2"
          },
          "private": "eyJlMmJmYjczMC1lY2FhLTExZTYtOGY4OC0zNDM2M2JjN2M0YzAiOnsiZGVsZXRlIjoxMjAwMDAwMDAwMDAwfX0="
        },
        {
          "index_key": "board-service",
          "schema_version": 0,
          "attributes": {
            "arn": "arn:aws:ecr:ap-northeast-2:105959916837:repository/board-service",
            "encryption_configuration": [
              {
                "encryption_type": "AES256",
                "kms_key": ""
              }
            ],
            "force_delete": false,
            "id": "board-service",
            "image_scanning_configuration": [
              {
                "scan_on_push": true
              }
            ],
            "image_tag_mutability": "MUTABLE",
            "image_tag_mutability_exclusion_filter": [],
            "name": "board-service",
            "region": "ap-northeast-2",
            "registry_id": "105959916837",
            "repository_url": "105959916837.dkr.ecr.ap-northeast-2.amazonaws.com/board-service",
            "tags": {
              "Environment": "dev",
              "ManagedBy": "terraform",
              "Name": "board-service",
              "Project": "ai-care",
              "Scope": "infra-only"
            },
            "tags_all": {
              "Environment": "dev",
              "ManagedBy": "terraform",
              "Name": "board-service",
              "Project": "ai-care",
              "Scope": "infra-only"
            },
            "timeouts": null
          },
          "sensitive_attributes": [],
          "identity_schema_version": 0,
          "identity": {
            "account_id": "105959916837",
            "name": "board-service",
            "region": "ap-northeast-2"
          },
          "private": "eyJlMmJmYjczMC1lY2FhLTExZTYtOGY4OC0zNDM2M2JjN2M0YzAiOnsiZGVsZXRlIjoxMjAwMDAwMDAwMDAwfX0="
        },
        {
          "index_key": "frontend-service",
          "schema_version": 0,
          "attributes": {
            "arn": "arn:aws:ecr:ap-northeast-2:105959916837:repository/frontend-service",
            "encryption_configuration": [
              {
                "encryption_type": "AES256",
                "kms_key": ""
              }
            ],
            "force_delete": false,
            "id": "frontend-service",
            "image_scanning_configuration": [
              {
                "scan_on_push": true
              }
            ],
            "image_tag_mutability": "MUTABLE",
            "image_tag_mutability_exclusion_filter": [],
            "name": "frontend-service",
            "region": "ap-northeast-2",
            "registry_id": "105959916837",
            "repository_url": "105959916837.dkr.ecr.ap-northeast-2.amazonaws.com/frontend-service",
            "tags": {
              "Environment": "dev",
              "ManagedBy": "terraform",
              "Name": "frontend-service",
              "Project": "ai-care",
              "Scope": "infra-only"
            },
            "tags_all": {
              "Environment": "dev",
              "ManagedBy": "terraform",
              "Name": "frontend-service",
              "Project": "ai-care",
              "Scope": "infra-only"
            },
            "timeouts": null
          },
          "sensitive_attributes": [],
          "identity_schema_version": 0,
          "identity": {
            "account_id": "105959916837",
            "name": "frontend-service",
            "region": "ap-northeast-2"
          },
          "private": "eyJlMmJmYjczMC1lY2FhLTExZTYtOGY4OC0zNDM2M2JjN2M0YzAiOnsiZGVsZXRlIjoxMjAwMDAwMDAwMDAwfX0="
        },
        {
          "index_key": "hospital-recommendation-service",
          "schema_version": 0,
          "attributes": {
            "arn": "arn:aws:ecr:ap-northeast-2:105959916837:repository/hospital-recommendation-service",
            "encryption_configuration": [
              {
                "encryption_type": "AES256",
                "kms_key": ""
              }
            ],
            "force_delete": false,
            "id": "hospital-recommendation-service",
            "image_scanning_configuration": [
              {
                "scan_on_push": true
              }
            ],
            "image_tag_mutability": "MUTABLE",
            "image_tag_mutability_exclusion_filter": [],
            "name": "hospital-recommendation-service",
            "region": "ap-northeast-2",
            "registry_id": "105959916837",
            "repository_url": "105959916837.dkr.ecr.ap-northeast-2.amazonaws.com/hospital-recommendation-service",
            "tags": {
              "Environment": "dev",
              "ManagedBy": "terraform",
              "Name": "hospital-recommendation-service",
              "Project": "ai-care",
              "Scope": "infra-only"
            },
            "tags_all": {
              "Environment": "dev",
              "ManagedBy": "terraform",
              "Name": "hospital-recommendation-service",
              "Project": "ai-care",
              "Scope": "infra-only"
            },
            "timeouts": null
          },
          "sensitive_attributes": [],
          "identity_schema_version": 0,
          "identity": {
            "account_id": "105959916837",
            "name": "hospital-recommendation-service",
            "region": "ap-northeast-2"
          },
          "private": "eyJlMmJmYjczMC1lY2FhLTExZTYtOGY4OC0zNDM2M2JjN2M0YzAiOnsiZGVsZXRlIjoxMjAwMDAwMDAwMDAwfX0="
        },
        {
          "index_key": "onprem-sensitive-api",
          "schema_version": 0,
          "attributes": {
            "arn": "arn:aws:ecr:ap-northeast-2:105959916837:repository/onprem-sensitive-api",
            "encryption_configuration": [
              {
                "encryption_type": "AES256",
                "kms_key": ""
              }
            ],
            "force_delete": false,
            "id": "onprem-sensitive-api",
            "image_scanning_configuration": [
              {
                "scan_on_push": true
              }
            ],
            "image_tag_mutability": "MUTABLE",
            "image_tag_mutability_exclusion_filter": [],
            "name": "onprem-sensitive-api",
            "region": "ap-northeast-2",
            "registry_id": "105959916837",
            "repository_url": "105959916837.dkr.ecr.ap-northeast-2.amazonaws.com/onprem-sensitive-api",
            "tags": {
              "Environment": "dev",
              "ManagedBy": "terraform",
              "Name": "onprem-sensitive-api",
              "Project": "ai-care",
              "Scope": "infra-only"
            },
            "tags_all": {
              "Environment": "dev",
              "ManagedBy": "terraform",
              "Name": "onprem-sensitive-api",
              "Project": "ai-care",
              "Scope": "infra-only"
            },
            "timeouts": null
          },
          "sensitive_attributes": [],
          "identity_schema_version": 0,
          "identity": {
            "account_id": "105959916837",
            "name": "onprem-sensitive-api",
            "region": "ap-northeast-2"
          },
          "private": "eyJlMmJmYjczMC1lY2FhLTExZTYtOGY4OC0zNDM2M2JjN2M0YzAiOnsiZGVsZXRlIjoxMjAwMDAwMDAwMDAwfX0="
        },
        {
          "index_key": "questionnaire-service",
          "schema_version": 0,
          "attributes": {
            "arn": "arn:aws:ecr:ap-northeast-2:105959916837:repository/questionnaire-service",
            "encryption_configuration": [
              {
                "encryption_type": "AES256",
                "kms_key": ""
              }
            ],
            "force_delete": false,
            "id": "questionnaire-service",
            "image_scanning_configuration": [
              {
                "scan_on_push": true
              }
            ],
            "image_tag_mutability": "MUTABLE",
            "image_tag_mutability_exclusion_filter": [],
            "name": "questionnaire-service",
            "region": "ap-northeast-2",
            "registry_id": "105959916837",
            "repository_url": "105959916837.dkr.ecr.ap-northeast-2.amazonaws.com/questionnaire-service",
            "tags": {
              "Environment": "dev",
              "ManagedBy": "terraform",
              "Name": "questionnaire-service",
              "Project": "ai-care",
              "Scope": "infra-only"
            },
            "tags_all": {
              "Environment": "dev",
              "ManagedBy": "terraform",
              "Name": "questionnaire-service",
              "Project": "ai-care",
              "Scope": "infra-only"
            },
            "timeouts": null
          },
          "sensitive_attributes": [],
          "identity_schema_version": 0,
          "identity": {
            "account_id": "105959916837",
            "name": "questionnaire-service",
            "region": "ap-northeast-2"
          },
          "private": "eyJlMmJmYjczMC1lY2FhLTExZTYtOGY4OC0zNDM2M2JjN2M0YzAiOnsiZGVsZXRlIjoxMjAwMDAwMDAwMDAwfX0="
        }
      ]
    },
    {
      "module": "module.app_services",
      "mode": "managed",
      "type": "aws_iam_policy",
      "name": "ai_processor",
      "provider": "provider[\"registry.terraform.io/hashicorp/aws\"]",
      "instances": [
        {
          "schema_version": 0,
          "attributes": {
            "arn": "arn:aws:iam::105959916837:policy/ai-care-dev-ai-processor-placeholder-policy",
            "attachment_count": 1,
            "delay_after_policy_creation_in_ms": null,
            "description": "Placeholder AI processor policy. No Lambda function is created in infra-only mode.",
            "id": "arn:aws:iam::105959916837:policy/ai-care-dev-ai-processor-placeholder-policy",
            "name": "ai-care-dev-ai-processor-placeholder-policy",
            "name_prefix": "",
            "path": "/",
            "policy": "{\"Statement\":[{\"Action\":[\"sqs:ReceiveMessage\",\"sqs:GetQueueAttributes\",\"sqs:DeleteMessage\"],\"Effect\":\"Allow\",\"Resource\":\"arn:aws:sqs:ap-northeast-2:105959916837:ai-care-dev-triage-queue\",\"Sid\":\"ConsumeTriageQueueMetadataOnly\"},{\"Action\":[\"s3:PutObject\",\"s3:GetObject\"],\"Effect\":\"Allow\",\"Resource\":\"arn:aws:s3:::ai-care-dev-reports-105959916837/reports/*\",\"Sid\":\"ReportsObjectAccess\"},{\"Action\":[\"bedrock:InvokeModelWithResponseStream\",\"bedrock:InvokeModel\"],\"Effect\":\"Allow\",\"Resource\":\"*\",\"Sid\":\"BedrockInvoke\"},{\"Action\":[\"logs:PutLogEvents\",\"logs:DescribeLogStreams\",\"logs:CreateLogStream\"],\"Effect\":\"Allow\",\"Resource\":\"arn:aws:logs:ap-northeast-2:105959916837:log-group:/ai-care/dev/ai-processor:*\",\"Sid\":\"CloudWatchLogsWrite\"}],\"Version\":\"2012-10-17\"}",
            "policy_id": "ANPARRK5UAUS3LXPZTKOR",
            "tags": {
              "Environment": "dev",
              "ManagedBy": "terraform",
              "Name": "ai-care-dev-ai-processor-placeholder-policy",
              "Project": "ai-care",
              "Scope": "infra-only"
            },
            "tags_all": {
              "Environment": "dev",
              "ManagedBy": "terraform",
              "Name": "ai-care-dev-ai-processor-placeholder-policy",
              "Project": "ai-care",
              "Scope": "infra-only"
            }
          },
          "sensitive_attributes": [],
          "identity_schema_version": 0,
          "identity": {
            "arn": "arn:aws:iam::105959916837:policy/ai-care-dev-ai-processor-placeholder-policy"
          },
          "private": "bnVsbA==",
          "dependencies": [
            "module.app_services.aws_cloudwatch_log_group.ai_processor",
            "module.app_services.aws_s3_bucket.reports",
            "module.app_services.aws_sqs_queue.triage",
            "module.app_services.aws_sqs_queue.triage_dlq",
            "module.app_services.data.aws_caller_identity.current",
            "module.app_services.data.aws_iam_policy_document.ai_processor"
          ]
        }
      ]
    },
    {
      "module": "module.app_services",
      "mode": "managed",
      "type": "aws_iam_policy",
      "name": "backend",
      "provider": "provider[\"registry.terraform.io/hashicorp/aws\"]",
      "instances": [
        {
          "schema_version": 0,
          "attributes": {
            "arn": "arn:aws:iam::105959916837:policy/ai-care-dev-backend-policy",
            "attachment_count": 1,
            "delay_after_policy_creation_in_ms": null,
            "description": "Backend IRSA policy for infra-only resources.",
            "id": "arn:aws:iam::105959916837:policy/ai-care-dev-backend-policy",
            "name": "ai-care-dev-backend-policy",
            "name_prefix": "",
            "path": "/",
            "policy": "{\"Statement\":[{\"Action\":[\"sqs:SendMessage\",\"sqs:GetQueueAttributes\"],\"Effect\":\"Allow\",\"Resource\":\"arn:aws:sqs:ap-northeast-2:105959916837:ai-care-dev-triage-queue\",\"Sid\":\"TriageQueueMetadataOnly\"},{\"Action\":[\"s3:PutObject\",\"s3:GetObject\"],\"Effect\":\"Allow\",\"Resource\":\"arn:aws:s3:::ai-care-dev-reports-105959916837/reports/*\",\"Sid\":\"ReportsObjectAccess\"},{\"Action\":[\"bedrock:InvokeModelWithResponseStream\",\"bedrock:InvokeModel\"],\"Effect\":\"Allow\",\"Resource\":\"*\",\"Sid\":\"BedrockInvoke\"},{\"Action\":[\"logs:PutLogEvents\",\"logs:DescribeLogStreams\",\"logs:CreateLogStream\"],\"Effect\":\"Allow\",\"Resource\":\"arn:aws:logs:ap-northeast-2:105959916837:log-group:/ai-care/dev/backend:*\",\"Sid\":\"CloudWatchLogsWrite\"}],\"Version\":\"2012-10-17\"}",
            "policy_id": "ANPARRK5UAUSV4EYVARRM",
            "tags": {
              "Environment": "dev",
              "ManagedBy": "terraform",
              "Name": "ai-care-dev-backend-policy",
              "Project": "ai-care",
              "Scope": "infra-only"
            },
            "tags_all": {
              "Environment": "dev",
              "ManagedBy": "terraform",
              "Name": "ai-care-dev-backend-policy",
              "Project": "ai-care",
              "Scope": "infra-only"
            }
          },
          "sensitive_attributes": [],
          "identity_schema_version": 0,
          "identity": {
            "arn": "arn:aws:iam::105959916837:policy/ai-care-dev-backend-policy"
          },
          "private": "bnVsbA==",
          "dependencies": [
            "module.app_services.aws_cloudwatch_log_group.backend",
            "module.app_services.aws_s3_bucket.reports",
            "module.app_services.aws_sqs_queue.triage",
            "module.app_services.aws_sqs_queue.triage_dlq",
            "module.app_services.data.aws_caller_identity.current",
            "module.app_services.data.aws_iam_policy_document.backend"
          ]
        }
      ]
    },
    {
      "module": "module.app_services",
      "mode": "managed",
      "type": "aws_iam_role",
      "name": "ai_processor",
      "provider": "provider[\"registry.terraform.io/hashicorp/aws\"]",
      "instances": [
        {
          "schema_version": 0,
          "attributes": {
            "arn": "arn:aws:iam::105959916837:role/ai-care-dev-ai-processor-placeholder-role",
            "assume_role_policy": "{\"Statement\":[{\"Action\":\"sts:AssumeRole\",\"Effect\":\"Allow\",\"Principal\":{\"Service\":\"lambda.amazonaws.com\"}}],\"Version\":\"2012-10-17\"}",
            "create_date": "2026-06-05T01:02:48Z",
            "description": "",
            "force_detach_policies": false,
            "id": "ai-care-dev-ai-processor-placeholder-role",
            "inline_policy": [],
            "managed_policy_arns": [
              "arn:aws:iam::105959916837:policy/ai-care-dev-ai-processor-placeholder-policy"
            ],
            "max_session_duration": 3600,
            "name": "ai-care-dev-ai-processor-placeholder-role",
            "name_prefix": "",
            "path": "/",
            "permissions_boundary": "",
            "tags": {
              "Environment": "dev",
              "ManagedBy": "terraform",
              "Name": "ai-care-dev-ai-processor-placeholder-role",
              "Project": "ai-care",
              "Scope": "infra-only"
            },
            "tags_all": {
              "Environment": "dev",
              "ManagedBy": "terraform",
              "Name": "ai-care-dev-ai-processor-placeholder-role",
              "Project": "ai-care",
              "Scope": "infra-only"
            },
            "unique_id": "AROARRK5UAUS4SWBYXP5B"
          },
          "sensitive_attributes": [],
          "identity_schema_version": 0,
          "identity": {
            "account_id": "105959916837",
            "name": "ai-care-dev-ai-processor-placeholder-role"
          },
          "private": "bnVsbA==",
          "dependencies": [
            "module.app_services.data.aws_iam_policy_document.ai_processor_assume"
          ]
        }
      ]
    },
    {
      "module": "module.app_services",
      "mode": "managed",
      "type": "aws_iam_role",
      "name": "backend_irsa",
      "provider": "provider[\"registry.terraform.io/hashicorp/aws\"]",
      "instances": [
        {
          "schema_version": 0,
          "attributes": {
            "arn": "arn:aws:iam::105959916837:role/ai-care-dev-backend-irsa-role",
            "assume_role_policy": "{\"Statement\":[{\"Action\":\"sts:AssumeRoleWithWebIdentity\",\"Condition\":{\"StringEquals\":{\"oidc.eks.ap-northeast-2.amazonaws.com/id/D5A98E05D6591813B7463EE13227E1F8:aud\":\"sts.amazonaws.com\",\"oidc.eks.ap-northeast-2.amazonaws.com/id/D5A98E05D6591813B7463EE13227E1F8:sub\":\"system:serviceaccount:default:backend\"}},\"Effect\":\"Allow\",\"Principal\":{\"Federated\":\"arn:aws:iam::105959916837:oidc-provider/oidc.eks.ap-northeast-2.amazonaws.com/id/D5A98E05D6591813B7463EE13227E1F8\"}}],\"Version\":\"2012-10-17\"}",
            "create_date": "2026-06-05T01:02:53Z",
            "description": "",
            "force_detach_policies": false,
            "id": "ai-care-dev-backend-irsa-role",
            "inline_policy": [],
            "managed_policy_arns": [
              "arn:aws:iam::105959916837:policy/ai-care-dev-backend-policy"
            ],
            "max_session_duration": 3600,
            "name": "ai-care-dev-backend-irsa-role",
            "name_prefix": "",
            "path": "/",
            "permissions_boundary": "",
            "tags": {
              "Environment": "dev",
              "ManagedBy": "terraform",
              "Name": "ai-care-dev-backend-irsa-role",
              "Project": "ai-care",
              "Scope": "infra-only"
            },
            "tags_all": {
              "Environment": "dev",
              "ManagedBy": "terraform",
              "Name": "ai-care-dev-backend-irsa-role",
              "Project": "ai-care",
              "Scope": "infra-only"
            },
            "unique_id": "AROARRK5UAUSRM35FM5FJ"
          },
          "sensitive_attributes": [],
          "identity_schema_version": 0,
          "identity": {
            "account_id": "105959916837",
            "name": "ai-care-dev-backend-irsa-role"
          },
          "private": "bnVsbA==",
          "dependencies": [
            "module.app_services.data.aws_iam_policy_document.backend_irsa_assume",
            "module.eks.aws_eks_cluster.this",
            "module.eks.aws_iam_openid_connect_provider.eks",
            "module.eks.aws_iam_role.cluster",
            "module.eks.aws_iam_role_policy_attachment.cluster_policy",
            "module.eks.data.tls_certificate.oidc",
            "module.existing_network.data.aws_vpc.service",
            "module.security.aws_security_group.eks_node",
            "module.service_nat_gateway.aws_eip.nat",
            "module.service_nat_gateway.aws_nat_gateway.this",
            "module.service_nat_gateway.aws_route.private_app_default_to_nat"
          ]
        }
      ]
    },
    {
      "module": "module.app_services",
      "mode": "managed",
      "type": "aws_iam_role_policy_attachment",
      "name": "ai_processor",
      "provider": "provider[\"registry.terraform.io/hashicorp/aws\"]",
      "instances": [
        {
          "schema_version": 0,
          "attributes": {
            "id": "ai-care-dev-ai-processor-placeholder-role/arn:aws:iam::105959916837:policy/ai-care-dev-ai-processor-placeholder-policy",
            "policy_arn": "arn:aws:iam::105959916837:policy/ai-care-dev-ai-processor-placeholder-policy",
            "role": "ai-care-dev-ai-processor-placeholder-role"
          },
          "sensitive_attributes": [],
          "identity_schema_version": 0,
          "identity": {
            "account_id": "105959916837",
            "policy_arn": "arn:aws:iam::105959916837:policy/ai-care-dev-ai-processor-placeholder-policy",
            "role": "ai-care-dev-ai-processor-placeholder-role"
          },
          "private": "bnVsbA==",
          "dependencies": [
            "module.app_services.aws_cloudwatch_log_group.ai_processor",
            "module.app_services.aws_iam_policy.ai_processor",
            "module.app_services.aws_iam_role.ai_processor",
            "module.app_services.aws_s3_bucket.reports",
            "module.app_services.aws_sqs_queue.triage",
            "module.app_services.aws_sqs_queue.triage_dlq",
            "module.app_services.data.aws_caller_identity.current",
            "module.app_services.data.aws_iam_policy_document.ai_processor",
            "module.app_services.data.aws_iam_policy_document.ai_processor_assume"
          ]
        }
      ]
    },
    {
      "module": "module.app_services",
      "mode": "managed",
      "type": "aws_iam_role_policy_attachment",
      "name": "backend",
      "provider": "provider[\"registry.terraform.io/hashicorp/aws\"]",
      "instances": [
        {
          "schema_version": 0,
          "attributes": {
            "id": "ai-care-dev-backend-irsa-role/arn:aws:iam::105959916837:policy/ai-care-dev-backend-policy",
            "policy_arn": "arn:aws:iam::105959916837:policy/ai-care-dev-backend-policy",
            "role": "ai-care-dev-backend-irsa-role"
          },
          "sensitive_attributes": [],
          "identity_schema_version": 0,
          "identity": {
            "account_id": "105959916837",
            "policy_arn": "arn:aws:iam::105959916837:policy/ai-care-dev-backend-policy",
            "role": "ai-care-dev-backend-irsa-role"
          },
          "private": "bnVsbA==",
          "dependencies": [
            "module.app_services.aws_cloudwatch_log_group.backend",
            "module.app_services.aws_iam_policy.backend",
            "module.app_services.aws_iam_role.backend_irsa",
            "module.app_services.aws_s3_bucket.reports",
            "module.app_services.aws_sqs_queue.triage",
            "module.app_services.aws_sqs_queue.triage_dlq",
            "module.app_services.data.aws_caller_identity.current",
            "module.app_services.data.aws_iam_policy_document.backend",
            "module.app_services.data.aws_iam_policy_document.backend_irsa_assume",
            "module.eks.aws_eks_cluster.this",
            "module.eks.aws_iam_openid_connect_provider.eks",
            "module.eks.aws_iam_role.cluster",
            "module.eks.aws_iam_role_policy_attachment.cluster_policy",
            "module.eks.data.tls_certificate.oidc",
            "module.existing_network.data.aws_vpc.service",
            "module.security.aws_security_group.eks_node",
            "module.service_nat_gateway.aws_eip.nat",
            "module.service_nat_gateway.aws_nat_gateway.this",
            "module.service_nat_gateway.aws_route.private_app_default_to_nat"
          ]
        }
      ]
    },
    {
      "module": "module.app_services",
      "mode": "managed",
      "type": "aws_s3_bucket",
      "name": "reports",
      "provider": "provider[\"registry.terraform.io/hashicorp/aws\"]",
      "instances": [
        {
          "schema_version": 0,
          "attributes": {
            "acceleration_status": "",
            "acl": null,
            "arn": "arn:aws:s3:::ai-care-dev-reports-105959916837",
            "bucket": "ai-care-dev-reports-105959916837",
            "bucket_domain_name": "ai-care-dev-reports-105959916837.s3.amazonaws.com",
            "bucket_namespace": "global",
            "bucket_prefix": "",
            "bucket_region": "ap-northeast-2",
            "bucket_regional_domain_name": "ai-care-dev-reports-105959916837.s3.ap-northeast-2.amazonaws.com",
            "cors_rule": [],
            "force_destroy": false,
            "grant": [
              {
                "id": "b239be9104587e7a5a4bc8659424a2138a7855e8d2cdc0667ead2d5739e8672f",
                "permissions": [
                  "FULL_CONTROL"
                ],
                "type": "CanonicalUser",
                "uri": ""
              }
            ],
            "hosted_zone_id": "Z3W03O7B5YMIYP",
            "id": "ai-care-dev-reports-105959916837",
            "lifecycle_rule": [],
            "logging": [],
            "object_lock_configuration": [],
            "object_lock_enabled": false,
            "policy": "{\"Statement\":[{\"Action\":\"s3:GetObject\",\"Condition\":{\"StringEquals\":{\"AWS:SourceArn\":\"arn:aws:cloudfront::105959916837:distribution/E1AG7PVK5H5FKE\"}},\"Effect\":\"Allow\",\"Principal\":{\"Service\":\"cloudfront.amazonaws.com\"},\"Resource\":\"arn:aws:s3:::ai-care-dev-reports-105959916837/reports/*\",\"Sid\":\"AllowCloudFrontOACReadReports\"}],\"Version\":\"2012-10-17\"}",
            "region": "ap-northeast-2",
            "replication_configuration": [],
            "request_payer": "BucketOwner",
            "server_side_encryption_configuration": [
              {
                "rule": [
                  {
                    "apply_server_side_encryption_by_default": [
                      {
                        "kms_master_key_id": "",
                        "sse_algorithm": "AES256"
                      }
                    ],
                    "bucket_key_enabled": false
                  }
                ]
              }
            ],
            "tags": {
              "Environment": "dev",
              "ManagedBy": "terraform",
              "Name": "ai-care-dev-reports-105959916837",
              "Project": "ai-care",
              "Scope": "infra-only"
            },
            "tags_all": {
              "Environment": "dev",
              "ManagedBy": "terraform",
              "Name": "ai-care-dev-reports-105959916837",
              "Project": "ai-care",
              "Scope": "infra-only"
            },
            "timeouts": null,
            "versioning": [
              {
                "enabled": true,
                "mfa_delete": false
              }
            ],
            "website": [],
            "website_domain": null,
            "website_endpoint": null
          },
          "sensitive_attributes": [],
          "identity_schema_version": 0,
          "identity": {
            "account_id": "105959916837",
            "bucket": "ai-care-dev-reports-105959916837",
            "region": "ap-northeast-2"
          },
          "private": "eyJlMmJmYjczMC1lY2FhLTExZTYtOGY4OC0zNDM2M2JjN2M0YzAiOnsiY3JlYXRlIjoxMjAwMDAwMDAwMDAwLCJkZWxldGUiOjM2MDAwMDAwMDAwMDAsInJlYWQiOjEyMDAwMDAwMDAwMDAsInVwZGF0ZSI6MTIwMDAwMDAwMDAwMH19",
          "dependencies": [
            "module.app_services.data.aws_caller_identity.current"
          ]
        }
      ]
    },
    {
      "module": "module.app_services",
      "mode": "managed",
      "type": "aws_s3_bucket_ownership_controls",
      "name": "reports",
      "provider": "provider[\"registry.terraform.io/hashicorp/aws\"]",
      "instances": [
        {
          "schema_version": 0,
          "attributes": {
            "bucket": "ai-care-dev-reports-105959916837",
            "id": "ai-care-dev-reports-105959916837",
            "region": "ap-northeast-2",
            "rule": [
              {
                "object_ownership": "BucketOwnerEnforced"
              }
            ]
          },
          "sensitive_attributes": [],
          "identity_schema_version": 0,
          "identity": {
            "account_id": "105959916837",
            "bucket": "ai-care-dev-reports-105959916837",
            "region": "ap-northeast-2"
          },
          "private": "bnVsbA==",
          "dependencies": [
            "module.app_services.aws_s3_bucket.reports",
            "module.app_services.data.aws_caller_identity.current"
          ]
        }
      ]
    },
    {
      "module": "module.app_services",
      "mode": "managed",
      "type": "aws_s3_bucket_policy",
      "name": "reports",
      "provider": "provider[\"registry.terraform.io/hashicorp/aws\"]",
      "instances": [
        {
          "schema_version": 0,
          "attributes": {
            "bucket": "ai-care-dev-reports-105959916837",
            "id": "ai-care-dev-reports-105959916837",
            "policy": "{\"Statement\":[{\"Action\":\"s3:GetObject\",\"Condition\":{\"StringEquals\":{\"AWS:SourceArn\":\"arn:aws:cloudfront::105959916837:distribution/E1AG7PVK5H5FKE\"}},\"Effect\":\"Allow\",\"Principal\":{\"Service\":\"cloudfront.amazonaws.com\"},\"Resource\":\"arn:aws:s3:::ai-care-dev-reports-105959916837/reports/*\",\"Sid\":\"AllowCloudFrontOACReadReports\"}],\"Version\":\"2012-10-17\"}",
            "region": "ap-northeast-2"
          },
          "sensitive_attributes": [],
          "identity_schema_version": 0,
          "identity": {
            "account_id": "105959916837",
            "bucket": "ai-care-dev-reports-105959916837",
            "region": "ap-northeast-2"
          },
          "private": "bnVsbA==",
          "dependencies": [
            "module.app_services.aws_cloudfront_distribution.reports",
            "module.app_services.aws_cloudfront_origin_access_control.reports",
            "module.app_services.aws_s3_bucket.reports",
            "module.app_services.aws_s3_bucket_public_access_block.reports",
            "module.app_services.data.aws_caller_identity.current",
            "module.app_services.data.aws_iam_policy_document.reports_bucket"
          ]
        }
      ]
    },
    {
      "module": "module.app_services",
      "mode": "managed",
      "type": "aws_s3_bucket_public_access_block",
      "name": "reports",
      "provider": "provider[\"registry.terraform.io/hashicorp/aws\"]",
      "instances": [
        {
          "schema_version": 0,
          "attributes": {
            "block_public_acls": true,
            "block_public_policy": true,
            "bucket": "ai-care-dev-reports-105959916837",
            "id": "ai-care-dev-reports-105959916837",
            "ignore_public_acls": true,
            "region": "ap-northeast-2",
            "restrict_public_buckets": true,
            "skip_destroy": null
          },
          "sensitive_attributes": [],
          "identity_schema_version": 0,
          "identity": {
            "account_id": "105959916837",
            "bucket": "ai-care-dev-reports-105959916837",
            "region": "ap-northeast-2"
          },
          "private": "bnVsbA==",
          "dependencies": [
            "module.app_services.aws_s3_bucket.reports",
            "module.app_services.data.aws_caller_identity.current"
          ]
        }
      ]
    },
    {
      "module": "module.app_services",
      "mode": "managed",
      "type": "aws_s3_bucket_server_side_encryption_configuration",
      "name": "reports",
      "provider": "provider[\"registry.terraform.io/hashicorp/aws\"]",
      "instances": [
        {
          "schema_version": 0,
          "attributes": {
            "bucket": "ai-care-dev-reports-105959916837",
            "expected_bucket_owner": "",
            "id": "ai-care-dev-reports-105959916837",
            "region": "ap-northeast-2",
            "rule": [
              {
                "apply_server_side_encryption_by_default": [
                  {
                    "kms_master_key_id": "",
                    "sse_algorithm": "AES256"
                  }
                ],
                "blocked_encryption_types": [
                  "SSE-C"
                ],
                "bucket_key_enabled": false
              }
            ]
          },
          "sensitive_attributes": [],
          "identity_schema_version": 1,
          "identity": {
            "account_id": "105959916837",
            "bucket": "ai-care-dev-reports-105959916837",
            "region": "ap-northeast-2"
          },
          "private": "bnVsbA==",
          "dependencies": [
            "module.app_services.aws_s3_bucket.reports",
            "module.app_services.data.aws_caller_identity.current"
          ]
        }
      ]
    },
    {
      "module": "module.app_services",
      "mode": "managed",
      "type": "aws_s3_bucket_versioning",
      "name": "reports",
      "provider": "provider[\"registry.terraform.io/hashicorp/aws\"]",
      "instances": [
        {
          "schema_version": 0,
          "attributes": {
            "bucket": "ai-care-dev-reports-105959916837",
            "expected_bucket_owner": "",
            "id": "ai-care-dev-reports-105959916837",
            "mfa": null,
            "region": "ap-northeast-2",
            "versioning_configuration": [
              {
                "mfa_delete": "Disabled",
                "status": "Enabled"
              }
            ]
          },
          "sensitive_attributes": [],
          "identity_schema_version": 1,
          "identity": {
            "account_id": "105959916837",
            "bucket": "ai-care-dev-reports-105959916837",
            "region": "ap-northeast-2"
          },
          "private": "bnVsbA==",
          "dependencies": [
            "module.app_services.aws_s3_bucket.reports",
            "module.app_services.data.aws_caller_identity.current"
          ]
        }
      ]
    },
    {
      "module": "module.app_services",
      "mode": "managed",
      "type": "aws_sqs_queue",
      "name": "triage",
      "provider": "provider[\"registry.terraform.io/hashicorp/aws\"]",
      "instances": [
        {
          "schema_version": 0,
          "attributes": {
            "arn": "arn:aws:sqs:ap-northeast-2:105959916837:ai-care-dev-triage-queue",
            "content_based_deduplication": false,
            "deduplication_scope": "",
            "delay_seconds": 0,
            "fifo_queue": false,
            "fifo_throughput_limit": "",
            "id": "https://sqs.ap-northeast-2.amazonaws.com/105959916837/ai-care-dev-triage-queue",
            "kms_data_key_reuse_period_seconds": 300,
            "kms_master_key_id": "",
            "max_message_size": 262144,
            "message_retention_seconds": 345600,
            "name": "ai-care-dev-triage-queue",
            "name_prefix": "",
            "policy": "",
            "receive_wait_time_seconds": 0,
            "redrive_allow_policy": "",
            "redrive_policy": "{\"deadLetterTargetArn\":\"arn:aws:sqs:ap-northeast-2:105959916837:ai-care-dev-triage-dlq\",\"maxReceiveCount\":5}",
            "region": "ap-northeast-2",
            "sqs_managed_sse_enabled": true,
            "tags": {
              "Environment": "dev",
              "ManagedBy": "terraform",
              "Name": "ai-care-dev-triage-queue",
              "Project": "ai-care",
              "Scope": "infra-only"
            },
            "tags_all": {
              "Environment": "dev",
              "ManagedBy": "terraform",
              "Name": "ai-care-dev-triage-queue",
              "Project": "ai-care",
              "Scope": "infra-only"
            },
            "timeouts": null,
            "url": "https://sqs.ap-northeast-2.amazonaws.com/105959916837/ai-care-dev-triage-queue",
            "visibility_timeout_seconds": 60
          },
          "sensitive_attributes": [],
          "identity_schema_version": 1,
          "identity": {
            "url": "https://sqs.ap-northeast-2.amazonaws.com/105959916837/ai-care-dev-triage-queue"
          },
          "private": "eyJlMmJmYjczMC1lY2FhLTExZTYtOGY4OC0zNDM2M2JjN2M0YzAiOnsiY3JlYXRlIjoxODAwMDAwMDAwMDAsImRlbGV0ZSI6MTgwMDAwMDAwMDAwLCJ1cGRhdGUiOjE4MDAwMDAwMDAwMH19",
          "dependencies": [
            "module.app_services.aws_sqs_queue.triage_dlq"
          ]
        }
      ]
    },
    {
      "module": "module.app_services",
      "mode": "managed",
      "type": "aws_sqs_queue",
      "name": "triage_dlq",
      "provider": "provider[\"registry.terraform.io/hashicorp/aws\"]",
      "instances": [
        {
          "schema_version": 0,
          "attributes": {
            "arn": "arn:aws:sqs:ap-northeast-2:105959916837:ai-care-dev-triage-dlq",
            "content_based_deduplication": false,
            "deduplication_scope": "",
            "delay_seconds": 0,
            "fifo_queue": false,
            "fifo_throughput_limit": "",
            "id": "https://sqs.ap-northeast-2.amazonaws.com/105959916837/ai-care-dev-triage-dlq",
            "kms_data_key_reuse_period_seconds": 300,
            "kms_master_key_id": "",
            "max_message_size": 262144,
            "message_retention_seconds": 1209600,
            "name": "ai-care-dev-triage-dlq",
            "name_prefix": "",
            "policy": "",
            "receive_wait_time_seconds": 0,
            "redrive_allow_policy": "",
            "redrive_policy": "",
            "region": "ap-northeast-2",
            "sqs_managed_sse_enabled": true,
            "tags": {
              "Environment": "dev",
              "ManagedBy": "terraform",
              "Name": "ai-care-dev-triage-dlq",
              "Project": "ai-care",
              "Scope": "infra-only"
            },
            "tags_all": {
              "Environment": "dev",
              "ManagedBy": "terraform",
              "Name": "ai-care-dev-triage-dlq",
              "Project": "ai-care",
              "Scope": "infra-only"
            },
            "timeouts": null,
            "url": "https://sqs.ap-northeast-2.amazonaws.com/105959916837/ai-care-dev-triage-dlq",
            "visibility_timeout_seconds": 30
          },
          "sensitive_attributes": [],
          "identity_schema_version": 1,
          "identity": {
            "url": "https://sqs.ap-northeast-2.amazonaws.com/105959916837/ai-care-dev-triage-dlq"
          },
          "private": "eyJlMmJmYjczMC1lY2FhLTExZTYtOGY4OC0zNDM2M2JjN2M0YzAiOnsiY3JlYXRlIjoxODAwMDAwMDAwMDAsImRlbGV0ZSI6MTgwMDAwMDAwMDAwLCJ1cGRhdGUiOjE4MDAwMDAwMDAwMH19"
        }
      ]
    },
    {
      "module": "module.bastion",
      "mode": "data",
      "type": "aws_ami",
      "name": "amazon_linux",
      "provider": "provider[\"registry.terraform.io/hashicorp/aws\"]",
      "instances": [
        {
          "schema_version": 0,
          "attributes": {
            "allow_unsafe_filter": null,
            "architecture": "x86_64",
            "arn": "arn:aws:ec2:ap-northeast-2::image/ami-087ce34a65d431c91",
            "block_device_mappings": [
              {
                "device_name": "/dev/xvda",
                "ebs": {
                  "delete_on_termination": "true",
                  "encrypted": "false",
                  "iops": "3000",
                  "snapshot_id": "snap-032b457c7545a581d",
                  "throughput": "125",
                  "volume_initialization_rate": "0",
                  "volume_size": "30",
                  "volume_type": "gp3"
                },
                "no_device": "",
                "virtual_name": ""
              }
            ],
            "boot_mode": "uefi-preferred",
            "creation_date": "2026-05-27T23:55:09.000Z",
            "deprecation_time": "2028-05-27T23:55:09.000Z",
            "description": "Amazon Linux AMI 2023.0.20260527 x86_64 ECS HVM EBS",
            "ena_support": true,
            "executable_users": null,
            "filter": [
              {
                "name": "name",
                "values": [
                  "al2023-ami-*-x86_64"
                ]
              }
            ],
            "hypervisor": "xen",
            "id": "ami-087ce34a65d431c91",
            "image_id": "ami-087ce34a65d431c91",
            "image_location": "amazon/al2023-ami-ecs-neuron-hvm-2023.0.20260527-kernel-6.1-x86_64",
            "image_owner_alias": "amazon",
            "image_type": "machine",
            "imds_support": "v2.0",
            "include_deprecated": false,
            "kernel_id": "",
            "last_launched_time": "",
            "most_recent": true,
            "name": "al2023-ami-ecs-neuron-hvm-2023.0.20260527-kernel-6.1-x86_64",
            "name_regex": null,
            "owner_id": "591542846629",
            "owners": [
              "amazon"
            ],
            "platform": "",
            "platform_details": "Linux/UNIX",
            "product_codes": [],
            "public": true,
            "ramdisk_id": "",
            "region": "ap-northeast-2",
            "root_device_name": "/dev/xvda",
            "root_device_type": "ebs",
            "root_snapshot_id": "snap-032b457c7545a581d",
            "sriov_net_support": "simple",
            "state": "available",
            "state_reason": {
              "code": "UNSET",
              "message": "UNSET"
            },
            "tags": {},
            "timeouts": null,
            "tpm_support": "",
            "uefi_data": null,
            "usage_operation": "RunInstances",
            "virtualization_type": "hvm"
          },
          "sensitive_attributes": [],
          "identity_schema_version": 0
        }
      ]
    },
    {
      "module": "module.bastion",
      "mode": "managed",
      "type": "aws_iam_instance_profile",
      "name": "bastion_ssm_profile",
      "provider": "provider[\"registry.terraform.io/hashicorp/aws\"]",
      "instances": [
        {
          "schema_version": 0,
          "attributes": {
            "arn": "arn:aws:iam::105959916837:instance-profile/ai-care-dev-bastion-ssm-profile",
            "create_date": "2026-06-05T01:02:50Z",
            "id": "ai-care-dev-bastion-ssm-profile",
            "name": "ai-care-dev-bastion-ssm-profile",
            "name_prefix": "",
            "path": "/",
            "role": "ai-care-dev-bastion-ssm-role",
            "tags": {},
            "tags_all": {
              "Environment": "dev",
              "ManagedBy": "terraform",
              "Project": "ai-care",
              "Scope": "infra-only"
            },
            "unique_id": "AIPARRK5UAUSTJ2YWXRG5"
          },
          "sensitive_attributes": [],
          "identity_schema_version": 0,
          "identity": {
            "account_id": "105959916837",
            "name": "ai-care-dev-bastion-ssm-profile"
          },
          "private": "bnVsbA==",
          "dependencies": [
            "module.bastion.aws_iam_role.bastion_ssm_role"
          ]
        }
      ]
    },
    {
      "module": "module.bastion",
      "mode": "managed",
      "type": "aws_iam_role",
      "name": "bastion_ssm_role",
      "provider": "provider[\"registry.terraform.io/hashicorp/aws\"]",
      "instances": [
        {
          "schema_version": 0,
          "attributes": {
            "arn": "arn:aws:iam::105959916837:role/ai-care-dev-bastion-ssm-role",
            "assume_role_policy": "{\"Statement\":[{\"Action\":\"sts:AssumeRole\",\"Effect\":\"Allow\",\"Principal\":{\"Service\":\"ec2.amazonaws.com\"}}],\"Version\":\"2012-10-17\"}",
            "create_date": "2026-06-05T01:02:48Z",
            "description": "",
            "force_detach_policies": false,
            "id": "ai-care-dev-bastion-ssm-role",
            "inline_policy": [],
            "managed_policy_arns": [
              "arn:aws:iam::aws:policy/AmazonSSMManagedInstanceCore"
            ],
            "max_session_duration": 3600,
            "name": "ai-care-dev-bastion-ssm-role",
            "name_prefix": "",
            "path": "/",
            "permissions_boundary": "",
            "tags": {},
            "tags_all": {
              "Environment": "dev",
              "ManagedBy": "terraform",
              "Project": "ai-care",
              "Scope": "infra-only"
            },
            "unique_id": "AROARRK5UAUS4DYLWBMAT"
          },
          "sensitive_attributes": [],
          "identity_schema_version": 0,
          "identity": {
            "account_id": "105959916837",
            "name": "ai-care-dev-bastion-ssm-role"
          },
          "private": "bnVsbA=="
        }
      ]
    },
    {
      "module": "module.bastion",
      "mode": "managed",
      "type": "aws_iam_role_policy_attachment",
      "name": "bastion_ssm_core",
      "provider": "provider[\"registry.terraform.io/hashicorp/aws\"]",
      "instances": [
        {
          "schema_version": 0,
          "attributes": {
            "id": "ai-care-dev-bastion-ssm-role/arn:aws:iam::aws:policy/AmazonSSMManagedInstanceCore",
            "policy_arn": "arn:aws:iam::aws:policy/AmazonSSMManagedInstanceCore",
            "role": "ai-care-dev-bastion-ssm-role"
          },
          "sensitive_attributes": [],
          "identity_schema_version": 0,
          "identity": {
            "account_id": "105959916837",
            "policy_arn": "arn:aws:iam::aws:policy/AmazonSSMManagedInstanceCore",
            "role": "ai-care-dev-bastion-ssm-role"
          },
          "private": "bnVsbA==",
          "dependencies": [
            "module.bastion.aws_iam_role.bastion_ssm_role"
          ]
        }
      ]
    },
    {
      "module": "module.bastion",
      "mode": "managed",
      "type": "aws_instance",
      "name": "bastion",
      "provider": "provider[\"registry.terraform.io/hashicorp/aws\"]",
      "instances": [
        {
          "schema_version": 2,
          "attributes": {
            "ami": "ami-087ce34a65d431c91",
            "arn": "arn:aws:ec2:ap-northeast-2:105959916837:instance/i-0d90f6b85d9c700ea",
            "associate_public_ip_address": true,
            "availability_zone": "ap-northeast-2a",
            "capacity_reservation_specification": [
              {
                "capacity_reservation_preference": "open",
                "capacity_reservation_target": []
              }
            ],
            "cpu_options": [
              {
                "amd_sev_snp": "",
                "core_count": 1,
                "nested_virtualization": "",
                "threads_per_core": 2
              }
            ],
            "credit_specification": [
              {
                "cpu_credits": "unlimited"
              }
            ],
            "disable_api_stop": false,
            "disable_api_termination": false,
            "ebs_block_device": [],
            "ebs_optimized": false,
            "enable_primary_ipv6": null,
            "enclave_options": [
              {
                "enabled": false
              }
            ],
            "ephemeral_block_device": [],
            "force_destroy": false,
            "get_password_data": false,
            "hibernation": false,
            "host_id": "",
            "host_resource_group_arn": null,
            "iam_instance_profile": "ai-care-dev-bastion-ssm-profile",
            "id": "i-0d90f6b85d9c700ea",
            "instance_initiated_shutdown_behavior": "stop",
            "instance_lifecycle": "",
            "instance_market_options": [],
            "instance_state": "running",
            "instance_type": "t3.micro",
            "ipv6_address_count": 0,
            "ipv6_addresses": [],
            "key_name": "ai-care-bastion-key",
            "launch_template": [],
            "maintenance_options": [
              {
                "auto_recovery": "default"
              }
            ],
            "metadata_options": [
              {
                "http_endpoint": "enabled",
                "http_protocol_ipv6": "disabled",
                "http_put_response_hop_limit": 2,
                "http_tokens": "required",
                "instance_metadata_tags": "disabled"
              }
            ],
            "monitoring": false,
            "network_interface": [],
            "outpost_arn": "",
            "password_data": "",
            "placement_group": "",
            "placement_group_id": "",
            "placement_partition_number": 0,
            "primary_network_interface": [
              {
                "delete_on_termination": true,
                "network_interface_id": "eni-0c977615c91cae898"
              }
            ],
            "primary_network_interface_id": "eni-0c977615c91cae898",
            "private_dns": "ip-10-0-1-132.ap-northeast-2.compute.internal",
            "private_dns_name_options": [
              {
                "enable_resource_name_dns_a_record": false,
                "enable_resource_name_dns_aaaa_record": false,
                "hostname_type": "ip-name"
              }
            ],
            "private_ip": "10.0.1.132",
            "public_dns": "ec2-43-200-7-184.ap-northeast-2.compute.amazonaws.com",
            "public_ip": "43.200.7.184",
            "region": "ap-northeast-2",
            "root_block_device": [
              {
                "delete_on_termination": true,
                "device_name": "/dev/xvda",
                "encrypted": false,
                "iops": 3000,
                "kms_key_id": "",
                "tags": {
                  "Environment": "dev",
                  "ManagedBy": "terraform",
                  "Project": "ai-care",
                  "Scope": "infra-only"
                },
                "tags_all": {
                  "Environment": "dev",
                  "ManagedBy": "terraform",
                  "Project": "ai-care",
                  "Scope": "infra-only"
                },
                "throughput": 125,
                "volume_id": "vol-024cf122379ff00e2",
                "volume_size": 30,
                "volume_type": "gp3"
              }
            ],
            "secondary_network_interface": [],
            "secondary_private_ips": [],
            "security_groups": [],
            "source_dest_check": true,
            "spot_instance_request_id": "",
            "subnet_id": "subnet-0e4f74a9b41db30cd",
            "tags": {
              "Environment": "dev",
              "ManagedBy": "terraform",
              "Name": "ai-care-dev-bastion",
              "Project": "ai-care",
              "Scope": "infra-only"
            },
            "tags_all": {
              "Environment": "dev",
              "ManagedBy": "terraform",
              "Name": "ai-care-dev-bastion",
              "Project": "ai-care",
              "Scope": "infra-only"
            },
            "tenancy": "default",
            "timeouts": null,
            "user_data": null,
            "user_data_base64": null,
            "user_data_replace_on_change": false,
            "volume_tags": null,
            "vpc_security_group_ids": [
              "sg-0d925bc2b220c1fab"
            ]
          },
          "sensitive_attributes": [],
          "identity_schema_version": 0,
          "identity": {
            "account_id": "105959916837",
            "id": "i-0d90f6b85d9c700ea",
            "region": "ap-northeast-2"
          },
          "private": "eyJlMmJmYjczMC1lY2FhLTExZTYtOGY4OC0zNDM2M2JjN2M0YzAiOnsiY3JlYXRlIjo2MDAwMDAwMDAwMDAsImRlbGV0ZSI6MTIwMDAwMDAwMDAwMCwicmVhZCI6OTAwMDAwMDAwMDAwLCJ1cGRhdGUiOjYwMDAwMDAwMDAwMH0sInNjaGVtYV92ZXJzaW9uIjoiMiJ9",
          "dependencies": [
            "module.bastion.aws_iam_instance_profile.bastion_ssm_profile",
            "module.bastion.aws_iam_role.bastion_ssm_role",
            "module.bastion.data.aws_ami.amazon_linux",
            "module.existing_network.data.aws_vpc.service",
            "module.security.aws_security_group.bastion"
          ]
        }
      ]
    },
    {
      "module": "module.eks",
      "mode": "data",
      "type": "aws_region",
      "name": "current",
      "provider": "provider[\"registry.terraform.io/hashicorp/aws\"]",
      "instances": [
        {
          "schema_version": 0,
          "attributes": {
            "description": "Asia Pacific (Seoul)",
            "endpoint": "ec2.ap-northeast-2.amazonaws.com",
            "id": "ap-northeast-2",
            "name": "ap-northeast-2",
            "region": "ap-northeast-2"
          },
          "sensitive_attributes": [],
          "identity_schema_version": 0
        }
      ]
    },
    {
      "module": "module.eks",
      "mode": "data",
      "type": "tls_certificate",
      "name": "oidc",
      "provider": "provider[\"registry.terraform.io/hashicorp/tls\"]",
      "instances": [
        {
          "schema_version": 0,
          "attributes": {
            "certificates": [
              {
                "cert_pem": "-----BEGIN CERTIFICATE-----\nMIIEkjCCA3qgAwIBAgITBn+USionzfP6wq4rAfkI7rnExjANBgkqhkiG9w0BAQsF\nADCBmDELMAkGA1UEBhMCVVMxEDAOBgNVBAgTB0FyaXpvbmExEzARBgNVBAcTClNj\nb3R0c2RhbGUxJTAjBgNVBAoTHFN0YXJmaWVsZCBUZWNobm9sb2dpZXMsIEluYy4x\nOzA5BgNVBAMTMlN0YXJmaWVsZCBTZXJ2aWNlcyBSb290IENlcnRpZmljYXRlIEF1\ndGhvcml0eSAtIEcyMB4XDTE1MDUyNTEyMDAwMFoXDTM3MTIzMTAxMDAwMFowOTEL\nMAkGA1UEBhMCVVMxDzANBgNVBAoTBkFtYXpvbjEZMBcGA1UEAxMQQW1hem9uIFJv\nb3QgQ0EgMTCCASIwDQYJKoZIhvcNAQEBBQADggEPADCCAQoCggEBALJ4gHHKeNXj\nca9HgFB0fW7Y14h29Jlo91ghYPl0hAEvrAIthtOgQ3pOsqTQNroBvo3bSMgHFzZM\n9O6II8c+6zf1tRn4SWiw3te5djgdYZ6k/oI2peVKVuRF4fn9tBb6dNqcmzU5L/qw\nIFAGbHrQgLKm+a/sRxmPUDgH3KKHOVj4utWp+UhnMJbulHheb4mjUcAwhmahRWa6\nVOujw5H5SNz/0egwLX0tdHA114gk957EWW67c4cX8jJGKLhD+rcdqsq08p8kDi1L\n93FcXmn/6pUCyziKrlA4b9v7LWIbxcceVOF34GfID5yHI9Y/QCB/IIDEgEw+OyQm\njgSubJrIqg0CAwEAAaOCATEwggEtMA8GA1UdEwEB/wQFMAMBAf8wDgYDVR0PAQH/\nBAQDAgGGMB0GA1UdDgQWBBSEGMyFNOy8DJSULghZnMeyEE4KCDAfBgNVHSMEGDAW\ngBScXwDfqgHXMCs4iKK4bUqc8hGRgzB4BggrBgEFBQcBAQRsMGowLgYIKwYBBQUH\nMAGGImh0dHA6Ly9vY3NwLnJvb3RnMi5hbWF6b250cnVzdC5jb20wOAYIKwYBBQUH\nMAKGLGh0dHA6Ly9jcnQucm9vdGcyLmFtYXpvbnRydXN0LmNvbS9yb290ZzIuY2Vy\nMD0GA1UdHwQ2MDQwMqAwoC6GLGh0dHA6Ly9jcmwucm9vdGcyLmFtYXpvbnRydXN0\nLmNvbS9yb290ZzIuY3JsMBEGA1UdIAQKMAgwBgYEVR0gADANBgkqhkiG9w0BAQsF\nAAOCAQEAYjdCXLwQtT6LLOkMm2xF4gcAevnFWAu5CIw+7bMlPLVvUOTNNWqnkzSW\nMiGpSESrnO09tKpzbeR/FoCJbM8oAxiDR3mjEH4wW6w7sGDgd9QIpuEdfF7Au/ma\neyKdpwAJfqxGF4PcnCZXmTA5YpaP7dreqsXMGz7KQ2hsVxa81Q4gLv7/wmpdLqBK\nbRRYh5TmOTFffHPLkIhqhBGWJ6bt2YFGpn6jcgAKUj6DiAdjd4lpFw85hdKrCEVN\n0FE6/V1dN2RMfjCyVSRCnTawXZwXgWHxyvkQAiSr6w10kY17RSlQOYiypok1JR4U\nakcjMS9cmvqtmg5iUaQqqcT5NJ0hGA==\n-----END CERTIFICATE-----\n",
                "is_ca": true,
                "issuer": "CN=Starfield Services Root Certificate Authority - G2,O=Starfield Technologies\\, Inc.,L=Scottsdale,ST=Arizona,C=US",
                "max_path_length": -1,
                "not_after": "2037-12-31T01:00:00Z",
                "not_before": "2015-05-25T12:00:00Z",
                "public_key_algorithm": "RSA",
                "serial_number": "144918191876577076464031512351042010504348870",
                "sha1_fingerprint": "06b25927c42a721631c1efd9431e648fa62e1e39",
                "signature_algorithm": "SHA256-RSA",
                "subject": "CN=Amazon Root CA 1,O=Amazon,C=US",
                "version": 3
              },
              {
                "cert_pem": "-----BEGIN CERTIFICATE-----\nMIIEXjCCA0agAwIBAgITB3MSOAudZoijOx7Zv5zNpo4ODzANBgkqhkiG9w0BAQsF\nADA5MQswCQYDVQQGEwJVUzEPMA0GA1UEChMGQW1hem9uMRkwFwYDVQQDExBBbWF6\nb24gUm9vdCBDQSAxMB4XDTIyMDgyMzIyMjEyOFoXDTMwMDgyMzIyMjEyOFowPDEL\nMAkGA1UEBhMCVVMxDzANBgNVBAoTBkFtYXpvbjEcMBoGA1UEAxMTQW1hem9uIFJT\nQSAyMDQ4IE0wMTCCASIwDQYJKoZIhvcNAQEBBQADggEPADCCAQoCggEBAOtxLKnL\nH4gokjIwr4pXD3i3NyWVVYesZ1yX0yLI2qIUZ2t88Gfa4gMqs1YSXca1R/lnCKeT\nepWSGA+0+fkQNpp/L4C2T7oTTsddUx7g3ZYzByDTlrwS5HRQQqEFE3O1T5tEJP4t\nf+28IoXsNiEzl3UGzicYgtzj2cWCB41eJgEmJmcf2T8TzzK6a614ZPyq/w4CPAff\nnAV4coz96nW3AyiE2uhuB4zQUIXvgVSycW7sbWLvj5TDXunEpNCRwC4kkZjK7rol\njtT2cbb7W2s4Bkg3R42G3PLqBvt2N32e/0JOTViCk8/iccJ4sXqrS1uUN4iB5Nmv\nJK74csVl+0u0UecCAwEAAaOCAVowggFWMBIGA1UdEwEB/wQIMAYBAf8CAQAwDgYD\nVR0PAQH/BAQDAgGGMB0GA1UdJQQWMBQGCCsGAQUFBwMBBggrBgEFBQcDAjAdBgNV\nHQ4EFgQUgbgOY4qJEhjl+js7UJWf5uWQE4UwHwYDVR0jBBgwFoAUhBjMhTTsvAyU\nlC4IWZzHshBOCggwewYIKwYBBQUHAQEEbzBtMC8GCCsGAQUFBzABhiNodHRwOi8v\nb2NzcC5yb290Y2ExLmFtYXpvbnRydXN0LmNvbTA6BggrBgEFBQcwAoYuaHR0cDov\nL2NydC5yb290Y2ExLmFtYXpvbnRydXN0LmNvbS9yb290Y2ExLmNlcjA/BgNVHR8E\nODA2MDSgMqAwhi5odHRwOi8vY3JsLnJvb3RjYTEuYW1hem9udHJ1c3QuY29tL3Jv\nb3RjYTEuY3JsMBMGA1UdIAQMMAowCAYGZ4EMAQIBMA0GCSqGSIb3DQEBCwUAA4IB\nAQCtAN4CBSMuBjJitGuxlBbkEUDeK/pZwTXv4KqPK0G50fOHOQAd8j21p0cMBgbG\nkfMHVwLU7b0XwZCav0h1ogdPMN1KakK1DT0VwA/+hFvGPJnMV1Kx2G4S1ZaSk0uU\n5QfoiYIIano01J5k4T2HapKQmmOhS/iPtuo00wW+IMLeBuKMn3OLn005hcrOGTad\nhcmeyfhQP7Z+iKHvyoQGi1C0ClymHETx/chhQGDyYSWqB/THwnN15AwLQo0E5V9E\nSJlbe4mBlqeInUsNYugExNf+tOiybcrswBy8OFsd34XOW3rjSUtsuafd9AWySa3h\nxRRrwszrzX/WWGm6wyB+f7C4\n-----END CERTIFICATE-----\n",
                "is_ca": true,
                "issuer": "CN=Amazon Root CA 1,O=Amazon,C=US",
                "max_path_length": 0,
                "not_after": "2030-08-23T22:21:28Z",
                "not_before": "2022-08-23T22:21:28Z",
                "public_key_algorithm": "RSA",
                "serial_number": "166129328851546858514271303855646110030630415",
                "sha1_fingerprint": "2ad974a775f73cbdbbd8f5ac3a49255fa8fb1f8c",
                "signature_algorithm": "SHA256-RSA",
                "subject": "CN=Amazon RSA 2048 M01,O=Amazon,C=US",
                "version": 3
              },
              {
                "cert_pem": "-----BEGIN CERTIFICATE-----\nMIIF5jCCBM6gAwIBAgIQCJsK/ZUgMjxpk/kJ/P9+WTANBgkqhkiG9w0BAQsFADA8\nMQswCQYDVQQGEwJVUzEPMA0GA1UEChMGQW1hem9uMRwwGgYDVQQDExNBbWF6b24g\nUlNBIDIwNDggTTAxMB4XDTI2MDEyNjAwMDAwMFoXDTI3MDIyNDIzNTk1OVowLTEr\nMCkGA1UEAwwiKi5la3MuYXAtbm9ydGhlYXN0LTIuYW1hem9uYXdzLmNvbTCCASIw\nDQYJKoZIhvcNAQEBBQADggEPADCCAQoCggEBAKIe1OC/cy7NnDpiYTuYwcHplB6L\ngXx6mxpQ06s4B3Sg7jvaV6xV7mi8QZxXiG8yJiNdb2XWK2/1CmQ09OBlkq1+WvbQ\nr1xLEOUNQpL2Lw7kqlLLH8m2tpSuc/zqrZZXj6IS+3JKjYbzi9zRswADRuiTUeYX\njYhBvPgtwJRYEgckf7FFAXHdiYJiNmRs0mPXTBX8XytUwU5E5LgEFA7teckU5fIO\nYB9NcueBWTvgvLjnhAPU4yvPqGAnJIRVKLJ8HA7p2Fe6KTo+nxSVLKRTuV/PQj9N\np6slwiKWwdPAO+EI7munuKuScMrgQU603rIqiXxXheZdIuQWtNy6Z6MiMMMCAwEA\nAaOCAvEwggLtMB8GA1UdIwQYMBaAFIG4DmOKiRIY5fo7O1CVn+blkBOFMB0GA1Ud\nDgQWBBQlJ/RISfDNPp7CNwi+65OWUKG6cjAtBgNVHREEJjAkgiIqLmVrcy5hcC1u\nb3J0aGVhc3QtMi5hbWF6b25hd3MuY29tMBMGA1UdIAQMMAowCAYGZ4EMAQIBMA4G\nA1UdDwEB/wQEAwIFoDATBgNVHSUEDDAKBggrBgEFBQcDATA7BgNVHR8ENDAyMDCg\nLqAshipodHRwOi8vY3JsLnIybTAxLmFtYXpvbnRydXN0LmNvbS9yMm0wMS5jcmww\ndQYIKwYBBQUHAQEEaTBnMC0GCCsGAQUFBzABhiFodHRwOi8vb2NzcC5yMm0wMS5h\nbWF6b250cnVzdC5jb20wNgYIKwYBBQUHMAKGKmh0dHA6Ly9jcnQucjJtMDEuYW1h\nem9udHJ1c3QuY29tL3IybTAxLmNlcjAMBgNVHRMBAf8EAjAAMIIBfgYKKwYBBAHW\neQIEAgSCAW4EggFqAWgAdwBMY9yY5Zwdq4j2Hoo93q6Pq0SjN3tfm5TD+6Gc/MG+\nJgAAAZv3ppGbAAAEAwBIMEYCIQCpwj08RpHwUp/ZrZhNqxxjlVqgcmHIQbyBqtIC\n2ZpXWQIhAPF68Eb2dEfZT9rRUDpw27ExUj1iXq0zOyvWpHjW1BGxAHYAHJ9oLOn6\n8EVpUPgbloqH3dsyENhM5siy44JSSsTPWZ8AAAGb96aRqAAABAMARzBFAiByWoO9\nB53SVyPz+C4DTbr8EYF0r4Q3u1mf2ptGTRMwGQIhAN0hA3swmip1UY++CgvKysBe\nQkC/v4Vj40VhljtDx7uuAHUAYEyar3p/d18B1Ab8kg3ImesLHH34yVIb+voXdzuX\ni8kAAAGb96aSpQAABAMARjBEAiBjKxuuTNAGdywi+oe/l8G6KQ1JqMaWFnFsDY6I\nVbHEDQIgZ9mcMfjeu7z5CcOVLG6BKNurxjt05pTXlnV59EjbuhgwDQYJKoZIhvcN\nAQELBQADggEBAOYiRZvQBB9jGIdTDT93UrH7Pg5z7Icd3m1l/93kbAeRGrig2qA8\nFHxR+R7u2F5keTT8qB91YzTkKBR4lpsiWm0j7MQuTw7EbIUksE1epC8qHk1BLhPN\nvqussr1yLnASvz1Vtutv2VycHb5eivgSkHwyzVj/pK9iO6+/gO/vqXFbI7BeK8UK\nsfwItdcA7Sj5lrfZvLesDOeN+2UmBvanSfIAbOHWkX37q9xFNb0nZqAW1WaJUKjI\nf699IysN7UwT8WN8fl9/SzcnIpk8luDMvSwHpoHZJwtqr3sdQ2eZqV4eyrKpSeBN\nIvQbij0NR+apS5mE0AuKiUgnizN2tfCCYzg=\n-----END CERTIFICATE-----\n",
                "is_ca": false,
                "issuer": "CN=Amazon RSA 2048 M01,O=Amazon,C=US",
                "max_path_length": -1,
                "not_after": "2027-02-24T23:59:59Z",
                "not_before": "2026-01-26T00:00:00Z",
                "public_key_algorithm": "RSA",
                "serial_number": "11438852894325567213578903347674447449",
                "sha1_fingerprint": "b5ff9c677325645101f7c5b456c6bfdb3c037425",
                "signature_algorithm": "SHA256-RSA",
                "subject": "CN=*.eks.ap-northeast-2.amazonaws.com",
                "version": 3
              }
            ],
            "content": null,
            "id": "db89cecc3adb9ea30f9819b0e895f1b1184c090f",
            "url": "https://oidc.eks.ap-northeast-2.amazonaws.com/id/D5A98E05D6591813B7463EE13227E1F8",
            "verify_chain": true
          },
          "sensitive_attributes": [],
          "identity_schema_version": 0
        }
      ]
    },
    {
      "module": "module.eks",
      "mode": "managed",
      "type": "aws_ec2_tag",
      "name": "cluster_discovery",
      "provider": "provider[\"registry.terraform.io/hashicorp/aws\"]",
      "instances": [
        {
          "index_key": "subnet-01048c2306043944b",
          "schema_version": 0,
          "attributes": {
            "id": "subnet-01048c2306043944b,kubernetes.io/cluster/ai-care-dev-eks",
            "key": "kubernetes.io/cluster/ai-care-dev-eks",
            "region": "ap-northeast-2",
            "resource_id": "subnet-01048c2306043944b",
            "value": "shared"
          },
          "sensitive_attributes": [],
          "identity_schema_version": 0,
          "private": "bnVsbA==",
          "dependencies": [
            "module.service_nat_gateway.aws_eip.nat",
            "module.service_nat_gateway.aws_nat_gateway.this",
            "module.service_nat_gateway.aws_route.private_app_default_to_nat"
          ]
        },
        {
          "index_key": "subnet-0399d1d5dc9043b69",
          "schema_version": 0,
          "attributes": {
            "id": "subnet-0399d1d5dc9043b69,kubernetes.io/cluster/ai-care-dev-eks",
            "key": "kubernetes.io/cluster/ai-care-dev-eks",
            "region": "ap-northeast-2",
            "resource_id": "subnet-0399d1d5dc9043b69",
            "value": "shared"
          },
          "sensitive_attributes": [],
          "identity_schema_version": 0,
          "private": "bnVsbA==",
          "dependencies": [
            "module.service_nat_gateway.aws_eip.nat",
            "module.service_nat_gateway.aws_nat_gateway.this",
            "module.service_nat_gateway.aws_route.private_app_default_to_nat"
          ]
        },
        {
          "index_key": "subnet-05a7f50d03159ee6f",
          "schema_version": 0,
          "attributes": {
            "id": "subnet-05a7f50d03159ee6f,kubernetes.io/cluster/ai-care-dev-eks",
            "key": "kubernetes.io/cluster/ai-care-dev-eks",
            "region": "ap-northeast-2",
            "resource_id": "subnet-05a7f50d03159ee6f",
            "value": "shared"
          },
          "sensitive_attributes": [],
          "identity_schema_version": 0,
          "private": "bnVsbA==",
          "dependencies": [
            "module.service_nat_gateway.aws_eip.nat",
            "module.service_nat_gateway.aws_nat_gateway.this",
            "module.service_nat_gateway.aws_route.private_app_default_to_nat"
          ]
        },
        {
          "index_key": "subnet-0e4f74a9b41db30cd",
          "schema_version": 0,
          "attributes": {
            "id": "subnet-0e4f74a9b41db30cd,kubernetes.io/cluster/ai-care-dev-eks",
            "key": "kubernetes.io/cluster/ai-care-dev-eks",
            "region": "ap-northeast-2",
            "resource_id": "subnet-0e4f74a9b41db30cd",
            "value": "shared"
          },
          "sensitive_attributes": [],
          "identity_schema_version": 0,
          "private": "bnVsbA==",
          "dependencies": [
            "module.service_nat_gateway.aws_eip.nat",
            "module.service_nat_gateway.aws_nat_gateway.this",
            "module.service_nat_gateway.aws_route.private_app_default_to_nat"
          ]
        }
      ]
    },
    {
      "module": "module.eks",
      "mode": "managed",
      "type": "aws_ec2_tag",
      "name": "private_internal_elb_discovery",
      "provider": "provider[\"registry.terraform.io/hashicorp/aws\"]",
      "instances": [
        {
          "index_key": "subnet-0399d1d5dc9043b69",
          "schema_version": 0,
          "attributes": {
            "id": "subnet-0399d1d5dc9043b69,kubernetes.io/role/internal-elb",
            "key": "kubernetes.io/role/internal-elb",
            "region": "ap-northeast-2",
            "resource_id": "subnet-0399d1d5dc9043b69",
            "value": "1"
          },
          "sensitive_attributes": [],
          "identity_schema_version": 0,
          "private": "bnVsbA==",
          "dependencies": [
            "module.service_nat_gateway.aws_eip.nat",
            "module.service_nat_gateway.aws_nat_gateway.this",
            "module.service_nat_gateway.aws_route.private_app_default_to_nat"
          ]
        },
        {
          "index_key": "subnet-05a7f50d03159ee6f",
          "schema_version": 0,
          "attributes": {
            "id": "subnet-05a7f50d03159ee6f,kubernetes.io/role/internal-elb",
            "key": "kubernetes.io/role/internal-elb",
            "region": "ap-northeast-2",
            "resource_id": "subnet-05a7f50d03159ee6f",
            "value": "1"
          },
          "sensitive_attributes": [],
          "identity_schema_version": 0,
          "private": "bnVsbA==",
          "dependencies": [
            "module.service_nat_gateway.aws_eip.nat",
            "module.service_nat_gateway.aws_nat_gateway.this",
            "module.service_nat_gateway.aws_route.private_app_default_to_nat"
          ]
        }
      ]
    },
    {
      "module": "module.eks",
      "mode": "managed",
      "type": "aws_ec2_tag",
      "name": "public_elb_discovery",
      "provider": "provider[\"registry.terraform.io/hashicorp/aws\"]",
      "instances": [
        {
          "index_key": "subnet-01048c2306043944b",
          "schema_version": 0,
          "attributes": {
            "id": "subnet-01048c2306043944b,kubernetes.io/role/elb",
            "key": "kubernetes.io/role/elb",
            "region": "ap-northeast-2",
            "resource_id": "subnet-01048c2306043944b",
            "value": "1"
          },
          "sensitive_attributes": [],
          "identity_schema_version": 0,
          "private": "bnVsbA==",
          "dependencies": [
            "module.service_nat_gateway.aws_eip.nat",
            "module.service_nat_gateway.aws_nat_gateway.this",
            "module.service_nat_gateway.aws_route.private_app_default_to_nat"
          ]
        },
        {
          "index_key": "subnet-0e4f74a9b41db30cd",
          "schema_version": 0,
          "attributes": {
            "id": "subnet-0e4f74a9b41db30cd,kubernetes.io/role/elb",
            "key": "kubernetes.io/role/elb",
            "region": "ap-northeast-2",
            "resource_id": "subnet-0e4f74a9b41db30cd",
            "value": "1"
          },
          "sensitive_attributes": [],
          "identity_schema_version": 0,
          "private": "bnVsbA==",
          "dependencies": [
            "module.service_nat_gateway.aws_eip.nat",
            "module.service_nat_gateway.aws_nat_gateway.this",
            "module.service_nat_gateway.aws_route.private_app_default_to_nat"
          ]
        }
      ]
    },
    {
      "module": "module.eks",
      "mode": "managed",
      "type": "aws_eks_addon",
      "name": "this",
      "provider": "provider[\"registry.terraform.io/hashicorp/aws\"]",
      "instances": [
        {
          "index_key": "coredns",
          "schema_version": 0,
          "attributes": {
            "addon_name": "coredns",
            "addon_version": "v1.12.4-eksbuild.10",
            "arn": "arn:aws:eks:ap-northeast-2:105959916837:addon/ai-care-dev-eks/coredns/02cf4805-8dc3-b896-db2c-8cde205c1c65",
            "cluster_name": "ai-care-dev-eks",
            "configuration_values": "",
            "created_at": "2026-06-04T00:31:47Z",
            "id": "ai-care-dev-eks:coredns",
            "modified_at": "2026-06-04T00:32:01Z",
            "namespace_config": [
              {
                "namespace": "kube-system"
              }
            ],
            "pod_identity_association": [],
            "preserve": null,
            "region": "ap-northeast-2",
            "resolve_conflicts_on_create": null,
            "resolve_conflicts_on_update": null,
            "service_account_role_arn": "",
            "tags": {
              "Environment": "dev",
              "ManagedBy": "terraform",
              "Name": "ai-care-dev-eks-coredns",
              "Project": "ai-care",
              "Scope": "infra-only"
            },
            "tags_all": {
              "Environment": "dev",
              "ManagedBy": "terraform",
              "Name": "ai-care-dev-eks-coredns",
              "Project": "ai-care",
              "Scope": "infra-only"
            },
            "timeouts": null
          },
          "sensitive_attributes": [],
          "identity_schema_version": 0,
          "identity": {
            "account_id": "105959916837",
            "addon_name": "coredns",
            "cluster_name": "ai-care-dev-eks",
            "region": "ap-northeast-2"
          },
          "private": "eyJlMmJmYjczMC1lY2FhLTExZTYtOGY4OC0zNDM2M2JjN2M0YzAiOnsiY3JlYXRlIjoxMjAwMDAwMDAwMDAwLCJkZWxldGUiOjI0MDAwMDAwMDAwMDAsInVwZGF0ZSI6MTIwMDAwMDAwMDAwMH19",
          "dependencies": [
            "module.eks.aws_ec2_tag.cluster_discovery",
            "module.eks.aws_ec2_tag.private_internal_elb_discovery",
            "module.eks.aws_eks_cluster.this",
            "module.eks.aws_eks_node_group.this",
            "module.eks.aws_iam_role.cluster",
            "module.eks.aws_iam_role.node",
            "module.eks.aws_iam_role_policy_attachment.cluster_policy",
            "module.eks.aws_iam_role_policy_attachment.node_cni",
            "module.eks.aws_iam_role_policy_attachment.node_ecr_readonly",
            "module.eks.aws_iam_role_policy_attachment.node_worker",
            "module.existing_network.data.aws_vpc.service",
            "module.security.aws_security_group.eks_node",
            "module.service_nat_gateway.aws_eip.nat",
            "module.service_nat_gateway.aws_nat_gateway.this",
            "module.service_nat_gateway.aws_route.private_app_default_to_nat"
          ]
        },
        {
          "index_key": "kube-proxy",
          "schema_version": 0,
          "attributes": {
            "addon_name": "kube-proxy",
            "addon_version": "v1.34.6-eksbuild.2",
            "arn": "arn:aws:eks:ap-northeast-2:105959916837:addon/ai-care-dev-eks/kube-proxy/2acf4805-8db7-2b76-543d-5d763b2a09d8",
            "cluster_name": "ai-care-dev-eks",
            "configuration_values": "",
            "created_at": "2026-06-04T00:31:47Z",
            "id": "ai-care-dev-eks:kube-proxy",
            "modified_at": "2026-06-04T00:31:54Z",
            "namespace_config": [
              {
                "namespace": "kube-system"
              }
            ],
            "pod_identity_association": [],
            "preserve": null,
            "region": "ap-northeast-2",
            "resolve_conflicts_on_create": null,
            "resolve_conflicts_on_update": null,
            "service_account_role_arn": "",
            "tags": {
              "Environment": "dev",
              "ManagedBy": "terraform",
              "Name": "ai-care-dev-eks-kube-proxy",
              "Project": "ai-care",
              "Scope": "infra-only"
            },
            "tags_all": {
              "Environment": "dev",
              "ManagedBy": "terraform",
              "Name": "ai-care-dev-eks-kube-proxy",
              "Project": "ai-care",
              "Scope": "infra-only"
            },
            "timeouts": null
          },
          "sensitive_attributes": [],
          "identity_schema_version": 0,
          "identity": {
            "account_id": "105959916837",
            "addon_name": "kube-proxy",
            "cluster_name": "ai-care-dev-eks",
            "region": "ap-northeast-2"
          },
          "private": "eyJlMmJmYjczMC1lY2FhLTExZTYtOGY4OC0zNDM2M2JjN2M0YzAiOnsiY3JlYXRlIjoxMjAwMDAwMDAwMDAwLCJkZWxldGUiOjI0MDAwMDAwMDAwMDAsInVwZGF0ZSI6MTIwMDAwMDAwMDAwMH19",
          "dependencies": [
            "module.eks.aws_ec2_tag.cluster_discovery",
            "module.eks.aws_ec2_tag.private_internal_elb_discovery",
            "module.eks.aws_eks_cluster.this",
            "module.eks.aws_eks_node_group.this",
            "module.eks.aws_iam_role.cluster",
            "module.eks.aws_iam_role.node",
            "module.eks.aws_iam_role_policy_attachment.cluster_policy",
            "module.eks.aws_iam_role_policy_attachment.node_cni",
            "module.eks.aws_iam_role_policy_attachment.node_ecr_readonly",
            "module.eks.aws_iam_role_policy_attachment.node_worker",
            "module.existing_network.data.aws_vpc.service",
            "module.security.aws_security_group.eks_node",
            "module.service_nat_gateway.aws_eip.nat",
            "module.service_nat_gateway.aws_nat_gateway.this",
            "module.service_nat_gateway.aws_route.private_app_default_to_nat"
          ]
        },
        {
          "index_key": "vpc-cni",
          "schema_version": 0,
          "attributes": {
            "addon_name": "vpc-cni",
            "addon_version": "v1.20.5-eksbuild.1",
            "arn": "arn:aws:eks:ap-northeast-2:105959916837:addon/ai-care-dev-eks/vpc-cni/a6cf4805-8db6-6988-9e96-bfd861a2a05c",
            "cluster_name": "ai-care-dev-eks",
            "configuration_values": "",
            "created_at": "2026-06-04T00:31:47Z",
            "id": "ai-care-dev-eks:vpc-cni",
            "modified_at": "2026-06-04T00:32:05Z",
            "namespace_config": [
              {
                "namespace": "kube-system"
              }
            ],
            "pod_identity_association": [],
            "preserve": null,
            "region": "ap-northeast-2",
            "resolve_conflicts_on_create": null,
            "resolve_conflicts_on_update": null,
            "service_account_role_arn": "",
            "tags": {
              "Environment": "dev",
              "ManagedBy": "terraform",
              "Name": "ai-care-dev-eks-vpc-cni",
              "Project": "ai-care",
              "Scope": "infra-only"
            },
            "tags_all": {
              "Environment": "dev",
              "ManagedBy": "terraform",
              "Name": "ai-care-dev-eks-vpc-cni",
              "Project": "ai-care",
              "Scope": "infra-only"
            },
            "timeouts": null
          },
          "sensitive_attributes": [],
          "identity_schema_version": 0,
          "identity": {
            "account_id": "105959916837",
            "addon_name": "vpc-cni",
            "cluster_name": "ai-care-dev-eks",
            "region": "ap-northeast-2"
          },
          "private": "eyJlMmJmYjczMC1lY2FhLTExZTYtOGY4OC0zNDM2M2JjN2M0YzAiOnsiY3JlYXRlIjoxMjAwMDAwMDAwMDAwLCJkZWxldGUiOjI0MDAwMDAwMDAwMDAsInVwZGF0ZSI6MTIwMDAwMDAwMDAwMH19",
          "dependencies": [
            "module.eks.aws_ec2_tag.cluster_discovery",
            "module.eks.aws_ec2_tag.private_internal_elb_discovery",
            "module.eks.aws_eks_cluster.this",
            "module.eks.aws_eks_node_group.this",
            "module.eks.aws_iam_role.cluster",
            "module.eks.aws_iam_role.node",
            "module.eks.aws_iam_role_policy_attachment.cluster_policy",
            "module.eks.aws_iam_role_policy_attachment.node_cni",
            "module.eks.aws_iam_role_policy_attachment.node_ecr_readonly",
            "module.eks.aws_iam_role_policy_attachment.node_worker",
            "module.existing_network.data.aws_vpc.service",
            "module.security.aws_security_group.eks_node",
            "module.service_nat_gateway.aws_eip.nat",
            "module.service_nat_gateway.aws_nat_gateway.this",
            "module.service_nat_gateway.aws_route.private_app_default_to_nat"
          ]
        }
      ]
    },
    {
      "module": "module.eks",
      "mode": "managed",
      "type": "aws_eks_cluster",
      "name": "this",
      "provider": "provider[\"registry.terraform.io/hashicorp/aws\"]",
      "instances": [
        {
          "schema_version": 1,
          "attributes": {
            "access_config": [
              {
                "authentication_mode": "API_AND_CONFIG_MAP",
                "bootstrap_cluster_creator_admin_permissions": false
              }
            ],
            "arn": "arn:aws:eks:ap-northeast-2:105959916837:cluster/ai-care-dev-eks",
            "bootstrap_self_managed_addons": true,
            "certificate_authority": [
              {
                "data": "LS0tLS1CRUdJTiBDRVJUSUZJQ0FURS0tLS0tCk1JSURCVENDQWUyZ0F3SUJBZ0lJRWJGdEk4ZEJyVDR3RFFZSktvWklodmNOQVFFTEJRQXdGVEVUTUJFR0ExVUUKQXhNS2EzVmlaWEp1WlhSbGN6QWVGdzB5TmpBMk1EUXdNREl4TVROYUZ3MHpOakEyTURFd01ESTJNVE5hTUJVeApFekFSQmdOVkJBTVRDbXQxWW1WeWJtVjBaWE13Z2dFaU1BMEdDU3FHU0liM0RRRUJBUVVBQTRJQkR3QXdnZ0VLCkFvSUJBUURIb0t5eXVEWEhlSnp1VXBackxNTDgvbjM4ZENRL2FqeVJJNlBsNDlGQ2J6STJXSE5Vem1pWDJPdzIKdElLc2ZJUzRmS1RMeUtqQWFUcllmOXdSbEVLd0ZzMnBwQXBpYUd3OHJPL0lkMVVNYkdjUnNNMStFRWxmTElvWQpSTGRRaUxMazRDQlFOSTVycnUzNm5acVRsdGFPRU5zMVJGZjg4WWt6ZkhyMkR3MG9XL29rcGIvMC8wRE9ndUZzClJtbUo2Qm4ydkJXbHFGMmFYd2hxVW1JNERVWEh5MFgvL1UyRURvcTRMZ1d1MWt1MEpKVXR4U3VDanpMeC93V1IKSVRsb3JlNFNoQzhPMllXYThKTjMzRCtGUXdsekxWSGhYbUdFeDUvUSt3dnFZQTlUUkJ3TllEM2RnTU42VHhTWQpuSnJVcjdYZFRlSHR2ZWFleXhBMGdHYUV4YTFYQWdNQkFBR2pXVEJYTUE0R0ExVWREd0VCL3dRRUF3SUNwREFQCkJnTlZIUk1CQWY4RUJUQURBUUgvTUIwR0ExVWREZ1FXQkJTS0JxYTFFbWNMN2d6c2FaREtSUUpGdXM2dVZEQVYKQmdOVkhSRUVEakFNZ2dwcmRXSmxjbTVsZEdWek1BMEdDU3FHU0liM0RRRUJDd1VBQTRJQkFRQmczL0RHMGZObgoycnpCV3FZSjJ5OVhIZmNsS1hvMkVMd3YrTThmMDJpUHE2NFQrN243UVQ0SVN3N2pEZjdmRDdBd21ZVmhsRFh6CmpuMFpsV1oxb3lxaFg3UDU5ZmcwMzJtbGFYR2xIeWZoa0dpYXg3Q2RCY0NtQ0xMVVRnTTloZnVHQjlTVDJKdXUKTUltMDkzNlBBaW5qWjRTNHZzUEpBV21FOUU2TW5tZ01KbFJhaUszRE5ManJleTNINUU0TERQSkNHTWR4aTQxVQo2OW9GbmJrZTVuL2JsakkzdXQxdWJpRXg0T092UTFUc0h6dTg5Z0dQc1libUJhUUZVdWlkZmpUQnNtc2R6OFFmCk54V0I5WkpyczhzeVVnT2dBbG01bmpxNDRtOUh6OFBOakplQ0xBSGZ2dk0xalBLNDBDRDNySTJQOVo3SGRXa0YKVng1aHJ0T0ZuU0dyCi0tLS0tRU5EIENFUlRJRklDQVRFLS0tLS0K"
              }
            ],
            "cluster_id": null,
            "compute_config": [
              {
                "enabled": false,
                "node_pools": [],
                "node_role_arn": ""
              }
            ],
            "control_plane_scaling_config": [
              {
                "tier": "standard"
              }
            ],
            "created_at": "2026-06-04T00:22:14Z",
            "deletion_protection": false,
            "enabled_cluster_log_types": [
              "api",
              "audit",
              "authenticator"
            ],
            "encryption_config": [],
            "endpoint": "https://D5A98E05D6591813B7463EE13227E1F8.yl4.ap-northeast-2.eks.amazonaws.com",
            "force_update_version": null,
            "id": "ai-care-dev-eks",
            "identity": [
              {
                "oidc": [
                  {
                    "issuer": "https://oidc.eks.ap-northeast-2.amazonaws.com/id/D5A98E05D6591813B7463EE13227E1F8"
                  }
                ]
              }
            ],
            "kubernetes_network_config": [
              {
                "elastic_load_balancing": [
                  {
                    "enabled": false
                  }
                ],
                "ip_family": "ipv4",
                "service_ipv4_cidr": "172.20.0.0/16",
                "service_ipv6_cidr": ""
              }
            ],
            "name": "ai-care-dev-eks",
            "outpost_config": [],
            "platform_version": "eks.24",
            "region": "ap-northeast-2",
            "remote_network_config": [],
            "role_arn": "arn:aws:iam::105959916837:role/ai-care-dev-eks-cluster-role",
            "status": "ACTIVE",
            "storage_config": [
              {
                "block_storage": [
                  {
                    "enabled": false
                  }
                ]
              }
            ],
            "tags": {
              "Environment": "dev",
              "ManagedBy": "terraform",
              "Name": "ai-care-dev-eks",
              "Project": "ai-care",
              "Scope": "infra-only"
            },
            "tags_all": {
              "Environment": "dev",
              "ManagedBy": "terraform",
              "Name": "ai-care-dev-eks",
              "Project": "ai-care",
              "Scope": "infra-only"
            },
            "timeouts": null,
            "upgrade_policy": [
              {
                "support_type": "EXTENDED"
              }
            ],
            "version": "1.34",
            "vpc_config": [
              {
                "cluster_security_group_id": "sg-082f36168136b96f0",
                "endpoint_private_access": true,
                "endpoint_public_access": true,
                "public_access_cidrs": [
                  "106.101.133.64/32",
                  "106.248.40.229/32",
                  "121.134.211.97/32",
                  "122.35.216.132/32"
                ],
                "security_group_ids": [
                  "sg-035da829af5a6070a"
                ],
                "subnet_ids": [
                  "subnet-0399d1d5dc9043b69",
                  "subnet-05a7f50d03159ee6f"
                ],
                "vpc_id": "vpc-0beaaf51840498bae"
              }
            ],
            "zonal_shift_config": []
          },
          "sensitive_attributes": [],
          "identity_schema_version": 0,
          "identity": {
            "account_id": "105959916837",
            "name": "ai-care-dev-eks",
            "region": "ap-northeast-2"
          },
          "private": "eyJlMmJmYjczMC1lY2FhLTExZTYtOGY4OC0zNDM2M2JjN2M0YzAiOnsiY3JlYXRlIjoxODAwMDAwMDAwMDAwLCJkZWxldGUiOjkwMDAwMDAwMDAwMCwidXBkYXRlIjozNjAwMDAwMDAwMDAwfSwic2NoZW1hX3ZlcnNpb24iOiIxIn0=",
          "dependencies": [
            "module.eks.aws_iam_role.cluster",
            "module.eks.aws_iam_role_policy_attachment.cluster_policy",
            "module.existing_network.data.aws_vpc.service",
            "module.security.aws_security_group.eks_node",
            "module.service_nat_gateway.aws_eip.nat",
            "module.service_nat_gateway.aws_nat_gateway.this",
            "module.service_nat_gateway.aws_route.private_app_default_to_nat"
          ]
        }
      ]
    },
    {
      "module": "module.eks",
      "mode": "managed",
      "type": "aws_eks_node_group",
      "name": "this",
      "provider": "provider[\"registry.terraform.io/hashicorp/aws\"]",
      "instances": [
        {
          "schema_version": 0,
          "attributes": {
            "ami_type": "AL2023_x86_64_STANDARD",
            "arn": "arn:aws:eks:ap-northeast-2:105959916837:nodegroup/ai-care-dev-eks/ai-care-dev-eks-ng/c8cf480b-1f8f-f7f6-86a5-1e6371300330",
            "capacity_type": "ON_DEMAND",
            "cluster_name": "ai-care-dev-eks",
            "disk_size": 20,
            "force_update_version": null,
            "id": "ai-care-dev-eks:ai-care-dev-eks-ng",
            "instance_types": [
              "t3.medium"
            ],
            "labels": {},
            "launch_template": [],
            "node_group_name": "ai-care-dev-eks-ng",
            "node_group_name_prefix": "",
            "node_repair_config": [],
            "node_role_arn": "arn:aws:iam::105959916837:role/ai-care-dev-eks-node-role",
            "region": "ap-northeast-2",
            "release_version": "1.34.8-20260527",
            "remote_access": [],
            "resources": [
              {
                "autoscaling_groups": [
                  {
                    "name": "eks-ai-care-dev-eks-ng-c8cf480b-1f8f-f7f6-86a5-1e6371300330"
                  }
                ],
                "remote_access_security_group_id": ""
              }
            ],
            "scaling_config": [
              {
                "desired_size": 3,
                "max_size": 4,
                "min_size": 2
              }
            ],
            "status": "ACTIVE",
            "subnet_ids": [
              "subnet-0399d1d5dc9043b69",
              "subnet-05a7f50d03159ee6f"
            ],
            "tags": {
              "Environment": "dev",
              "ManagedBy": "terraform",
              "Name": "ai-care-dev-eks-ng",
              "Project": "ai-care",
              "Scope": "infra-only"
            },
            "tags_all": {
              "Environment": "dev",
              "ManagedBy": "terraform",
              "Name": "ai-care-dev-eks-ng",
              "Project": "ai-care",
              "Scope": "infra-only"
            },
            "taint": [],
            "timeouts": null,
            "update_config": [
              {
                "max_unavailable": 1,
                "max_unavailable_percentage": 0,
                "update_strategy": ""
              }
            ],
            "version": "1.34"
          },
          "sensitive_attributes": [],
          "identity_schema_version": 0,
          "identity": {
            "account_id": "105959916837",
            "cluster_name": "ai-care-dev-eks",
            "node_group_name": "ai-care-dev-eks-ng",
            "region": "ap-northeast-2"
          },
          "private": "eyJlMmJmYjczMC1lY2FhLTExZTYtOGY4OC0zNDM2M2JjN2M0YzAiOnsiY3JlYXRlIjozNjAwMDAwMDAwMDAwLCJkZWxldGUiOjM2MDAwMDAwMDAwMDAsInVwZGF0ZSI6MzYwMDAwMDAwMDAwMH19",
          "dependencies": [
            "module.eks.aws_ec2_tag.cluster_discovery",
            "module.eks.aws_ec2_tag.private_internal_elb_discovery",
            "module.eks.aws_eks_cluster.this",
            "module.eks.aws_iam_role.cluster",
            "module.eks.aws_iam_role.node",
            "module.eks.aws_iam_role_policy_attachment.cluster_policy",
            "module.eks.aws_iam_role_policy_attachment.node_cni",
            "module.eks.aws_iam_role_policy_attachment.node_ecr_readonly",
            "module.eks.aws_iam_role_policy_attachment.node_worker",
            "module.existing_network.data.aws_vpc.service",
            "module.security.aws_security_group.eks_node",
            "module.service_nat_gateway.aws_eip.nat",
            "module.service_nat_gateway.aws_nat_gateway.this",
            "module.service_nat_gateway.aws_route.private_app_default_to_nat"
          ]
        }
      ]
    },
    {
      "module": "module.eks",
      "mode": "managed",
      "type": "aws_iam_openid_connect_provider",
      "name": "eks",
      "provider": "provider[\"registry.terraform.io/hashicorp/aws\"]",
      "instances": [
        {
          "schema_version": 0,
          "attributes": {
            "arn": "arn:aws:iam::105959916837:oidc-provider/oidc.eks.ap-northeast-2.amazonaws.com/id/D5A98E05D6591813B7463EE13227E1F8",
            "client_id_list": [
              "sts.amazonaws.com"
            ],
            "id": "arn:aws:iam::105959916837:oidc-provider/oidc.eks.ap-northeast-2.amazonaws.com/id/D5A98E05D6591813B7463EE13227E1F8",
            "tags": {
              "Environment": "dev",
              "ManagedBy": "terraform",
              "Name": "ai-care-dev-eks-oidc",
              "Project": "ai-care",
              "Scope": "infra-only"
            },
            "tags_all": {
              "Environment": "dev",
              "ManagedBy": "terraform",
              "Name": "ai-care-dev-eks-oidc",
              "Project": "ai-care",
              "Scope": "infra-only"
            },
            "thumbprint_list": [
              "06b25927c42a721631c1efd9431e648fa62e1e39"
            ],
            "url": "oidc.eks.ap-northeast-2.amazonaws.com/id/D5A98E05D6591813B7463EE13227E1F8"
          },
          "sensitive_attributes": [],
          "identity_schema_version": 0,
          "identity": {
            "arn": "arn:aws:iam::105959916837:oidc-provider/oidc.eks.ap-northeast-2.amazonaws.com/id/D5A98E05D6591813B7463EE13227E1F8"
          },
          "private": "bnVsbA==",
          "dependencies": [
            "module.eks.aws_eks_cluster.this",
            "module.eks.aws_iam_role.cluster",
            "module.eks.aws_iam_role_policy_attachment.cluster_policy",
            "module.eks.data.tls_certificate.oidc",
            "module.existing_network.data.aws_vpc.service",
            "module.security.aws_security_group.eks_node",
            "module.service_nat_gateway.aws_eip.nat",
            "module.service_nat_gateway.aws_nat_gateway.this",
            "module.service_nat_gateway.aws_route.private_app_default_to_nat"
          ]
        }
      ]
    },
    {
      "module": "module.eks",
      "mode": "managed",
      "type": "aws_iam_role",
      "name": "cluster",
      "provider": "provider[\"registry.terraform.io/hashicorp/aws\"]",
      "instances": [
        {
          "schema_version": 0,
          "attributes": {
            "arn": "arn:aws:iam::105959916837:role/ai-care-dev-eks-cluster-role",
            "assume_role_policy": "{\"Statement\":[{\"Action\":\"sts:AssumeRole\",\"Effect\":\"Allow\",\"Principal\":{\"Service\":\"eks.amazonaws.com\"}}],\"Version\":\"2012-10-17\"}",
            "create_date": "2026-06-04T00:22:10Z",
            "description": "",
            "force_detach_policies": false,
            "id": "ai-care-dev-eks-cluster-role",
            "inline_policy": [],
            "managed_policy_arns": [
              "arn:aws:iam::aws:policy/AmazonEKSClusterPolicy"
            ],
            "max_session_duration": 3600,
            "name": "ai-care-dev-eks-cluster-role",
            "name_prefix": "",
            "path": "/",
            "permissions_boundary": "",
            "tags": {
              "Environment": "dev",
              "ManagedBy": "terraform",
              "Name": "ai-care-dev-eks-cluster-role",
              "Project": "ai-care",
              "Scope": "infra-only"
            },
            "tags_all": {
              "Environment": "dev",
              "ManagedBy": "terraform",
              "Name": "ai-care-dev-eks-cluster-role",
              "Project": "ai-care",
              "Scope": "infra-only"
            },
            "unique_id": "AROARRK5UAUSZKRGKE4NK"
          },
          "sensitive_attributes": [],
          "identity_schema_version": 0,
          "identity": {
            "account_id": "105959916837",
            "name": "ai-care-dev-eks-cluster-role"
          },
          "private": "bnVsbA==",
          "dependencies": [
            "module.service_nat_gateway.aws_eip.nat",
            "module.service_nat_gateway.aws_nat_gateway.this",
            "module.service_nat_gateway.aws_route.private_app_default_to_nat"
          ]
        }
      ]
    },
    {
      "module": "module.eks",
      "mode": "managed",
      "type": "aws_iam_role",
      "name": "node",
      "provider": "provider[\"registry.terraform.io/hashicorp/aws\"]",
      "instances": [
        {
          "schema_version": 0,
          "attributes": {
            "arn": "arn:aws:iam::105959916837:role/ai-care-dev-eks-node-role",
            "assume_role_policy": "{\"Statement\":[{\"Action\":\"sts:AssumeRole\",\"Effect\":\"Allow\",\"Principal\":{\"Service\":\"ec2.amazonaws.com\"}}],\"Version\":\"2012-10-17\"}",
            "create_date": "2026-06-04T00:22:10Z",
            "description": "",
            "force_detach_policies": false,
            "id": "ai-care-dev-eks-node-role",
            "inline_policy": [],
            "managed_policy_arns": [
              "arn:aws:iam::aws:policy/AmazonEC2ContainerRegistryReadOnly",
              "arn:aws:iam::aws:policy/AmazonEKSWorkerNodePolicy",
              "arn:aws:iam::aws:policy/AmazonEKS_CNI_Policy"
            ],
            "max_session_duration": 3600,
            "name": "ai-care-dev-eks-node-role",
            "name_prefix": "",
            "path": "/",
            "permissions_boundary": "",
            "tags": {
              "Environment": "dev",
              "ManagedBy": "terraform",
              "Name": "ai-care-dev-eks-node-role",
              "Project": "ai-care",
              "Scope": "infra-only"
            },
            "tags_all": {
              "Environment": "dev",
              "ManagedBy": "terraform",
              "Name": "ai-care-dev-eks-node-role",
              "Project": "ai-care",
              "Scope": "infra-only"
            },
            "unique_id": "AROARRK5UAUS66H7I4A7U"
          },
          "sensitive_attributes": [],
          "identity_schema_version": 0,
          "identity": {
            "account_id": "105959916837",
            "name": "ai-care-dev-eks-node-role"
          },
          "private": "bnVsbA==",
          "dependencies": [
            "module.service_nat_gateway.aws_eip.nat",
            "module.service_nat_gateway.aws_nat_gateway.this",
            "module.service_nat_gateway.aws_route.private_app_default_to_nat"
          ]
        }
      ]
    },
    {
      "module": "module.eks",
      "mode": "managed",
      "type": "aws_iam_role_policy_attachment",
      "name": "cluster_policy",
      "provider": "provider[\"registry.terraform.io/hashicorp/aws\"]",
      "instances": [
        {
          "schema_version": 0,
          "attributes": {
            "id": "ai-care-dev-eks-cluster-role/arn:aws:iam::aws:policy/AmazonEKSClusterPolicy",
            "policy_arn": "arn:aws:iam::aws:policy/AmazonEKSClusterPolicy",
            "role": "ai-care-dev-eks-cluster-role"
          },
          "sensitive_attributes": [],
          "identity_schema_version": 0,
          "identity": {
            "account_id": "105959916837",
            "policy_arn": "arn:aws:iam::aws:policy/AmazonEKSClusterPolicy",
            "role": "ai-care-dev-eks-cluster-role"
          },
          "private": "bnVsbA==",
          "dependencies": [
            "module.eks.aws_iam_role.cluster",
            "module.service_nat_gateway.aws_eip.nat",
            "module.service_nat_gateway.aws_nat_gateway.this",
            "module.service_nat_gateway.aws_route.private_app_default_to_nat"
          ]
        }
      ]
    },
    {
      "module": "module.eks",
      "mode": "managed",
      "type": "aws_iam_role_policy_attachment",
      "name": "node_cni",
      "provider": "provider[\"registry.terraform.io/hashicorp/aws\"]",
      "instances": [
        {
          "schema_version": 0,
          "attributes": {
            "id": "ai-care-dev-eks-node-role/arn:aws:iam::aws:policy/AmazonEKS_CNI_Policy",
            "policy_arn": "arn:aws:iam::aws:policy/AmazonEKS_CNI_Policy",
            "role": "ai-care-dev-eks-node-role"
          },
          "sensitive_attributes": [],
          "identity_schema_version": 0,
          "identity": {
            "account_id": "105959916837",
            "policy_arn": "arn:aws:iam::aws:policy/AmazonEKS_CNI_Policy",
            "role": "ai-care-dev-eks-node-role"
          },
          "private": "bnVsbA==",
          "dependencies": [
            "module.eks.aws_iam_role.node",
            "module.service_nat_gateway.aws_eip.nat",
            "module.service_nat_gateway.aws_nat_gateway.this",
            "module.service_nat_gateway.aws_route.private_app_default_to_nat"
          ]
        }
      ]
    },
    {
      "module": "module.eks",
      "mode": "managed",
      "type": "aws_iam_role_policy_attachment",
      "name": "node_ecr_readonly",
      "provider": "provider[\"registry.terraform.io/hashicorp/aws\"]",
      "instances": [
        {
          "schema_version": 0,
          "attributes": {
            "id": "ai-care-dev-eks-node-role/arn:aws:iam::aws:policy/AmazonEC2ContainerRegistryReadOnly",
            "policy_arn": "arn:aws:iam::aws:policy/AmazonEC2ContainerRegistryReadOnly",
            "role": "ai-care-dev-eks-node-role"
          },
          "sensitive_attributes": [],
          "identity_schema_version": 0,
          "identity": {
            "account_id": "105959916837",
            "policy_arn": "arn:aws:iam::aws:policy/AmazonEC2ContainerRegistryReadOnly",
            "role": "ai-care-dev-eks-node-role"
          },
          "private": "bnVsbA==",
          "dependencies": [
            "module.eks.aws_iam_role.node",
            "module.service_nat_gateway.aws_eip.nat",
            "module.service_nat_gateway.aws_nat_gateway.this",
            "module.service_nat_gateway.aws_route.private_app_default_to_nat"
          ]
        }
      ]
    },
    {
      "module": "module.eks",
      "mode": "managed",
      "type": "aws_iam_role_policy_attachment",
      "name": "node_worker",
      "provider": "provider[\"registry.terraform.io/hashicorp/aws\"]",
      "instances": [
        {
          "schema_version": 0,
          "attributes": {
            "id": "ai-care-dev-eks-node-role/arn:aws:iam::aws:policy/AmazonEKSWorkerNodePolicy",
            "policy_arn": "arn:aws:iam::aws:policy/AmazonEKSWorkerNodePolicy",
            "role": "ai-care-dev-eks-node-role"
          },
          "sensitive_attributes": [],
          "identity_schema_version": 0,
          "identity": {
            "account_id": "105959916837",
            "policy_arn": "arn:aws:iam::aws:policy/AmazonEKSWorkerNodePolicy",
            "role": "ai-care-dev-eks-node-role"
          },
          "private": "bnVsbA==",
          "dependencies": [
            "module.eks.aws_iam_role.node",
            "module.service_nat_gateway.aws_eip.nat",
            "module.service_nat_gateway.aws_nat_gateway.this",
            "module.service_nat_gateway.aws_route.private_app_default_to_nat"
          ]
        }
      ]
    },
    {
      "module": "module.existing_network",
      "mode": "data",
      "type": "aws_internet_gateway",
      "name": "service",
      "provider": "provider[\"registry.terraform.io/hashicorp/aws\"]",
      "instances": [
        {
          "schema_version": 0,
          "attributes": {
            "arn": "arn:aws:ec2:ap-northeast-2:105959916837:internet-gateway/igw-02cc153ccd9981c3f",
            "attachments": [
              {
                "state": "available",
                "vpc_id": "vpc-0beaaf51840498bae"
              }
            ],
            "filter": [
              {
                "name": "attachment.vpc-id",
                "values": [
                  "vpc-0beaaf51840498bae"
                ]
              }
            ],
            "id": "igw-02cc153ccd9981c3f",
            "internet_gateway_id": "igw-02cc153ccd9981c3f",
            "owner_id": "105959916837",
            "region": "ap-northeast-2",
            "tags": {
              "Name": "aws-igw"
            },
            "timeouts": null
          },
          "sensitive_attributes": [],
          "identity_schema_version": 0
        }
      ]
    },
    {
      "module": "module.existing_network",
      "mode": "data",
      "type": "aws_route_table",
      "name": "private_app",
      "provider": "provider[\"registry.terraform.io/hashicorp/aws\"]",
      "instances": [
        {
          "index_key": "rtb-0b57d3c7408c20c8d",
          "schema_version": 0,
          "attributes": {
            "arn": "arn:aws:ec2:ap-northeast-2:105959916837:route-table/rtb-0b57d3c7408c20c8d",
            "associations": [
              {
                "gateway_id": "",
                "main": false,
                "route_table_association_id": "rtbassoc-0ae6932cca6e3c742",
                "route_table_id": "rtb-0b57d3c7408c20c8d",
                "subnet_id": "subnet-0399d1d5dc9043b69"
              },
              {
                "gateway_id": "",
                "main": false,
                "route_table_association_id": "rtbassoc-0a5259e07121f1d44",
                "route_table_id": "rtb-0b57d3c7408c20c8d",
                "subnet_id": "subnet-05a7f50d03159ee6f"
              }
            ],
            "filter": null,
            "gateway_id": null,
            "id": "rtb-0b57d3c7408c20c8d",
            "owner_id": "105959916837",
            "region": "ap-northeast-2",
            "route_table_id": "rtb-0b57d3c7408c20c8d",
            "routes": [
              {
                "carrier_gateway_id": "",
                "cidr_block": "172.16.0.0/16",
                "core_network_arn": "",
                "destination_prefix_list_id": "",
                "egress_only_gateway_id": "",
                "gateway_id": "vgw-074ff64b2979bc5d0",
                "instance_id": "",
                "ipv6_cidr_block": "",
                "local_gateway_id": "",
                "nat_gateway_id": "",
                "network_interface_id": "",
                "odb_network_arn": "",
                "transit_gateway_id": "",
                "vpc_endpoint_id": "",
                "vpc_peering_connection_id": ""
              },
              {
                "carrier_gateway_id": "",
                "cidr_block": "0.0.0.0/0",
                "core_network_arn": "",
                "destination_prefix_list_id": "",
                "egress_only_gateway_id": "",
                "gateway_id": "",
                "instance_id": "",
                "ipv6_cidr_block": "",
                "local_gateway_id": "",
                "nat_gateway_id": "nat-027ddcafdf792348b",
                "network_interface_id": "",
                "odb_network_arn": "",
                "transit_gateway_id": "",
                "vpc_endpoint_id": "",
                "vpc_peering_connection_id": ""
              }
            ],
            "subnet_id": null,
            "tags": {
              "Name": "rt-private-app"
            },
            "timeouts": null,
            "vpc_id": "vpc-0beaaf51840498bae"
          },
          "sensitive_attributes": [],
          "identity_schema_version": 0
        }
      ]
    },
    {
      "module": "module.existing_network",
      "mode": "data",
      "type": "aws_route_table",
      "name": "private_data",
      "provider": "provider[\"registry.terraform.io/hashicorp/aws\"]",
      "instances": []
    },
    {
      "module": "module.existing_network",
      "mode": "data",
      "type": "aws_route_table",
      "name": "public",
      "provider": "provider[\"registry.terraform.io/hashicorp/aws\"]",
      "instances": [
        {
          "index_key": "rtb-0cf3c0a0cb31950de",
          "schema_version": 0,
          "attributes": {
            "arn": "arn:aws:ec2:ap-northeast-2:105959916837:route-table/rtb-0cf3c0a0cb31950de",
            "associations": [
              {
                "gateway_id": "",
                "main": false,
                "route_table_association_id": "rtbassoc-022df91b20686e3db",
                "route_table_id": "rtb-0cf3c0a0cb31950de",
                "subnet_id": "subnet-01048c2306043944b"
              },
              {
                "gateway_id": "",
                "main": false,
                "route_table_association_id": "rtbassoc-0fea69c0ce0e2c82b",
                "route_table_id": "rtb-0cf3c0a0cb31950de",
                "subnet_id": "subnet-0e4f74a9b41db30cd"
              }
            ],
            "filter": null,
            "gateway_id": null,
            "id": "rtb-0cf3c0a0cb31950de",
            "owner_id": "105959916837",
            "region": "ap-northeast-2",
            "route_table_id": "rtb-0cf3c0a0cb31950de",
            "routes": [
              {
                "carrier_gateway_id": "",
                "cidr_block": "0.0.0.0/0",
                "core_network_arn": "",
                "destination_prefix_list_id": "",
                "egress_only_gateway_id": "",
                "gateway_id": "igw-02cc153ccd9981c3f",
                "instance_id": "",
                "ipv6_cidr_block": "",
                "local_gateway_id": "",
                "nat_gateway_id": "",
                "network_interface_id": "",
                "odb_network_arn": "",
                "transit_gateway_id": "",
                "vpc_endpoint_id": "",
                "vpc_peering_connection_id": ""
              }
            ],
            "subnet_id": null,
            "tags": {
              "Name": "rt-public"
            },
            "timeouts": null,
            "vpc_id": "vpc-0beaaf51840498bae"
          },
          "sensitive_attributes": [],
          "identity_schema_version": 0
        }
      ]
    },
    {
      "module": "module.existing_network",
      "mode": "data",
      "type": "aws_subnet",
      "name": "private_app",
      "provider": "provider[\"registry.terraform.io/hashicorp/aws\"]",
      "instances": [
        {
          "index_key": "subnet-0399d1d5dc9043b69",
          "schema_version": 0,
          "attributes": {
            "arn": "arn:aws:ec2:ap-northeast-2:105959916837:subnet/subnet-0399d1d5dc9043b69",
            "assign_ipv6_address_on_creation": false,
            "availability_zone": "ap-northeast-2b",
            "availability_zone_id": "apne2-az2",
            "available_ip_address_count": 214,
            "cidr_block": "10.0.12.0/24",
            "customer_owned_ipv4_pool": "",
            "default_for_az": false,
            "enable_dns64": false,
            "enable_lni_at_device_index": 0,
            "enable_resource_name_dns_a_record_on_launch": false,
            "enable_resource_name_dns_aaaa_record_on_launch": false,
            "filter": null,
            "id": "subnet-0399d1d5dc9043b69",
            "ipv6_cidr_block": "",
            "ipv6_cidr_block_association_id": "",
            "ipv6_native": false,
            "map_customer_owned_ip_on_launch": false,
            "map_public_ip_on_launch": false,
            "outpost_arn": "",
            "owner_id": "105959916837",
            "private_dns_hostname_type_on_launch": "ip-name",
            "region": "ap-northeast-2",
            "state": "available",
            "tags": {
              "Name": "aws-private-app-2",
              "kubernetes.io/cluster/ai-care-dev-eks": "shared",
              "kubernetes.io/role/internal-elb": "1"
            },
            "timeouts": null,
            "vpc_id": "vpc-0beaaf51840498bae"
          },
          "sensitive_attributes": [],
          "identity_schema_version": 0
        },
        {
          "index_key": "subnet-05a7f50d03159ee6f",
          "schema_version": 0,
          "attributes": {
            "arn": "arn:aws:ec2:ap-northeast-2:105959916837:subnet/subnet-05a7f50d03159ee6f",
            "assign_ipv6_address_on_creation": false,
            "availability_zone": "ap-northeast-2a",
            "availability_zone_id": "apne2-az1",
            "available_ip_address_count": 232,
            "cidr_block": "10.0.11.0/24",
            "customer_owned_ipv4_pool": "",
            "default_for_az": false,
            "enable_dns64": false,
            "enable_lni_at_device_index": 0,
            "enable_resource_name_dns_a_record_on_launch": false,
            "enable_resource_name_dns_aaaa_record_on_launch": false,
            "filter": null,
            "id": "subnet-05a7f50d03159ee6f",
            "ipv6_cidr_block": "",
            "ipv6_cidr_block_association_id": "",
            "ipv6_native": false,
            "map_customer_owned_ip_on_launch": false,
            "map_public_ip_on_launch": false,
            "outpost_arn": "",
            "owner_id": "105959916837",
            "private_dns_hostname_type_on_launch": "ip-name",
            "region": "ap-northeast-2",
            "state": "available",
            "tags": {
              "Name": "aws-private-app-1",
              "kubernetes.io/cluster/ai-care-dev-eks": "shared",
              "kubernetes.io/role/internal-elb": "1"
            },
            "timeouts": null,
            "vpc_id": "vpc-0beaaf51840498bae"
          },
          "sensitive_attributes": [],
          "identity_schema_version": 0
        }
      ]
    },
    {
      "module": "module.existing_network",
      "mode": "data",
      "type": "aws_subnet",
      "name": "private_data",
      "provider": "provider[\"registry.terraform.io/hashicorp/aws\"]",
      "instances": [
        {
          "index_key": "subnet-0dc3cda5512b495ea",
          "schema_version": 0,
          "attributes": {
            "arn": "arn:aws:ec2:ap-northeast-2:105959916837:subnet/subnet-0dc3cda5512b495ea",
            "assign_ipv6_address_on_creation": false,
            "availability_zone": "ap-northeast-2a",
            "availability_zone_id": "apne2-az1",
            "available_ip_address_count": 250,
            "cidr_block": "10.0.21.0/24",
            "customer_owned_ipv4_pool": "",
            "default_for_az": false,
            "enable_dns64": false,
            "enable_lni_at_device_index": 0,
            "enable_resource_name_dns_a_record_on_launch": false,
            "enable_resource_name_dns_aaaa_record_on_launch": false,
            "filter": null,
            "id": "subnet-0dc3cda5512b495ea",
            "ipv6_cidr_block": "",
            "ipv6_cidr_block_association_id": "",
            "ipv6_native": false,
            "map_customer_owned_ip_on_launch": false,
            "map_public_ip_on_launch": false,
            "outpost_arn": "",
            "owner_id": "105959916837",
            "private_dns_hostname_type_on_launch": "ip-name",
            "region": "ap-northeast-2",
            "state": "available",
            "tags": {
              "Name": "aws-private-db-1"
            },
            "timeouts": null,
            "vpc_id": "vpc-0beaaf51840498bae"
          },
          "sensitive_attributes": [],
          "identity_schema_version": 0
        },
        {
          "index_key": "subnet-0f38008ce44c44a11",
          "schema_version": 0,
          "attributes": {
            "arn": "arn:aws:ec2:ap-northeast-2:105959916837:subnet/subnet-0f38008ce44c44a11",
            "assign_ipv6_address_on_creation": false,
            "availability_zone": "ap-northeast-2b",
            "availability_zone_id": "apne2-az2",
            "available_ip_address_count": 250,
            "cidr_block": "10.0.22.0/24",
            "customer_owned_ipv4_pool": "",
            "default_for_az": false,
            "enable_dns64": false,
            "enable_lni_at_device_index": 0,
            "enable_resource_name_dns_a_record_on_launch": false,
            "enable_resource_name_dns_aaaa_record_on_launch": false,
            "filter": null,
            "id": "subnet-0f38008ce44c44a11",
            "ipv6_cidr_block": "",
            "ipv6_cidr_block_association_id": "",
            "ipv6_native": false,
            "map_customer_owned_ip_on_launch": false,
            "map_public_ip_on_launch": false,
            "outpost_arn": "",
            "owner_id": "105959916837",
            "private_dns_hostname_type_on_launch": "ip-name",
            "region": "ap-northeast-2",
            "state": "available",
            "tags": {
              "Name": "aws-private-db-2"
            },
            "timeouts": null,
            "vpc_id": "vpc-0beaaf51840498bae"
          },
          "sensitive_attributes": [],
          "identity_schema_version": 0
        }
      ]
    },
    {
      "module": "module.existing_network",
      "mode": "data",
      "type": "aws_subnet",
      "name": "public",
      "provider": "provider[\"registry.terraform.io/hashicorp/aws\"]",
      "instances": [
        {
          "index_key": "subnet-01048c2306043944b",
          "schema_version": 0,
          "attributes": {
            "arn": "arn:aws:ec2:ap-northeast-2:105959916837:subnet/subnet-01048c2306043944b",
            "assign_ipv6_address_on_creation": false,
            "availability_zone": "ap-northeast-2b",
            "availability_zone_id": "apne2-az2",
            "available_ip_address_count": 250,
            "cidr_block": "10.0.2.0/24",
            "customer_owned_ipv4_pool": "",
            "default_for_az": false,
            "enable_dns64": false,
            "enable_lni_at_device_index": 0,
            "enable_resource_name_dns_a_record_on_launch": false,
            "enable_resource_name_dns_aaaa_record_on_launch": false,
            "filter": null,
            "id": "subnet-01048c2306043944b",
            "ipv6_cidr_block": "",
            "ipv6_cidr_block_association_id": "",
            "ipv6_native": false,
            "map_customer_owned_ip_on_launch": false,
            "map_public_ip_on_launch": true,
            "outpost_arn": "",
            "owner_id": "105959916837",
            "private_dns_hostname_type_on_launch": "ip-name",
            "region": "ap-northeast-2",
            "state": "available",
            "tags": {
              "Name": "aws-public-web-2",
              "kubernetes.io/cluster/ai-care-dev-eks": "shared",
              "kubernetes.io/role/elb": "1"
            },
            "timeouts": null,
            "vpc_id": "vpc-0beaaf51840498bae"
          },
          "sensitive_attributes": [],
          "identity_schema_version": 0
        },
        {
          "index_key": "subnet-0e4f74a9b41db30cd",
          "schema_version": 0,
          "attributes": {
            "arn": "arn:aws:ec2:ap-northeast-2:105959916837:subnet/subnet-0e4f74a9b41db30cd",
            "assign_ipv6_address_on_creation": false,
            "availability_zone": "ap-northeast-2a",
            "availability_zone_id": "apne2-az1",
            "available_ip_address_count": 248,
            "cidr_block": "10.0.1.0/24",
            "customer_owned_ipv4_pool": "",
            "default_for_az": false,
            "enable_dns64": false,
            "enable_lni_at_device_index": 0,
            "enable_resource_name_dns_a_record_on_launch": false,
            "enable_resource_name_dns_aaaa_record_on_launch": false,
            "filter": null,
            "id": "subnet-0e4f74a9b41db30cd",
            "ipv6_cidr_block": "",
            "ipv6_cidr_block_association_id": "",
            "ipv6_native": false,
            "map_customer_owned_ip_on_launch": false,
            "map_public_ip_on_launch": true,
            "outpost_arn": "",
            "owner_id": "105959916837",
            "private_dns_hostname_type_on_launch": "ip-name",
            "region": "ap-northeast-2",
            "state": "available",
            "tags": {
              "Name": "aws-public-web-1",
              "kubernetes.io/cluster/ai-care-dev-eks": "shared",
              "kubernetes.io/role/elb": "1"
            },
            "timeouts": null,
            "vpc_id": "vpc-0beaaf51840498bae"
          },
          "sensitive_attributes": [],
          "identity_schema_version": 0
        }
      ]
    },
    {
      "module": "module.existing_network",
      "mode": "data",
      "type": "aws_vpc",
      "name": "service",
      "provider": "provider[\"registry.terraform.io/hashicorp/aws\"]",
      "instances": [
        {
          "schema_version": 0,
          "attributes": {
            "arn": "arn:aws:ec2:ap-northeast-2:105959916837:vpc/vpc-0beaaf51840498bae",
            "cidr_block": "10.0.0.0/16",
            "cidr_block_associations": [
              {
                "association_id": "vpc-cidr-assoc-0706370d5ee346ef2",
                "cidr_block": "10.0.0.0/16",
                "state": "associated"
              }
            ],
            "default": false,
            "dhcp_options_id": "dopt-093be3511663466ea",
            "enable_dns_hostnames": true,
            "enable_dns_support": true,
            "enable_network_address_usage_metrics": false,
            "filter": null,
            "id": "vpc-0beaaf51840498bae",
            "instance_tenancy": "default",
            "ipv6_association_id": "",
            "ipv6_cidr_block": "",
            "main_route_table_id": "rtb-08043b53d6e2d7d8a",
            "owner_id": "105959916837",
            "region": "ap-northeast-2",
            "state": null,
            "tags": {
              "Name": "aws-vpc"
            },
            "timeouts": null
          },
          "sensitive_attributes": [],
          "identity_schema_version": 0
        }
      ]
    },
    {
      "module": "module.helm",
      "mode": "managed",
      "type": "helm_release",
      "name": "metrics_server",
      "provider": "provider[\"registry.terraform.io/hashicorp/helm\"]",
      "instances": [
        {
          "schema_version": 1,
          "attributes": {
            "atomic": false,
            "chart": "metrics-server",
            "cleanup_on_fail": false,
            "create_namespace": false,
            "dependency_update": false,
            "description": null,
            "devel": null,
            "disable_crd_hooks": false,
            "disable_openapi_validation": false,
            "disable_webhooks": false,
            "force_update": false,
            "id": "metrics-server",
            "keyring": null,
            "lint": false,
            "manifest": null,
            "max_history": 0,
            "metadata": [
              {
                "app_version": "0.8.0",
                "chart": "metrics-server",
                "first_deployed": 1780583251,
                "last_deployed": 1780583251,
                "name": "metrics-server",
                "namespace": "kube-system",
                "notes": "***********************************************************************\n* Metrics Server                                                      *\n***********************************************************************\n  Chart version: 3.13.0\n  App version:   0.8.0\n  Image tag:     registry.k8s.io/metrics-server/metrics-server:v0.8.0\n***********************************************************************\n",
                "revision": 1,
                "values": "{\"args\":[\"--kubelet-insecure-tls\"]}",
                "version": "3.13.0"
              }
            ],
            "name": "metrics-server",
            "namespace": "kube-system",
            "pass_credentials": false,
            "postrender": [],
            "recreate_pods": false,
            "render_subchart_notes": true,
            "replace": false,
            "repository": "https://kubernetes-sigs.github.io/metrics-server/",
            "repository_ca_file": null,
            "repository_cert_file": null,
            "repository_key_file": null,
            "repository_password": null,
            "repository_username": null,
            "reset_values": false,
            "reuse_values": false,
            "set": [
              {
                "name": "args",
                "type": "",
                "value": "{--kubelet-insecure-tls}"
              }
            ],
            "set_list": [],
            "set_sensitive": [],
            "skip_crds": false,
            "status": "deployed",
            "timeout": 300,
            "upgrade_install": null,
            "values": null,
            "verify": false,
            "version": "3.13.0",
            "wait": true,
            "wait_for_jobs": false
          },
          "sensitive_attributes": [
            [
              {
                "type": "get_attr",
                "value": "repository_password"
              }
            ]
          ],
          "identity_schema_version": 0,
          "private": "eyJzY2hlbWFfdmVyc2lvbiI6IjEifQ==",
          "dependencies": [
            "module.eks.aws_ec2_tag.cluster_discovery",
            "module.eks.aws_ec2_tag.private_internal_elb_discovery",
            "module.eks.aws_ec2_tag.public_elb_discovery",
            "module.eks.aws_eks_addon.this",
            "module.eks.aws_eks_cluster.this",
            "module.eks.aws_eks_node_group.this",
            "module.eks.aws_iam_openid_connect_provider.eks",
            "module.eks.aws_iam_role.cluster",
            "module.eks.aws_iam_role.node",
            "module.eks.aws_iam_role_policy_attachment.cluster_policy",
            "module.eks.aws_iam_role_policy_attachment.node_cni",
            "module.eks.aws_iam_role_policy_attachment.node_ecr_readonly",
            "module.eks.aws_iam_role_policy_attachment.node_worker",
            "module.eks.data.aws_region.current",
            "module.eks.data.tls_certificate.oidc",
            "module.existing_network.data.aws_vpc.service",
            "module.security.aws_security_group.eks_node",
            "module.service_nat_gateway.aws_eip.nat",
            "module.service_nat_gateway.aws_nat_gateway.this",
            "module.service_nat_gateway.aws_route.private_app_default_to_nat"
          ]
        }
      ]
    },
    {
      "module": "module.k8s",
      "mode": "managed",
      "type": "kubernetes_deployment",
      "name": "nginx",
      "provider": "provider[\"registry.terraform.io/hashicorp/kubernetes\"]",
      "instances": [
        {
          "schema_version": 1,
          "attributes": {
            "id": "default/nginx",
            "metadata": [
              {
                "annotations": {},
                "generate_name": "",
                "generation": 1,
                "labels": {
                  "app": "nginx"
                },
                "name": "nginx",
                "namespace": "default",
                "resource_version": "160947",
                "uid": "78f82354-b8fb-4402-91bd-41150b68ffcd"
              }
            ],
            "spec": [
              {
                "min_ready_seconds": 0,
                "paused": false,
                "progress_deadline_seconds": 600,
                "replicas": "1",
                "revision_history_limit": 10,
                "selector": [
                  {
                    "match_expressions": [],
                    "match_labels": {
                      "app": "nginx"
                    }
                  }
                ],
                "strategy": [
                  {
                    "rolling_update": [
                      {
                        "max_surge": "25%",
                        "max_unavailable": "25%"
                      }
                    ],
                    "type": "RollingUpdate"
                  }
                ],
                "template": [
                  {
                    "metadata": [
                      {
                        "annotations": {},
                        "generate_name": "",
                        "generation": 0,
                        "labels": {
                          "app": "nginx"
                        },
                        "name": "",
                        "namespace": "",
                        "resource_version": "",
                        "uid": ""
                      }
                    ],
                    "spec": [
                      {
                        "active_deadline_seconds": 0,
                        "affinity": [],
                        "automount_service_account_token": true,
                        "container": [
                          {
                            "args": [],
                            "command": [],
                            "env": [],
                            "env_from": [],
                            "image": "nginx",
                            "image_pull_policy": "Always",
                            "lifecycle": [],
                            "liveness_probe": [],
                            "name": "nginx",
                            "port": [
                              {
                                "container_port": 80,
                                "host_ip": "",
                                "host_port": 0,
                                "name": "",
                                "protocol": "TCP"
                              }
                            ],
                            "readiness_probe": [],
                            "resources": [
                              {
                                "limits": {
                                  "cpu": "500m",
                                  "memory": "256Mi"
                                },
                                "requests": {
                                  "cpu": "100m",
                                  "memory": "128Mi"
                                }
                              }
                            ],
                            "security_context": [],
                            "startup_probe": [],
                            "stdin": false,
                            "stdin_once": false,
                            "termination_message_path": "/dev/termination-log",
                            "termination_message_policy": "File",
                            "tty": false,
                            "volume_device": [],
                            "volume_mount": [],
                            "working_dir": ""
                          }
                        ],
                        "dns_config": [],
                        "dns_policy": "ClusterFirst",
                        "enable_service_links": true,
                        "host_aliases": [],
                        "host_ipc": false,
                        "host_network": false,
                        "host_pid": false,
                        "hostname": "",
                        "image_pull_secrets": [],
                        "init_container": [],
                        "node_name": "",
                        "node_selector": {},
                        "os": [],
                        "priority_class_name": "",
                        "readiness_gate": [],
                        "restart_policy": "Always",
                        "runtime_class_name": "",
                        "scheduler_name": "default-scheduler",
                        "security_context": [],
                        "service_account_name": "",
                        "share_process_namespace": false,
                        "subdomain": "",
                        "termination_grace_period_seconds": 30,
                        "toleration": [],
                        "topology_spread_constraint": [],
                        "volume": []
                      }
                    ]
                  }
                ]
              }
            ],
            "timeouts": null,
            "wait_for_rollout": true
          },
          "sensitive_attributes": [],
          "identity_schema_version": 1,
          "identity": {
            "api_version": "apps/v1",
            "kind": "Deployment",
            "name": "nginx",
            "namespace": "default"
          },
          "private": "eyJlMmJmYjczMC1lY2FhLTExZTYtOGY4OC0zNDM2M2JjN2M0YzAiOnsiY3JlYXRlIjo2MDAwMDAwMDAwMDAsImRlbGV0ZSI6NjAwMDAwMDAwMDAwLCJ1cGRhdGUiOjYwMDAwMDAwMDAwMH0sInNjaGVtYV92ZXJzaW9uIjoiMSJ9",
          "dependencies": [
            "module.eks.aws_ec2_tag.cluster_discovery",
            "module.eks.aws_ec2_tag.private_internal_elb_discovery",
            "module.eks.aws_ec2_tag.public_elb_discovery",
            "module.eks.aws_eks_addon.this",
            "module.eks.aws_eks_cluster.this",
            "module.eks.aws_eks_node_group.this",
            "module.eks.aws_iam_openid_connect_provider.eks",
            "module.eks.aws_iam_role.cluster",
            "module.eks.aws_iam_role.node",
            "module.eks.aws_iam_role_policy_attachment.cluster_policy",
            "module.eks.aws_iam_role_policy_attachment.node_cni",
            "module.eks.aws_iam_role_policy_attachment.node_ecr_readonly",
            "module.eks.aws_iam_role_policy_attachment.node_worker",
            "module.eks.data.aws_region.current",
            "module.eks.data.tls_certificate.oidc",
            "module.existing_network.data.aws_vpc.service",
            "module.helm.helm_release.metrics_server",
            "module.security.aws_security_group.eks_node",
            "module.service_nat_gateway.aws_eip.nat",
            "module.service_nat_gateway.aws_nat_gateway.this",
            "module.service_nat_gateway.aws_route.private_app_default_to_nat"
          ]
        }
      ]
    },
    {
      "module": "module.k8s",
      "mode": "managed",
      "type": "kubernetes_horizontal_pod_autoscaler_v2",
      "name": "nginx_hpa",
      "provider": "provider[\"registry.terraform.io/hashicorp/kubernetes\"]",
      "instances": [
        {
          "schema_version": 0,
          "attributes": {
            "id": "default/nginx-hpa",
            "metadata": [
              {
                "annotations": {},
                "generate_name": "",
                "generation": 0,
                "labels": {},
                "name": "nginx-hpa",
                "namespace": "default",
                "resource_version": "162019",
                "uid": "c2f882da-2faa-4492-9d63-784816a406d5"
              }
            ],
            "spec": [
              {
                "behavior": [
                  {
                    "scale_down": [
                      {
                        "policy": [
                          {
                            "period_seconds": 15,
                            "type": "Percent",
                            "value": 100
                          }
                        ],
                        "select_policy": "Max",
                        "stabilization_window_seconds": 0
                      }
                    ],
                    "scale_up": [
                      {
                        "policy": [
                          {
                            "period_seconds": 15,
                            "type": "Pods",
                            "value": 4
                          },
                          {
                            "period_seconds": 15,
                            "type": "Percent",
                            "value": 100
                          }
                        ],
                        "select_policy": "Max",
                        "stabilization_window_seconds": 0
                      }
                    ]
                  }
                ],
                "max_replicas": 5,
                "metric": [
                  {
                    "container_resource": [],
                    "external": [],
                    "object": [],
                    "pods": [],
                    "resource": [
                      {
                        "name": "cpu",
                        "target": [
                          {
                            "average_utilization": 50,
                            "average_value": "",
                            "type": "Utilization",
                            "value": ""
                          }
                        ]
                      }
                    ],
                    "type": "Resource"
                  }
                ],
                "min_replicas": 1,
                "scale_target_ref": [
                  {
                    "api_version": "apps/v1",
                    "kind": "Deployment",
                    "name": "nginx"
                  }
                ],
                "target_cpu_utilization_percentage": 0
              }
            ]
          },
          "sensitive_attributes": [],
          "identity_schema_version": 1,
          "identity": {
            "api_version": "autoscaling/v2",
            "kind": "HorizontalPodAutoscaler",
            "name": "nginx-hpa",
            "namespace": "default"
          },
          "private": "bnVsbA==",
          "dependencies": [
            "module.eks.aws_ec2_tag.cluster_discovery",
            "module.eks.aws_ec2_tag.private_internal_elb_discovery",
            "module.eks.aws_ec2_tag.public_elb_discovery",
            "module.eks.aws_eks_addon.this",
            "module.eks.aws_eks_cluster.this",
            "module.eks.aws_eks_node_group.this",
            "module.eks.aws_iam_openid_connect_provider.eks",
            "module.eks.aws_iam_role.cluster",
            "module.eks.aws_iam_role.node",
            "module.eks.aws_iam_role_policy_attachment.cluster_policy",
            "module.eks.aws_iam_role_policy_attachment.node_cni",
            "module.eks.aws_iam_role_policy_attachment.node_ecr_readonly",
            "module.eks.aws_iam_role_policy_attachment.node_worker",
            "module.eks.data.aws_region.current",
            "module.eks.data.tls_certificate.oidc",
            "module.existing_network.data.aws_vpc.service",
            "module.helm.helm_release.metrics_server",
            "module.k8s.kubernetes_deployment.nginx",
            "module.security.aws_security_group.eks_node",
            "module.service_nat_gateway.aws_eip.nat",
            "module.service_nat_gateway.aws_nat_gateway.this",
            "module.service_nat_gateway.aws_route.private_app_default_to_nat"
          ]
        }
      ]
    },
    {
      "module": "module.onprem_compute",
      "mode": "data",
      "type": "aws_ami",
      "name": "ubuntu_2204",
      "provider": "provider[\"registry.terraform.io/hashicorp/aws\"]",
      "instances": [
        {
          "index_key": 0,
          "schema_version": 0,
          "attributes": {
            "allow_unsafe_filter": null,
            "architecture": "x86_64",
            "arn": "arn:aws:ec2:ap-northeast-2::image/ami-09a72717a566d88fa",
            "block_device_mappings": [
              {
                "device_name": "/dev/sda1",
                "ebs": {
                  "delete_on_termination": "true",
                  "encrypted": "false",
                  "iops": "0",
                  "snapshot_id": "snap-01a48fc0fa1bb6012",
                  "throughput": "0",
                  "volume_initialization_rate": "0",
                  "volume_size": "8",
                  "volume_type": "gp2"
                },
                "no_device": "",
                "virtual_name": ""
              },
              {
                "device_name": "/dev/sdb",
                "ebs": {},
                "no_device": "",
                "virtual_name": "ephemeral0"
              },
              {
                "device_name": "/dev/sdc",
                "ebs": {},
                "no_device": "",
                "virtual_name": "ephemeral1"
              }
            ],
            "boot_mode": "uefi-preferred",
            "creation_date": "2026-06-02T07:05:44.000Z",
            "deprecation_time": "2028-06-02T07:05:44.000Z",
            "description": "Canonical, Ubuntu, 22.04, amd64 jammy image",
            "ena_support": true,
            "executable_users": null,
            "filter": [
              {
                "name": "architecture",
                "values": [
                  "x86_64"
                ]
              },
              {
                "name": "name",
                "values": [
                  "ubuntu/images/hvm-ssd/ubuntu-jammy-22.04-amd64-server-*"
                ]
              },
              {
                "name": "virtualization-type",
                "values": [
                  "hvm"
                ]
              }
            ],
            "hypervisor": "xen",
            "id": "ami-09a72717a566d88fa",
            "image_id": "ami-09a72717a566d88fa",
            "image_location": "amazon/ubuntu/images/hvm-ssd/ubuntu-jammy-22.04-amd64-server-20260602",
            "image_owner_alias": "amazon",
            "image_type": "machine",
            "imds_support": "",
            "include_deprecated": false,
            "kernel_id": "",
            "last_launched_time": "",
            "most_recent": true,
            "name": "ubuntu/images/hvm-ssd/ubuntu-jammy-22.04-amd64-server-20260602",
            "name_regex": null,
            "owner_id": "099720109477",
            "owners": [
              "099720109477"
            ],
            "platform": "",
            "platform_details": "Linux/UNIX",
            "product_codes": [],
            "public": true,
            "ramdisk_id": "",
            "region": "ap-northeast-2",
            "root_device_name": "/dev/sda1",
            "root_device_type": "ebs",
            "root_snapshot_id": "snap-01a48fc0fa1bb6012",
            "sriov_net_support": "simple",
            "state": "available",
            "state_reason": {
              "code": "UNSET",
              "message": "UNSET"
            },
            "tags": {},
            "timeouts": null,
            "tpm_support": "",
            "uefi_data": null,
            "usage_operation": "RunInstances",
            "virtualization_type": "hvm"
          },
          "sensitive_attributes": [],
          "identity_schema_version": 0
        }
      ]
    },
    {
      "module": "module.onprem_compute",
      "mode": "managed",
      "type": "aws_eip",
      "name": "strongswan",
      "provider": "provider[\"registry.terraform.io/hashicorp/aws\"]",
      "instances": [
        {
          "schema_version": 0,
          "attributes": {
            "address": null,
            "allocation_id": "eipalloc-0ef07abf0a72a5575",
            "arn": "arn:aws:ec2:ap-northeast-2:105959916837:elastic-ip/eipalloc-0ef07abf0a72a5575",
            "associate_with_private_ip": null,
            "association_id": "eipassoc-0c996b34a5d767b22",
            "carrier_ip": "",
            "customer_owned_ip": "",
            "customer_owned_ipv4_pool": "",
            "domain": "vpc",
            "id": "eipalloc-0ef07abf0a72a5575",
            "instance": "i-004787b3aa2563b80",
            "ipam_pool_id": "",
            "network_border_group": "ap-northeast-2",
            "network_interface": "eni-0346f2dde6737f803",
            "private_dns": "ip-172-16-1-10.ap-northeast-2.compute.internal",
            "private_ip": "172.16.1.10",
            "ptr_record": "",
            "public_dns": "ec2-3-35-38-30.ap-northeast-2.compute.amazonaws.com",
            "public_ip": "3.35.38.30",
            "public_ipv4_pool": "amazon",
            "region": "ap-northeast-2",
            "tags": {
              "Environment": "dev",
              "ManagedBy": "terraform",
              "Name": "ai-care-dev-onprem-strongswan-eip",
              "Project": "ai-care",
              "Scope": "infra-only"
            },
            "tags_all": {
              "Environment": "dev",
              "ManagedBy": "terraform",
              "Name": "ai-care-dev-onprem-strongswan-eip",
              "Project": "ai-care",
              "Scope": "infra-only"
            },
            "timeouts": null
          },
          "sensitive_attributes": [],
          "identity_schema_version": 0,
          "identity": {
            "account_id": "105959916837",
            "id": "eipalloc-0ef07abf0a72a5575",
            "region": "ap-northeast-2"
          },
          "private": "eyJlMmJmYjczMC1lY2FhLTExZTYtOGY4OC0zNDM2M2JjN2M0YzAiOnsiZGVsZXRlIjoxODAwMDAwMDAwMDAsInJlYWQiOjkwMDAwMDAwMDAwMCwidXBkYXRlIjozMDAwMDAwMDAwMDB9fQ=="
        }
      ]
    },
    {
      "module": "module.onprem_compute",
      "mode": "managed",
      "type": "aws_eip_association",
      "name": "strongswan",
      "provider": "provider[\"registry.terraform.io/hashicorp/aws\"]",
      "instances": [
        {
          "schema_version": 0,
          "attributes": {
            "allocation_id": "eipalloc-0ef07abf0a72a5575",
            "allow_reassociation": null,
            "id": "eipassoc-0c2a57c9ff2209671",
            "instance_id": "i-0f38d5eb07e41d0e7",
            "network_interface_id": "eni-090e0bb74c9293374",
            "private_ip_address": "172.16.1.10",
            "public_ip": "3.35.38.30",
            "region": "ap-northeast-2"
          },
          "sensitive_attributes": [],
          "identity_schema_version": 0,
          "private": "bnVsbA==",
          "dependencies": [
            "module.onprem_compute.aws_eip.strongswan",
            "module.onprem_compute.aws_iam_instance_profile.onprem_ssm_profile",
            "module.onprem_compute.aws_iam_role.onprem_ssm_role",
            "module.onprem_compute.aws_instance.strongswan",
            "module.onprem_compute.data.aws_ami.ubuntu_2204",
            "module.onprem_network.data.aws_subnet.public",
            "module.onprem_network.data.aws_vpc.onprem",
            "module.security.aws_security_group.strongswan"
          ]
        }
      ]
    },
    {
      "module": "module.onprem_compute",
      "mode": "managed",
      "type": "aws_iam_instance_profile",
      "name": "onprem_ssm_profile",
      "provider": "provider[\"registry.terraform.io/hashicorp/aws\"]",
      "instances": [
        {
          "schema_version": 0,
          "attributes": {
            "arn": "arn:aws:iam::105959916837:instance-profile/ai-care-dev-onprem-ssm-profile",
            "create_date": "2026-06-05T01:02:50Z",
            "id": "ai-care-dev-onprem-ssm-profile",
            "name": "ai-care-dev-onprem-ssm-profile",
            "name_prefix": "",
            "path": "/",
            "role": "ai-care-dev-onprem-ssm-role",
            "tags": {},
            "tags_all": {
              "Environment": "dev",
              "ManagedBy": "terraform",
              "Project": "ai-care",
              "Scope": "infra-only"
            },
            "unique_id": "AIPARRK5UAUSWB5CD6AD5"
          },
          "sensitive_attributes": [],
          "identity_schema_version": 0,
          "identity": {
            "account_id": "105959916837",
            "name": "ai-care-dev-onprem-ssm-profile"
          },
          "private": "bnVsbA==",
          "dependencies": [
            "module.onprem_compute.aws_iam_role.onprem_ssm_role"
          ]
        }
      ]
    },
    {
      "module": "module.onprem_compute",
      "mode": "managed",
      "type": "aws_iam_role",
      "name": "onprem_ssm_role",
      "provider": "provider[\"registry.terraform.io/hashicorp/aws\"]",
      "instances": [
        {
          "schema_version": 0,
          "attributes": {
            "arn": "arn:aws:iam::105959916837:role/ai-care-dev-onprem-ssm-role",
            "assume_role_policy": "{\"Statement\":[{\"Action\":\"sts:AssumeRole\",\"Effect\":\"Allow\",\"Principal\":{\"Service\":\"ec2.amazonaws.com\"}}],\"Version\":\"2012-10-17\"}",
            "create_date": "2026-06-05T01:02:48Z",
            "description": "",
            "force_detach_policies": false,
            "id": "ai-care-dev-onprem-ssm-role",
            "inline_policy": [],
            "managed_policy_arns": [
              "arn:aws:iam::aws:policy/AmazonSSMManagedInstanceCore"
            ],
            "max_session_duration": 3600,
            "name": "ai-care-dev-onprem-ssm-role",
            "name_prefix": "",
            "path": "/",
            "permissions_boundary": "",
            "tags": {},
            "tags_all": {
              "Environment": "dev",
              "ManagedBy": "terraform",
              "Project": "ai-care",
              "Scope": "infra-only"
            },
            "unique_id": "AROARRK5UAUS6T5GJAULX"
          },
          "sensitive_attributes": [],
          "identity_schema_version": 0,
          "identity": {
            "account_id": "105959916837",
            "name": "ai-care-dev-onprem-ssm-role"
          },
          "private": "bnVsbA=="
        }
      ]
    },
    {
      "module": "module.onprem_compute",
      "mode": "managed",
      "type": "aws_iam_role_policy_attachment",
      "name": "onprem_ssm_core",
      "provider": "provider[\"registry.terraform.io/hashicorp/aws\"]",
      "instances": [
        {
          "schema_version": 0,
          "attributes": {
            "id": "ai-care-dev-onprem-ssm-role/arn:aws:iam::aws:policy/AmazonSSMManagedInstanceCore",
            "policy_arn": "arn:aws:iam::aws:policy/AmazonSSMManagedInstanceCore",
            "role": "ai-care-dev-onprem-ssm-role"
          },
          "sensitive_attributes": [],
          "identity_schema_version": 0,
          "identity": {
            "account_id": "105959916837",
            "policy_arn": "arn:aws:iam::aws:policy/AmazonSSMManagedInstanceCore",
            "role": "ai-care-dev-onprem-ssm-role"
          },
          "private": "bnVsbA==",
          "dependencies": [
            "module.onprem_compute.aws_iam_role.onprem_ssm_role"
          ]
        }
      ]
    },
    {
      "module": "module.onprem_compute",
      "mode": "managed",
      "type": "aws_instance",
      "name": "fastapi",
      "provider": "provider[\"registry.terraform.io/hashicorp/aws\"]",
      "instances": [
        {
          "schema_version": 2,
          "attributes": {
            "ami": "ami-09a72717a566d88fa",
            "arn": "arn:aws:ec2:ap-northeast-2:105959916837:instance/i-0ca54d1f9a65b8658",
            "associate_public_ip_address": false,
            "availability_zone": "ap-northeast-2a",
            "capacity_reservation_specification": [
              {
                "capacity_reservation_preference": "open",
                "capacity_reservation_target": []
              }
            ],
            "cpu_options": [
              {
                "amd_sev_snp": "",
                "core_count": 1,
                "nested_virtualization": "",
                "threads_per_core": 2
              }
            ],
            "credit_specification": [
              {
                "cpu_credits": "unlimited"
              }
            ],
            "disable_api_stop": false,
            "disable_api_termination": false,
            "ebs_block_device": [],
            "ebs_optimized": false,
            "enable_primary_ipv6": null,
            "enclave_options": [
              {
                "enabled": false
              }
            ],
            "ephemeral_block_device": [],
            "force_destroy": false,
            "get_password_data": false,
            "hibernation": false,
            "host_id": "",
            "host_resource_group_arn": null,
            "iam_instance_profile": "ai-care-dev-onprem-ssm-profile",
            "id": "i-0ca54d1f9a65b8658",
            "instance_initiated_shutdown_behavior": "stop",
            "instance_lifecycle": "",
            "instance_market_options": [],
            "instance_state": "running",
            "instance_type": "t3.micro",
            "ipv6_address_count": 0,
            "ipv6_addresses": [],
            "key_name": "",
            "launch_template": [],
            "maintenance_options": [
              {
                "auto_recovery": "default"
              }
            ],
            "metadata_options": [
              {
                "http_endpoint": "enabled",
                "http_protocol_ipv6": "disabled",
                "http_put_response_hop_limit": 1,
                "http_tokens": "required",
                "instance_metadata_tags": "disabled"
              }
            ],
            "monitoring": false,
            "network_interface": [],
            "outpost_arn": "",
            "password_data": "",
            "placement_group": "",
            "placement_group_id": "",
            "placement_partition_number": 0,
            "primary_network_interface": [
              {
                "delete_on_termination": true,
                "network_interface_id": "eni-03ac7f159a60a6dc1"
              }
            ],
            "primary_network_interface_id": "eni-03ac7f159a60a6dc1",
            "private_dns": "ip-172-16-10-10.ap-northeast-2.compute.internal",
            "private_dns_name_options": [
              {
                "enable_resource_name_dns_a_record": false,
                "enable_resource_name_dns_aaaa_record": false,
                "hostname_type": "ip-name"
              }
            ],
            "private_ip": "172.16.10.10",
            "public_dns": "",
            "public_ip": "",
            "region": "ap-northeast-2",
            "root_block_device": [
              {
                "delete_on_termination": true,
                "device_name": "/dev/sda1",
                "encrypted": true,
                "iops": 100,
                "kms_key_id": "arn:aws:kms:ap-northeast-2:105959916837:key/4824ad2b-835d-4e6a-887c-088e03f60f1c",
                "tags": {},
                "tags_all": {
                  "Environment": "dev",
                  "ManagedBy": "terraform",
                  "Project": "ai-care",
                  "Scope": "infra-only"
                },
                "throughput": 0,
                "volume_id": "vol-0c93f0cb9cdd1747b",
                "volume_size": 20,
                "volume_type": "gp2"
              }
            ],
            "secondary_network_interface": [],
            "secondary_private_ips": [],
            "security_groups": [],
            "source_dest_check": true,
            "spot_instance_request_id": "",
            "subnet_id": "subnet-0652c89ea58554194",
            "tags": {
              "Environment": "dev",
              "ManagedBy": "terraform",
              "Name": "ai-care-dev-onprem-fastapi-placeholder",
              "Project": "ai-care",
              "Role": "fastapi-placeholder",
              "Scope": "infra-only"
            },
            "tags_all": {
              "Environment": "dev",
              "ManagedBy": "terraform",
              "Name": "ai-care-dev-onprem-fastapi-placeholder",
              "Project": "ai-care",
              "Role": "fastapi-placeholder",
              "Scope": "infra-only"
            },
            "tenancy": "default",
            "timeouts": null,
            "user_data": "#!/bin/bash\r\nset -euo pipefail\r\n\r\ndnf update -y\r\n\r\ncat \u003e/etc/motd \u003c\u003cEOF\r\nAI Care On-Prem FastAPI placeholder\r\n\r\nExpected placeholder port: 9000\r\nThe actual FastAPI application is intentionally not installed in infra-only apply.\r\nEOF\r\n",
            "user_data_base64": null,
            "user_data_replace_on_change": false,
            "volume_tags": null,
            "vpc_security_group_ids": [
              "sg-05c5e51e00e250d37"
            ]
          },
          "sensitive_attributes": [],
          "identity_schema_version": 0,
          "identity": {
            "account_id": "105959916837",
            "id": "i-0ca54d1f9a65b8658",
            "region": "ap-northeast-2"
          },
          "private": "eyJlMmJmYjczMC1lY2FhLTExZTYtOGY4OC0zNDM2M2JjN2M0YzAiOnsiY3JlYXRlIjo2MDAwMDAwMDAwMDAsImRlbGV0ZSI6MTIwMDAwMDAwMDAwMCwicmVhZCI6OTAwMDAwMDAwMDAwLCJ1cGRhdGUiOjYwMDAwMDAwMDAwMH0sInNjaGVtYV92ZXJzaW9uIjoiMiJ9",
          "dependencies": [
            "module.onprem_compute.aws_iam_instance_profile.onprem_ssm_profile",
            "module.onprem_compute.aws_iam_role.onprem_ssm_role",
            "module.onprem_compute.data.aws_ami.ubuntu_2204",
            "module.onprem_network.data.aws_subnet.private",
            "module.onprem_network.data.aws_vpc.onprem",
            "module.security.aws_security_group.fastapi"
          ]
        }
      ]
    },
    {
      "module": "module.onprem_compute",
      "mode": "managed",
      "type": "aws_instance",
      "name": "onprem_postgres",
      "provider": "provider[\"registry.terraform.io/hashicorp/aws\"]",
      "instances": [
        {
          "schema_version": 2,
          "attributes": {
            "ami": "ami-09a72717a566d88fa",
            "arn": "arn:aws:ec2:ap-northeast-2:105959916837:instance/i-05f3b262a432e6540",
            "associate_public_ip_address": false,
            "availability_zone": "ap-northeast-2a",
            "capacity_reservation_specification": [
              {
                "capacity_reservation_preference": "open",
                "capacity_reservation_target": []
              }
            ],
            "cpu_options": [
              {
                "amd_sev_snp": "",
                "core_count": 1,
                "nested_virtualization": "",
                "threads_per_core": 2
              }
            ],
            "credit_specification": [
              {
                "cpu_credits": "unlimited"
              }
            ],
            "disable_api_stop": false,
            "disable_api_termination": false,
            "ebs_block_device": [],
            "ebs_optimized": false,
            "enable_primary_ipv6": null,
            "enclave_options": [
              {
                "enabled": false
              }
            ],
            "ephemeral_block_device": [],
            "force_destroy": false,
            "get_password_data": false,
            "hibernation": false,
            "host_id": "",
            "host_resource_group_arn": null,
            "iam_instance_profile": "ai-care-dev-onprem-ssm-profile",
            "id": "i-05f3b262a432e6540",
            "instance_initiated_shutdown_behavior": "stop",
            "instance_lifecycle": "",
            "instance_market_options": [],
            "instance_state": "running",
            "instance_type": "t3.micro",
            "ipv6_address_count": 0,
            "ipv6_addresses": [],
            "key_name": "",
            "launch_template": [],
            "maintenance_options": [
              {
                "auto_recovery": "default"
              }
            ],
            "metadata_options": [
              {
                "http_endpoint": "enabled",
                "http_protocol_ipv6": "disabled",
                "http_put_response_hop_limit": 1,
                "http_tokens": "required",
                "instance_metadata_tags": "disabled"
              }
            ],
            "monitoring": false,
            "network_interface": [],
            "outpost_arn": "",
            "password_data": "",
            "placement_group": "",
            "placement_group_id": "",
            "placement_partition_number": 0,
            "primary_network_interface": [
              {
                "delete_on_termination": true,
                "network_interface_id": "eni-0dfae994d0c913b25"
              }
            ],
            "primary_network_interface_id": "eni-0dfae994d0c913b25",
            "private_dns": "ip-172-16-10-20.ap-northeast-2.compute.internal",
            "private_dns_name_options": [
              {
                "enable_resource_name_dns_a_record": false,
                "enable_resource_name_dns_aaaa_record": false,
                "hostname_type": "ip-name"
              }
            ],
            "private_ip": "172.16.10.20",
            "public_dns": "",
            "public_ip": "",
            "region": "ap-northeast-2",
            "root_block_device": [
              {
                "delete_on_termination": true,
                "device_name": "/dev/sda1",
                "encrypted": true,
                "iops": 100,
                "kms_key_id": "arn:aws:kms:ap-northeast-2:105959916837:key/4824ad2b-835d-4e6a-887c-088e03f60f1c",
                "tags": {},
                "tags_all": {
                  "Environment": "dev",
                  "ManagedBy": "terraform",
                  "Project": "ai-care",
                  "Scope": "infra-only"
                },
                "throughput": 0,
                "volume_id": "vol-06f1b07f9f8371b25",
                "volume_size": 20,
                "volume_type": "gp2"
              }
            ],
            "secondary_network_interface": [],
            "secondary_private_ips": [],
            "security_groups": [],
            "source_dest_check": true,
            "spot_instance_request_id": "",
            "subnet_id": "subnet-0652c89ea58554194",
            "tags": {
              "Environment": "dev",
              "ManagedBy": "terraform",
              "Name": "ai-care-dev-onprem-postgres-placeholder",
              "Project": "ai-care",
              "Role": "postgres-placeholder",
              "Scope": "infra-only"
            },
            "tags_all": {
              "Environment": "dev",
              "ManagedBy": "terraform",
              "Name": "ai-care-dev-onprem-postgres-placeholder",
              "Project": "ai-care",
              "Role": "postgres-placeholder",
              "Scope": "infra-only"
            },
            "tenancy": "default",
            "timeouts": null,
            "user_data": "#!/bin/bash\r\nset -euo pipefail\r\n\r\ndnf update -y\r\n\r\ncat \u003e/etc/motd \u003c\u003cEOF\r\nAI Care On-Prem PostgreSQL placeholder\r\n\r\nExpected placeholder port: 5432\r\nThe actual PostgreSQL service and credentials are intentionally not configured in infra-only apply.\r\nEOF\r\n",
            "user_data_base64": null,
            "user_data_replace_on_change": false,
            "volume_tags": null,
            "vpc_security_group_ids": [
              "sg-06dffb35d619a04b9"
            ]
          },
          "sensitive_attributes": [],
          "identity_schema_version": 0,
          "identity": {
            "account_id": "105959916837",
            "id": "i-05f3b262a432e6540",
            "region": "ap-northeast-2"
          },
          "private": "eyJlMmJmYjczMC1lY2FhLTExZTYtOGY4OC0zNDM2M2JjN2M0YzAiOnsiY3JlYXRlIjo2MDAwMDAwMDAwMDAsImRlbGV0ZSI6MTIwMDAwMDAwMDAwMCwicmVhZCI6OTAwMDAwMDAwMDAwLCJ1cGRhdGUiOjYwMDAwMDAwMDAwMH0sInNjaGVtYV92ZXJzaW9uIjoiMiJ9",
          "dependencies": [
            "module.onprem_compute.aws_iam_instance_profile.onprem_ssm_profile",
            "module.onprem_compute.aws_iam_role.onprem_ssm_role",
            "module.onprem_compute.data.aws_ami.ubuntu_2204",
            "module.onprem_network.data.aws_subnet.private",
            "module.onprem_network.data.aws_vpc.onprem",
            "module.security.aws_security_group.onprem_postgres"
          ]
        }
      ]
    },
    {
      "module": "module.onprem_compute",
      "mode": "managed",
      "type": "aws_instance",
      "name": "strongswan",
      "provider": "provider[\"registry.terraform.io/hashicorp/aws\"]",
      "instances": [
        {
          "schema_version": 2,
          "attributes": {
            "ami": "ami-09a72717a566d88fa",
            "arn": "arn:aws:ec2:ap-northeast-2:105959916837:instance/i-0f38d5eb07e41d0e7",
            "associate_public_ip_address": false,
            "availability_zone": "ap-northeast-2a",
            "capacity_reservation_specification": [
              {
                "capacity_reservation_preference": "open",
                "capacity_reservation_target": []
              }
            ],
            "cpu_options": [
              {
                "amd_sev_snp": "",
                "core_count": 1,
                "nested_virtualization": "",
                "threads_per_core": 2
              }
            ],
            "credit_specification": [
              {
                "cpu_credits": "unlimited"
              }
            ],
            "disable_api_stop": false,
            "disable_api_termination": false,
            "ebs_block_device": [],
            "ebs_optimized": false,
            "enable_primary_ipv6": null,
            "enclave_options": [
              {
                "enabled": false
              }
            ],
            "ephemeral_block_device": [],
            "force_destroy": false,
            "get_password_data": false,
            "hibernation": false,
            "host_id": "",
            "host_resource_group_arn": null,
            "iam_instance_profile": "ai-care-dev-onprem-ssm-profile",
            "id": "i-0f38d5eb07e41d0e7",
            "instance_initiated_shutdown_behavior": "stop",
            "instance_lifecycle": "",
            "instance_market_options": [],
            "instance_state": "running",
            "instance_type": "t3.micro",
            "ipv6_address_count": 0,
            "ipv6_addresses": [],
            "key_name": "",
            "launch_template": [],
            "maintenance_options": [
              {
                "auto_recovery": "default"
              }
            ],
            "metadata_options": [
              {
                "http_endpoint": "enabled",
                "http_protocol_ipv6": "disabled",
                "http_put_response_hop_limit": 1,
                "http_tokens": "required",
                "instance_metadata_tags": "disabled"
              }
            ],
            "monitoring": false,
            "network_interface": [],
            "outpost_arn": "",
            "password_data": "",
            "placement_group": "",
            "placement_group_id": "",
            "placement_partition_number": 0,
            "primary_network_interface": [
              {
                "delete_on_termination": true,
                "network_interface_id": "eni-090e0bb74c9293374"
              }
            ],
            "primary_network_interface_id": "eni-090e0bb74c9293374",
            "private_dns": "ip-172-16-1-10.ap-northeast-2.compute.internal",
            "private_dns_name_options": [
              {
                "enable_resource_name_dns_a_record": false,
                "enable_resource_name_dns_aaaa_record": false,
                "hostname_type": "ip-name"
              }
            ],
            "private_ip": "172.16.1.10",
            "public_dns": "",
            "public_ip": "",
            "region": "ap-northeast-2",
            "root_block_device": [
              {
                "delete_on_termination": true,
                "device_name": "/dev/sda1",
                "encrypted": true,
                "iops": 100,
                "kms_key_id": "arn:aws:kms:ap-northeast-2:105959916837:key/4824ad2b-835d-4e6a-887c-088e03f60f1c",
                "tags": null,
                "tags_all": {
                  "Environment": "dev",
                  "ManagedBy": "terraform",
                  "Project": "ai-care",
                  "Scope": "infra-only"
                },
                "throughput": 0,
                "volume_id": "vol-0ed8d4e149163ce91",
                "volume_size": 20,
                "volume_type": "gp2"
              }
            ],
            "secondary_network_interface": [],
            "secondary_private_ips": [],
            "security_groups": [],
            "source_dest_check": false,
            "spot_instance_request_id": "",
            "subnet_id": "subnet-04b1cf699c6c52520",
            "tags": {
              "Environment": "dev",
              "ManagedBy": "terraform",
              "Name": "ai-care-dev-onprem-strongswan",
              "Project": "ai-care",
              "Role": "strongswan",
              "Scope": "infra-only"
            },
            "tags_all": {
              "Environment": "dev",
              "ManagedBy": "terraform",
              "Name": "ai-care-dev-onprem-strongswan",
              "Project": "ai-care",
              "Role": "strongswan",
              "Scope": "infra-only"
            },
            "tenancy": "default",
            "timeouts": null,
            "user_data": "#!/bin/bash\r\nset -euo pipefail\r\n\r\ndnf update -y\r\ndnf install -y strongswan\r\n\r\ncat \u003e/etc/sysctl.d/99-aicare-ip-forward.conf \u003c\u003c'EOF'\r\nnet.ipv4.ip_forward = 1\r\nEOF\r\nsysctl --system\r\n\r\ncat \u003e/etc/motd \u003c\u003c'EOF'\r\nAI Care strongSwan placeholder\r\n\r\nThis instance is created for the infra-only Site-to-Site VPN skeleton.\r\nIP forwarding is enabled, but real IPsec tunnel configuration is intentionally TODO.\r\nDo not place VPN PSK or other secrets in user data or Terraform code.\r\nEOF\r\n\r\nsystemctl enable strongswan || true\r\n\r\n# TODO: Configure strongSwan IPsec tunnels after reading AWS VPN tunnel parameters.\r\n# Note: Terraform state can contain sensitive tunnel configuration if exposed directly.\r\n",
            "user_data_base64": null,
            "user_data_replace_on_change": false,
            "volume_tags": null,
            "vpc_security_group_ids": [
              "sg-0418b66bd790ba89d"
            ]
          },
          "sensitive_attributes": [],
          "identity_schema_version": 0,
          "identity": {
            "account_id": "105959916837",
            "id": "i-0f38d5eb07e41d0e7",
            "region": "ap-northeast-2"
          },
          "private": "eyJlMmJmYjczMC1lY2FhLTExZTYtOGY4OC0zNDM2M2JjN2M0YzAiOnsiY3JlYXRlIjo2MDAwMDAwMDAwMDAsImRlbGV0ZSI6MTIwMDAwMDAwMDAwMCwicmVhZCI6OTAwMDAwMDAwMDAwLCJ1cGRhdGUiOjYwMDAwMDAwMDAwMH0sInNjaGVtYV92ZXJzaW9uIjoiMiJ9",
          "dependencies": [
            "module.onprem_compute.aws_iam_instance_profile.onprem_ssm_profile",
            "module.onprem_compute.aws_iam_role.onprem_ssm_role",
            "module.onprem_compute.data.aws_ami.ubuntu_2204",
            "module.onprem_network.data.aws_subnet.public",
            "module.onprem_network.data.aws_vpc.onprem",
            "module.security.aws_security_group.strongswan"
          ]
        }
      ]
    },
    {
      "module": "module.onprem_network",
      "mode": "data",
      "type": "aws_internet_gateway",
      "name": "onprem",
      "provider": "provider[\"registry.terraform.io/hashicorp/aws\"]",
      "instances": [
        {
          "schema_version": 0,
          "attributes": {
            "arn": "arn:aws:ec2:ap-northeast-2:105959916837:internet-gateway/igw-0dd739ff460baa869",
            "attachments": [
              {
                "state": "available",
                "vpc_id": "vpc-0a53924e1ccaeb2e2"
              }
            ],
            "filter": [
              {
                "name": "attachment.vpc-id",
                "values": [
                  "vpc-0a53924e1ccaeb2e2"
                ]
              }
            ],
            "id": "igw-0dd739ff460baa869",
            "internet_gateway_id": "igw-0dd739ff460baa869",
            "owner_id": "105959916837",
            "region": "ap-northeast-2",
            "tags": {
              "Name": "on-prem-igw"
            },
            "timeouts": null
          },
          "sensitive_attributes": [],
          "identity_schema_version": 0
        }
      ]
    },
    {
      "module": "module.onprem_network",
      "mode": "data",
      "type": "aws_route_table",
      "name": "private",
      "provider": "provider[\"registry.terraform.io/hashicorp/aws\"]",
      "instances": [
        {
          "schema_version": 0,
          "attributes": {
            "arn": "arn:aws:ec2:ap-northeast-2:105959916837:route-table/rtb-038788093fe3a6b25",
            "associations": [
              {
                "gateway_id": "",
                "main": false,
                "route_table_association_id": "rtbassoc-0775143b23119e7b1",
                "route_table_id": "rtb-038788093fe3a6b25",
                "subnet_id": "subnet-04b1cf699c6c52520"
              }
            ],
            "filter": null,
            "gateway_id": null,
            "id": "rtb-038788093fe3a6b25",
            "owner_id": "105959916837",
            "region": "ap-northeast-2",
            "route_table_id": "rtb-038788093fe3a6b25",
            "routes": [
              {
                "carrier_gateway_id": "",
                "cidr_block": "10.0.0.0/16",
                "core_network_arn": "",
                "destination_prefix_list_id": "",
                "egress_only_gateway_id": "",
                "gateway_id": "",
                "instance_id": "",
                "ipv6_cidr_block": "",
                "local_gateway_id": "",
                "nat_gateway_id": "",
                "network_interface_id": "eni-090e0bb74c9293374",
                "odb_network_arn": "",
                "transit_gateway_id": "",
                "vpc_endpoint_id": "",
                "vpc_peering_connection_id": ""
              },
              {
                "carrier_gateway_id": "",
                "cidr_block": "0.0.0.0/0",
                "core_network_arn": "",
                "destination_prefix_list_id": "",
                "egress_only_gateway_id": "",
                "gateway_id": "igw-0dd739ff460baa869",
                "instance_id": "",
                "ipv6_cidr_block": "",
                "local_gateway_id": "",
                "nat_gateway_id": "",
                "network_interface_id": "",
                "odb_network_arn": "",
                "transit_gateway_id": "",
                "vpc_endpoint_id": "",
                "vpc_peering_connection_id": ""
              }
            ],
            "subnet_id": null,
            "tags": {
              "Name": "rt-public-onprem"
            },
            "timeouts": null,
            "vpc_id": "vpc-0a53924e1ccaeb2e2"
          },
          "sensitive_attributes": [],
          "identity_schema_version": 0
        }
      ]
    },
    {
      "module": "module.onprem_network",
      "mode": "data",
      "type": "aws_route_table",
      "name": "public",
      "provider": "provider[\"registry.terraform.io/hashicorp/aws\"]",
      "instances": [
        {
          "schema_version": 0,
          "attributes": {
            "arn": "arn:aws:ec2:ap-northeast-2:105959916837:route-table/rtb-038788093fe3a6b25",
            "associations": [
              {
                "gateway_id": "",
                "main": false,
                "route_table_association_id": "rtbassoc-0775143b23119e7b1",
                "route_table_id": "rtb-038788093fe3a6b25",
                "subnet_id": "subnet-04b1cf699c6c52520"
              }
            ],
            "filter": null,
            "gateway_id": null,
            "id": "rtb-038788093fe3a6b25",
            "owner_id": "105959916837",
            "region": "ap-northeast-2",
            "route_table_id": "rtb-038788093fe3a6b25",
            "routes": [
              {
                "carrier_gateway_id": "",
                "cidr_block": "10.0.0.0/16",
                "core_network_arn": "",
                "destination_prefix_list_id": "",
                "egress_only_gateway_id": "",
                "gateway_id": "",
                "instance_id": "",
                "ipv6_cidr_block": "",
                "local_gateway_id": "",
                "nat_gateway_id": "",
                "network_interface_id": "eni-090e0bb74c9293374",
                "odb_network_arn": "",
                "transit_gateway_id": "",
                "vpc_endpoint_id": "",
                "vpc_peering_connection_id": ""
              },
              {
                "carrier_gateway_id": "",
                "cidr_block": "0.0.0.0/0",
                "core_network_arn": "",
                "destination_prefix_list_id": "",
                "egress_only_gateway_id": "",
                "gateway_id": "igw-0dd739ff460baa869",
                "instance_id": "",
                "ipv6_cidr_block": "",
                "local_gateway_id": "",
                "nat_gateway_id": "",
                "network_interface_id": "",
                "odb_network_arn": "",
                "transit_gateway_id": "",
                "vpc_endpoint_id": "",
                "vpc_peering_connection_id": ""
              }
            ],
            "subnet_id": null,
            "tags": {
              "Name": "rt-public-onprem"
            },
            "timeouts": null,
            "vpc_id": "vpc-0a53924e1ccaeb2e2"
          },
          "sensitive_attributes": [],
          "identity_schema_version": 0
        }
      ]
    },
    {
      "module": "module.onprem_network",
      "mode": "data",
      "type": "aws_subnet",
      "name": "private",
      "provider": "provider[\"registry.terraform.io/hashicorp/aws\"]",
      "instances": [
        {
          "schema_version": 0,
          "attributes": {
            "arn": "arn:aws:ec2:ap-northeast-2:105959916837:subnet/subnet-0652c89ea58554194",
            "assign_ipv6_address_on_creation": false,
            "availability_zone": "ap-northeast-2a",
            "availability_zone_id": "apne2-az1",
            "available_ip_address_count": 244,
            "cidr_block": "172.16.10.0/24",
            "customer_owned_ipv4_pool": "",
            "default_for_az": false,
            "enable_dns64": false,
            "enable_lni_at_device_index": 0,
            "enable_resource_name_dns_a_record_on_launch": false,
            "enable_resource_name_dns_aaaa_record_on_launch": false,
            "filter": null,
            "id": "subnet-0652c89ea58554194",
            "ipv6_cidr_block": "",
            "ipv6_cidr_block_association_id": "",
            "ipv6_native": false,
            "map_customer_owned_ip_on_launch": false,
            "map_public_ip_on_launch": false,
            "outpost_arn": "",
            "owner_id": "105959916837",
            "private_dns_hostname_type_on_launch": "ip-name",
            "region": "ap-northeast-2",
            "state": "available",
            "tags": {
              "Name": "onprem-private"
            },
            "timeouts": null,
            "vpc_id": "vpc-0a53924e1ccaeb2e2"
          },
          "sensitive_attributes": [],
          "identity_schema_version": 0
        }
      ]
    },
    {
      "module": "module.onprem_network",
      "mode": "data",
      "type": "aws_subnet",
      "name": "public",
      "provider": "provider[\"registry.terraform.io/hashicorp/aws\"]",
      "instances": [
        {
          "schema_version": 0,
          "attributes": {
            "arn": "arn:aws:ec2:ap-northeast-2:105959916837:subnet/subnet-04b1cf699c6c52520",
            "assign_ipv6_address_on_creation": false,
            "availability_zone": "ap-northeast-2a",
            "availability_zone_id": "apne2-az1",
            "available_ip_address_count": 250,
            "cidr_block": "172.16.1.0/24",
            "customer_owned_ipv4_pool": "",
            "default_for_az": false,
            "enable_dns64": false,
            "enable_lni_at_device_index": 0,
            "enable_resource_name_dns_a_record_on_launch": false,
            "enable_resource_name_dns_aaaa_record_on_launch": false,
            "filter": null,
            "id": "subnet-04b1cf699c6c52520",
            "ipv6_cidr_block": "",
            "ipv6_cidr_block_association_id": "",
            "ipv6_native": false,
            "map_customer_owned_ip_on_launch": false,
            "map_public_ip_on_launch": false,
            "outpost_arn": "",
            "owner_id": "105959916837",
            "private_dns_hostname_type_on_launch": "ip-name",
            "region": "ap-northeast-2",
            "state": "available",
            "tags": {
              "Name": "onprem-public"
            },
            "timeouts": null,
            "vpc_id": "vpc-0a53924e1ccaeb2e2"
          },
          "sensitive_attributes": [],
          "identity_schema_version": 0
        }
      ]
    },
    {
      "module": "module.onprem_network",
      "mode": "data",
      "type": "aws_vpc",
      "name": "onprem",
      "provider": "provider[\"registry.terraform.io/hashicorp/aws\"]",
      "instances": [
        {
          "schema_version": 0,
          "attributes": {
            "arn": "arn:aws:ec2:ap-northeast-2:105959916837:vpc/vpc-0a53924e1ccaeb2e2",
            "cidr_block": "172.16.0.0/16",
            "cidr_block_associations": [
              {
                "association_id": "vpc-cidr-assoc-0e73cac5e6440a1d8",
                "cidr_block": "172.16.0.0/16",
                "state": "associated"
              }
            ],
            "default": false,
            "dhcp_options_id": "dopt-093be3511663466ea",
            "enable_dns_hostnames": true,
            "enable_dns_support": true,
            "enable_network_address_usage_metrics": false,
            "filter": null,
            "id": "vpc-0a53924e1ccaeb2e2",
            "instance_tenancy": "default",
            "ipv6_association_id": "",
            "ipv6_cidr_block": "",
            "main_route_table_id": "rtb-0b5779951f51a8eef",
            "owner_id": "105959916837",
            "region": "ap-northeast-2",
            "state": null,
            "tags": {
              "Name": "onprem-vpc"
            },
            "timeouts": null
          },
          "sensitive_attributes": [],
          "identity_schema_version": 0
        }
      ]
    },
    {
      "module": "module.onprem_network",
      "mode": "managed",
      "type": "aws_vpc_endpoint",
      "name": "ec2messages",
      "provider": "provider[\"registry.terraform.io/hashicorp/aws\"]",
      "instances": [
        {
          "schema_version": 0,
          "attributes": {
            "arn": "arn:aws:ec2:ap-northeast-2:105959916837:vpc-endpoint/vpce-0e4fbd73f78837c51",
            "auto_accept": null,
            "cidr_blocks": [],
            "dns_entry": [
              {
                "dns_name": "vpce-0e4fbd73f78837c51-5fp388gu.ec2messages.ap-northeast-2.vpce.amazonaws.com",
                "hosted_zone_id": "Z27UANNT0PRK1T"
              },
              {
                "dns_name": "vpce-0e4fbd73f78837c51-5fp388gu-ap-northeast-2a.ec2messages.ap-northeast-2.vpce.amazonaws.com",
                "hosted_zone_id": "Z27UANNT0PRK1T"
              },
              {
                "dns_name": "ec2messages.ap-northeast-2.amazonaws.com",
                "hosted_zone_id": "Z0899652Y2HYJSKG6MYC"
              }
            ],
            "dns_options": [
              {
                "dns_record_ip_type": "ipv4",
                "private_dns_only_for_inbound_resolver_endpoint": false,
                "private_dns_preference": "",
                "private_dns_specified_domains": []
              }
            ],
            "id": "vpce-0e4fbd73f78837c51",
            "ip_address_type": "ipv4",
            "network_interface_ids": [
              "eni-06c957e471e47ab10"
            ],
            "owner_id": "105959916837",
            "policy": "{\"Statement\":[{\"Action\":\"*\",\"Effect\":\"Allow\",\"Principal\":\"*\",\"Resource\":\"*\"}]}",
            "prefix_list_id": null,
            "private_dns_enabled": true,
            "region": "ap-northeast-2",
            "requester_managed": false,
            "resource_configuration_arn": "",
            "route_table_ids": [],
            "security_group_ids": [
              "sg-08845649e1ae60d2c"
            ],
            "service_name": "com.amazonaws.ap-northeast-2.ec2messages",
            "service_network_arn": "",
            "service_region": "ap-northeast-2",
            "state": "available",
            "subnet_configuration": [
              {
                "ipv4": "172.16.10.136",
                "ipv6": "",
                "subnet_id": "subnet-0652c89ea58554194"
              }
            ],
            "subnet_ids": [
              "subnet-0652c89ea58554194"
            ],
            "tags": {
              "Name": "ai-care-dev-onprem-ec2messages-endpoint"
            },
            "tags_all": {
              "Name": "ai-care-dev-onprem-ec2messages-endpoint"
            },
            "timeouts": null,
            "vpc_endpoint_type": "Interface",
            "vpc_id": "vpc-0a53924e1ccaeb2e2"
          },
          "sensitive_attributes": [],
          "identity_schema_version": 0,
          "identity": {
            "account_id": "105959916837",
            "id": "vpce-0e4fbd73f78837c51",
            "region": "ap-northeast-2"
          },
          "private": "eyJlMmJmYjczMC1lY2FhLTExZTYtOGY4OC0zNDM2M2JjN2M0YzAiOnsiY3JlYXRlIjo2MDAwMDAwMDAwMDAsImRlbGV0ZSI6NjAwMDAwMDAwMDAwLCJ1cGRhdGUiOjYwMDAwMDAwMDAwMH0sInNjaGVtYV92ZXJzaW9uIjoiMCJ9"
        }
      ]
    },
    {
      "module": "module.onprem_network",
      "mode": "managed",
      "type": "aws_vpc_endpoint",
      "name": "ecr_api",
      "provider": "provider[\"registry.terraform.io/hashicorp/aws\"]",
      "instances": [
        {
          "schema_version": 0,
          "attributes": {
            "arn": "arn:aws:ec2:ap-northeast-2:105959916837:vpc-endpoint/vpce-0e172cc4c02a74c6b",
            "auto_accept": null,
            "cidr_blocks": [],
            "dns_entry": [
              {
                "dns_name": "vpce-0e172cc4c02a74c6b-1ibhef8o.api.ecr.ap-northeast-2.vpce.amazonaws.com",
                "hosted_zone_id": "Z27UANNT0PRK1T"
              },
              {
                "dns_name": "vpce-0e172cc4c02a74c6b-1ibhef8o-ap-northeast-2a.api.ecr.ap-northeast-2.vpce.amazonaws.com",
                "hosted_zone_id": "Z27UANNT0PRK1T"
              },
              {
                "dns_name": "api.ecr.ap-northeast-2.amazonaws.com",
                "hosted_zone_id": "Z05255201LFBCR8M7DWUD"
              },
              {
                "dns_name": "ecr.ap-northeast-2.api.aws",
                "hosted_zone_id": "Z064852439T8FPYBQ6JJI"
              }
            ],
            "dns_options": [
              {
                "dns_record_ip_type": "ipv4",
                "private_dns_only_for_inbound_resolver_endpoint": false,
                "private_dns_preference": "",
                "private_dns_specified_domains": []
              }
            ],
            "id": "vpce-0e172cc4c02a74c6b",
            "ip_address_type": "ipv4",
            "network_interface_ids": [
              "eni-031dd6f602ae2e317"
            ],
            "owner_id": "105959916837",
            "policy": "{\"Statement\":[{\"Action\":\"*\",\"Effect\":\"Allow\",\"Principal\":\"*\",\"Resource\":\"*\"}]}",
            "prefix_list_id": null,
            "private_dns_enabled": true,
            "region": "ap-northeast-2",
            "requester_managed": false,
            "resource_configuration_arn": "",
            "route_table_ids": [],
            "security_group_ids": [
              "sg-08845649e1ae60d2c"
            ],
            "service_name": "com.amazonaws.ap-northeast-2.ecr.api",
            "service_network_arn": "",
            "service_region": "ap-northeast-2",
            "state": "available",
            "subnet_configuration": [
              {
                "ipv4": "172.16.10.12",
                "ipv6": "",
                "subnet_id": "subnet-0652c89ea58554194"
              }
            ],
            "subnet_ids": [
              "subnet-0652c89ea58554194"
            ],
            "tags": {
              "Name": "ai-care-dev-onprem-ecr-api-endpoint"
            },
            "tags_all": {
              "Name": "ai-care-dev-onprem-ecr-api-endpoint"
            },
            "timeouts": null,
            "vpc_endpoint_type": "Interface",
            "vpc_id": "vpc-0a53924e1ccaeb2e2"
          },
          "sensitive_attributes": [],
          "identity_schema_version": 0,
          "identity": {
            "account_id": "105959916837",
            "id": "vpce-0e172cc4c02a74c6b",
            "region": "ap-northeast-2"
          },
          "private": "eyJlMmJmYjczMC1lY2FhLTExZTYtOGY4OC0zNDM2M2JjN2M0YzAiOnsiY3JlYXRlIjo2MDAwMDAwMDAwMDAsImRlbGV0ZSI6NjAwMDAwMDAwMDAwLCJ1cGRhdGUiOjYwMDAwMDAwMDAwMH0sInNjaGVtYV92ZXJzaW9uIjoiMCJ9"
        }
      ]
    },
    {
      "module": "module.onprem_network",
      "mode": "managed",
      "type": "aws_vpc_endpoint",
      "name": "ecr_dkr",
      "provider": "provider[\"registry.terraform.io/hashicorp/aws\"]",
      "instances": [
        {
          "schema_version": 0,
          "attributes": {
            "arn": "arn:aws:ec2:ap-northeast-2:105959916837:vpc-endpoint/vpce-0c06a43218c089d81",
            "auto_accept": null,
            "cidr_blocks": [],
            "dns_entry": [
              {
                "dns_name": "vpce-0c06a43218c089d81-81oamxlc.dkr.ecr.ap-northeast-2.vpce.amazonaws.com",
                "hosted_zone_id": "Z27UANNT0PRK1T"
              },
              {
                "dns_name": "vpce-0c06a43218c089d81-81oamxlc-ap-northeast-2a.dkr.ecr.ap-northeast-2.vpce.amazonaws.com",
                "hosted_zone_id": "Z27UANNT0PRK1T"
              },
              {
                "dns_name": "dkr.ecr.ap-northeast-2.amazonaws.com",
                "hosted_zone_id": "Z0642480JP21GYJT2C3R"
              },
              {
                "dns_name": "*.dkr.ecr.ap-northeast-2.amazonaws.com",
                "hosted_zone_id": "Z0642480JP21GYJT2C3R"
              },
              {
                "dns_name": "dkr-ecr.ap-northeast-2.on.aws",
                "hosted_zone_id": "Z0531154HHWYAOB72UMH"
              },
              {
                "dns_name": "*.dkr-ecr.ap-northeast-2.on.aws",
                "hosted_zone_id": "Z0531154HHWYAOB72UMH"
              }
            ],
            "dns_options": [
              {
                "dns_record_ip_type": "ipv4",
                "private_dns_only_for_inbound_resolver_endpoint": false,
                "private_dns_preference": "",
                "private_dns_specified_domains": []
              }
            ],
            "id": "vpce-0c06a43218c089d81",
            "ip_address_type": "ipv4",
            "network_interface_ids": [
              "eni-0f96d41991108ce93"
            ],
            "owner_id": "105959916837",
            "policy": "{\"Statement\":[{\"Action\":\"*\",\"Effect\":\"Allow\",\"Principal\":\"*\",\"Resource\":\"*\"}]}",
            "prefix_list_id": null,
            "private_dns_enabled": true,
            "region": "ap-northeast-2",
            "requester_managed": false,
            "resource_configuration_arn": "",
            "route_table_ids": [],
            "security_group_ids": [
              "sg-08845649e1ae60d2c"
            ],
            "service_name": "com.amazonaws.ap-northeast-2.ecr.dkr",
            "service_network_arn": "",
            "service_region": "ap-northeast-2",
            "state": "available",
            "subnet_configuration": [
              {
                "ipv4": "172.16.10.32",
                "ipv6": "",
                "subnet_id": "subnet-0652c89ea58554194"
              }
            ],
            "subnet_ids": [
              "subnet-0652c89ea58554194"
            ],
            "tags": {
              "Name": "ai-care-dev-onprem-ecr-dkr-endpoint"
            },
            "tags_all": {
              "Name": "ai-care-dev-onprem-ecr-dkr-endpoint"
            },
            "timeouts": null,
            "vpc_endpoint_type": "Interface",
            "vpc_id": "vpc-0a53924e1ccaeb2e2"
          },
          "sensitive_attributes": [],
          "identity_schema_version": 0,
          "identity": {
            "account_id": "105959916837",
            "id": "vpce-0c06a43218c089d81",
            "region": "ap-northeast-2"
          },
          "private": "eyJlMmJmYjczMC1lY2FhLTExZTYtOGY4OC0zNDM2M2JjN2M0YzAiOnsiY3JlYXRlIjo2MDAwMDAwMDAwMDAsImRlbGV0ZSI6NjAwMDAwMDAwMDAwLCJ1cGRhdGUiOjYwMDAwMDAwMDAwMH0sInNjaGVtYV92ZXJzaW9uIjoiMCJ9"
        }
      ]
    },
    {
      "module": "module.onprem_network",
      "mode": "managed",
      "type": "aws_vpc_endpoint",
      "name": "s3",
      "provider": "provider[\"registry.terraform.io/hashicorp/aws\"]",
      "instances": [
        {
          "schema_version": 0,
          "attributes": {
            "arn": "arn:aws:ec2:ap-northeast-2:105959916837:vpc-endpoint/vpce-045255484daf7e422",
            "auto_accept": null,
            "cidr_blocks": [
              "52.219.202.0/23",
              "52.219.144.0/22",
              "52.219.204.0/22",
              "3.5.144.0/23",
              "3.5.140.0/22",
              "52.219.148.0/23",
              "52.219.60.0/23",
              "3.5.184.0/21",
              "52.219.56.0/22"
            ],
            "dns_entry": [],
            "dns_options": [
              {
                "dns_record_ip_type": "service-defined",
                "private_dns_only_for_inbound_resolver_endpoint": false,
                "private_dns_preference": "",
                "private_dns_specified_domains": []
              }
            ],
            "id": "vpce-045255484daf7e422",
            "ip_address_type": "ipv4",
            "network_interface_ids": [],
            "owner_id": "105959916837",
            "policy": "{\"Statement\":[{\"Action\":\"*\",\"Effect\":\"Allow\",\"Principal\":\"*\",\"Resource\":\"*\"}],\"Version\":\"2008-10-17\"}",
            "prefix_list_id": "pl-78a54011",
            "private_dns_enabled": false,
            "region": "ap-northeast-2",
            "requester_managed": false,
            "resource_configuration_arn": "",
            "route_table_ids": [
              "rtb-0ab132a7189f5a93a"
            ],
            "security_group_ids": [],
            "service_name": "com.amazonaws.ap-northeast-2.s3",
            "service_network_arn": "",
            "service_region": "ap-northeast-2",
            "state": "available",
            "subnet_configuration": [],
            "subnet_ids": [],
            "tags": {
              "Name": "ai-care-dev-onprem-s3-endpoint"
            },
            "tags_all": {
              "Name": "ai-care-dev-onprem-s3-endpoint"
            },
            "timeouts": null,
            "vpc_endpoint_type": "Gateway",
            "vpc_id": "vpc-0a53924e1ccaeb2e2"
          },
          "sensitive_attributes": [],
          "identity_schema_version": 0,
          "identity": {
            "account_id": "105959916837",
            "id": "vpce-045255484daf7e422",
            "region": "ap-northeast-2"
          },
          "private": "eyJlMmJmYjczMC1lY2FhLTExZTYtOGY4OC0zNDM2M2JjN2M0YzAiOnsiY3JlYXRlIjo2MDAwMDAwMDAwMDAsImRlbGV0ZSI6NjAwMDAwMDAwMDAwLCJ1cGRhdGUiOjYwMDAwMDAwMDAwMH0sInNjaGVtYV92ZXJzaW9uIjoiMCJ9"
        }
      ]
    },
    {
      "module": "module.onprem_network",
      "mode": "managed",
      "type": "aws_vpc_endpoint",
      "name": "ssm",
      "provider": "provider[\"registry.terraform.io/hashicorp/aws\"]",
      "instances": [
        {
          "schema_version": 0,
          "attributes": {
            "arn": "arn:aws:ec2:ap-northeast-2:105959916837:vpc-endpoint/vpce-09fd0a5741049b330",
            "auto_accept": null,
            "cidr_blocks": [],
            "dns_entry": [
              {
                "dns_name": "vpce-09fd0a5741049b330-ebp146v0.ssm.ap-northeast-2.vpce.amazonaws.com",
                "hosted_zone_id": "Z27UANNT0PRK1T"
              },
              {
                "dns_name": "vpce-09fd0a5741049b330-ebp146v0-ap-northeast-2a.ssm.ap-northeast-2.vpce.amazonaws.com",
                "hosted_zone_id": "Z27UANNT0PRK1T"
              },
              {
                "dns_name": "ssm.ap-northeast-2.amazonaws.com",
                "hosted_zone_id": "Z09004933OXV1OW6B7UZZ"
              },
              {
                "dns_name": "ssm.ap-northeast-2.api.aws",
                "hosted_zone_id": "Z08939451AE83SW53GVYK"
              }
            ],
            "dns_options": [
              {
                "dns_record_ip_type": "ipv4",
                "private_dns_only_for_inbound_resolver_endpoint": false,
                "private_dns_preference": "",
                "private_dns_specified_domains": []
              }
            ],
            "id": "vpce-09fd0a5741049b330",
            "ip_address_type": "ipv4",
            "network_interface_ids": [
              "eni-0d39f83ad7b19752c"
            ],
            "owner_id": "105959916837",
            "policy": "{\"Statement\":[{\"Action\":\"*\",\"Effect\":\"Allow\",\"Principal\":\"*\",\"Resource\":\"*\"}]}",
            "prefix_list_id": null,
            "private_dns_enabled": true,
            "region": "ap-northeast-2",
            "requester_managed": false,
            "resource_configuration_arn": "",
            "route_table_ids": [],
            "security_group_ids": [
              "sg-08845649e1ae60d2c"
            ],
            "service_name": "com.amazonaws.ap-northeast-2.ssm",
            "service_network_arn": "",
            "service_region": "ap-northeast-2",
            "state": "available",
            "subnet_configuration": [
              {
                "ipv4": "172.16.10.132",
                "ipv6": "",
                "subnet_id": "subnet-0652c89ea58554194"
              }
            ],
            "subnet_ids": [
              "subnet-0652c89ea58554194"
            ],
            "tags": {
              "Name": "ai-care-dev-onprem-ssm-endpoint"
            },
            "tags_all": {
              "Name": "ai-care-dev-onprem-ssm-endpoint"
            },
            "timeouts": null,
            "vpc_endpoint_type": "Interface",
            "vpc_id": "vpc-0a53924e1ccaeb2e2"
          },
          "sensitive_attributes": [],
          "identity_schema_version": 0,
          "identity": {
            "account_id": "105959916837",
            "id": "vpce-09fd0a5741049b330",
            "region": "ap-northeast-2"
          },
          "private": "eyJlMmJmYjczMC1lY2FhLTExZTYtOGY4OC0zNDM2M2JjN2M0YzAiOnsiY3JlYXRlIjo2MDAwMDAwMDAwMDAsImRlbGV0ZSI6NjAwMDAwMDAwMDAwLCJ1cGRhdGUiOjYwMDAwMDAwMDAwMH0sInNjaGVtYV92ZXJzaW9uIjoiMCJ9"
        }
      ]
    },
    {
      "module": "module.onprem_network",
      "mode": "managed",
      "type": "aws_vpc_endpoint",
      "name": "ssmmessages",
      "provider": "provider[\"registry.terraform.io/hashicorp/aws\"]",
      "instances": [
        {
          "schema_version": 0,
          "attributes": {
            "arn": "arn:aws:ec2:ap-northeast-2:105959916837:vpc-endpoint/vpce-03fd9f276fac7744b",
            "auto_accept": null,
            "cidr_blocks": [],
            "dns_entry": [
              {
                "dns_name": "vpce-03fd9f276fac7744b-tqir8u2g.ssmmessages.ap-northeast-2.vpce.amazonaws.com",
                "hosted_zone_id": "Z27UANNT0PRK1T"
              },
              {
                "dns_name": "vpce-03fd9f276fac7744b-tqir8u2g-ap-northeast-2a.ssmmessages.ap-northeast-2.vpce.amazonaws.com",
                "hosted_zone_id": "Z27UANNT0PRK1T"
              },
              {
                "dns_name": "ssmmessages.ap-northeast-2.amazonaws.com",
                "hosted_zone_id": "Z09044662ZU7DLENGBOPI"
              },
              {
                "dns_name": "ssmmessages.ap-northeast-2.api.aws",
                "hosted_zone_id": "Z0913903C6K3XJQJ3SRT"
              }
            ],
            "dns_options": [
              {
                "dns_record_ip_type": "ipv4",
                "private_dns_only_for_inbound_resolver_endpoint": false,
                "private_dns_preference": "",
                "private_dns_specified_domains": []
              }
            ],
            "id": "vpce-03fd9f276fac7744b",
            "ip_address_type": "ipv4",
            "network_interface_ids": [
              "eni-05bc9a4c9bb6ece29"
            ],
            "owner_id": "105959916837",
            "policy": "{\"Statement\":[{\"Action\":\"*\",\"Effect\":\"Allow\",\"Principal\":\"*\",\"Resource\":\"*\"}]}",
            "prefix_list_id": null,
            "private_dns_enabled": true,
            "region": "ap-northeast-2",
            "requester_managed": false,
            "resource_configuration_arn": "",
            "route_table_ids": [],
            "security_group_ids": [
              "sg-08845649e1ae60d2c"
            ],
            "service_name": "com.amazonaws.ap-northeast-2.ssmmessages",
            "service_network_arn": "",
            "service_region": "ap-northeast-2",
            "state": "available",
            "subnet_configuration": [
              {
                "ipv4": "172.16.10.45",
                "ipv6": "",
                "subnet_id": "subnet-0652c89ea58554194"
              }
            ],
            "subnet_ids": [
              "subnet-0652c89ea58554194"
            ],
            "tags": {
              "Name": "ai-care-dev-onprem-ssmmessages-endpoint"
            },
            "tags_all": {
              "Name": "ai-care-dev-onprem-ssmmessages-endpoint"
            },
            "timeouts": null,
            "vpc_endpoint_type": "Interface",
            "vpc_id": "vpc-0a53924e1ccaeb2e2"
          },
          "sensitive_attributes": [],
          "identity_schema_version": 0,
          "identity": {
            "account_id": "105959916837",
            "id": "vpce-03fd9f276fac7744b",
            "region": "ap-northeast-2"
          },
          "private": "eyJlMmJmYjczMC1lY2FhLTExZTYtOGY4OC0zNDM2M2JjN2M0YzAiOnsiY3JlYXRlIjo2MDAwMDAwMDAwMDAsImRlbGV0ZSI6NjAwMDAwMDAwMDAwLCJ1cGRhdGUiOjYwMDAwMDAwMDAwMH0sInNjaGVtYV92ZXJzaW9uIjoiMCJ9"
        }
      ]
    },
    {
      "module": "module.rds",
      "mode": "managed",
      "type": "aws_db_instance",
      "name": "this",
      "provider": "provider[\"registry.terraform.io/hashicorp/aws\"]",
      "instances": [
        {
          "schema_version": 2,
          "attributes": {
            "address": "ai-care-dev-postgres.czeumgqsmwh8.ap-northeast-2.rds.amazonaws.com",
            "allocated_storage": 20,
            "allow_major_version_upgrade": null,
            "apply_immediately": true,
            "arn": "arn:aws:rds:ap-northeast-2:105959916837:db:ai-care-dev-postgres",
            "auto_minor_version_upgrade": true,
            "availability_zone": "ap-northeast-2b",
            "backup_retention_period": 7,
            "backup_target": "region",
            "backup_window": "13:21-13:51",
            "blue_green_update": [],
            "ca_cert_identifier": "rds-ca-rsa2048-g1",
            "character_set_name": "",
            "copy_tags_to_snapshot": false,
            "custom_iam_instance_profile": "",
            "customer_owned_ip_enabled": false,
            "database_insights_mode": "standard",
            "db_name": "aicare",
            "db_subnet_group_name": "ai-care-dev-rds-subnet-group",
            "dedicated_log_volume": false,
            "delete_automated_backups": true,
            "deletion_protection": false,
            "domain": "",
            "domain_auth_secret_arn": "",
            "domain_dns_ips": [],
            "domain_fqdn": "",
            "domain_iam_role_name": "",
            "domain_ou": "",
            "enabled_cloudwatch_logs_exports": [],
            "endpoint": "ai-care-dev-postgres.czeumgqsmwh8.ap-northeast-2.rds.amazonaws.com:5432",
            "engine": "postgres",
            "engine_lifecycle_support": "open-source-rds-extended-support",
            "engine_version": "17.9",
            "engine_version_actual": "17.9",
            "final_snapshot_identifier": null,
            "hosted_zone_id": "ZLA2NUCOLGUUR",
            "iam_database_authentication_enabled": false,
            "id": "db-DXO7FKR4SJ52PZZB5RPVM6M6VE",
            "identifier": "ai-care-dev-postgres",
            "identifier_prefix": "",
            "instance_class": "db.t4g.micro",
            "iops": 0,
            "kms_key_id": "arn:aws:kms:ap-northeast-2:105959916837:key/d8c949e6-31b1-44b5-b5ab-a120dc252a0e",
            "latest_restorable_time": "2026-06-05T01:25:14Z",
            "license_model": "postgresql-license",
            "listener_endpoint": [],
            "maintenance_window": "thu:15:44-thu:16:14",
            "manage_master_user_password": true,
            "master_user_secret": [
              {
                "kms_key_id": "arn:aws:kms:ap-northeast-2:105959916837:key/11fb9b9e-0904-4790-ad05-1b4dfb22e388",
                "secret_arn": "arn:aws:secretsmanager:ap-northeast-2:105959916837:secret:rds!db-f9856f87-a2c7-4627-a39a-dacd9e09fb4a-lAB9Kd",
                "secret_status": "active"
              }
            ],
            "master_user_secret_kms_key_id": null,
            "max_allocated_storage": 100,
            "monitoring_interval": 0,
            "monitoring_role_arn": "",
            "multi_az": true,
            "nchar_character_set_name": "",
            "network_type": "IPV4",
            "option_group_name": "default:postgres-17",
            "parameter_group_name": "default.postgres17",
            "password": null,
            "password_wo": null,
            "password_wo_version": null,
            "performance_insights_enabled": false,
            "performance_insights_kms_key_id": "",
            "performance_insights_retention_period": 0,
            "port": 5432,
            "publicly_accessible": false,
            "region": "ap-northeast-2",
            "replica_mode": "",
            "replicas": [],
            "replicate_source_db": "",
            "resource_id": "db-DXO7FKR4SJ52PZZB5RPVM6M6VE",
            "restore_to_point_in_time": [],
            "s3_import": [],
            "skip_final_snapshot": true,
            "snapshot_identifier": null,
            "status": "available",
            "storage_encrypted": true,
            "storage_throughput": 0,
            "storage_type": "gp2",
            "tags": {
              "Environment": "dev",
              "ManagedBy": "terraform",
              "Name": "ai-care-dev-postgres",
              "Project": "ai-care",
              "Scope": "infra-only"
            },
            "tags_all": {
              "Environment": "dev",
              "ManagedBy": "terraform",
              "Name": "ai-care-dev-postgres",
              "Project": "ai-care",
              "Scope": "infra-only"
            },
            "timeouts": null,
            "timezone": "",
            "upgrade_rollout_order": "second",
            "upgrade_storage_config": null,
            "username": "dbadmin",
            "vpc_security_group_ids": [
              "sg-0ebc0614c08964e7b"
            ]
          },
          "sensitive_attributes": [
            [
              {
                "type": "get_attr",
                "value": "password"
              }
            ],
            [
              {
                "type": "get_attr",
                "value": "password_wo"
              }
            ]
          ],
          "identity_schema_version": 0,
          "private": "eyJlMmJmYjczMC1lY2FhLTExZTYtOGY4OC0zNDM2M2JjN2M0YzAiOnsiY3JlYXRlIjozMDAwMDAwMDAwMDAwLCJkZWxldGUiOjM2MDAwMDAwMDAwMDAsInVwZGF0ZSI6NDgwMDAwMDAwMDAwMH0sInNjaGVtYV92ZXJzaW9uIjoiMiJ9",
          "dependencies": [
            "module.existing_network.data.aws_vpc.service",
            "module.rds.aws_db_subnet_group.this",
            "module.security.aws_security_group.rds"
          ]
        }
      ]
    },
    {
      "module": "module.rds",
      "mode": "managed",
      "type": "aws_db_subnet_group",
      "name": "this",
      "provider": "provider[\"registry.terraform.io/hashicorp/aws\"]",
      "instances": [
        {
          "schema_version": 0,
          "attributes": {
            "arn": "arn:aws:rds:ap-northeast-2:105959916837:subgrp:ai-care-dev-rds-subnet-group",
            "description": "Managed by Terraform",
            "id": "ai-care-dev-rds-subnet-group",
            "name": "ai-care-dev-rds-subnet-group",
            "name_prefix": "",
            "region": "ap-northeast-2",
            "subnet_ids": [
              "subnet-0dc3cda5512b495ea",
              "subnet-0f38008ce44c44a11"
            ],
            "supported_network_types": [
              "IPV4"
            ],
            "tags": {
              "Environment": "dev",
              "ManagedBy": "terraform",
              "Name": "ai-care-dev-rds-subnet-group",
              "Project": "ai-care",
              "Scope": "infra-only"
            },
            "tags_all": {
              "Environment": "dev",
              "ManagedBy": "terraform",
              "Name": "ai-care-dev-rds-subnet-group",
              "Project": "ai-care",
              "Scope": "infra-only"
            },
            "vpc_id": "vpc-0beaaf51840498bae"
          },
          "sensitive_attributes": [],
          "identity_schema_version": 0,
          "identity": {
            "account_id": "105959916837",
            "name": "ai-care-dev-rds-subnet-group",
            "region": "ap-northeast-2"
          },
          "private": "bnVsbA=="
        }
      ]
    },
    {
      "module": "module.security",
      "mode": "managed",
      "type": "aws_security_group",
      "name": "alb",
      "provider": "provider[\"registry.terraform.io/hashicorp/aws\"]",
      "instances": [
        {
          "schema_version": 1,
          "attributes": {
            "arn": "arn:aws:ec2:ap-northeast-2:105959916837:security-group/sg-07312256c07790142",
            "description": "Future ALB security group. No ALB is created in infra-only.",
            "egress": [
              {
                "cidr_blocks": [
                  "0.0.0.0/0"
                ],
                "description": "Allow all outbound traffic.",
                "from_port": 0,
                "ipv6_cidr_blocks": [],
                "prefix_list_ids": [],
                "protocol": "-1",
                "security_groups": [],
                "self": false,
                "to_port": 0
              }
            ],
            "id": "sg-07312256c07790142",
            "ingress": [
              {
                "cidr_blocks": [
                  "0.0.0.0/0"
                ],
                "description": "HTTP access to future ALB.",
                "from_port": 80,
                "ipv6_cidr_blocks": [],
                "prefix_list_ids": [],
                "protocol": "tcp",
                "security_groups": [],
                "self": false,
                "to_port": 80
              },
              {
                "cidr_blocks": [
                  "0.0.0.0/0"
                ],
                "description": "HTTPS access to future ALB.",
                "from_port": 443,
                "ipv6_cidr_blocks": [],
                "prefix_list_ids": [],
                "protocol": "tcp",
                "security_groups": [],
                "self": false,
                "to_port": 443
              }
            ],
            "name": "ai-care-dev-alb-sg",
            "name_prefix": "",
            "owner_id": "105959916837",
            "region": "ap-northeast-2",
            "revoke_rules_on_delete": false,
            "tags": {
              "Environment": "dev",
              "ManagedBy": "terraform",
              "Name": "ai-care-dev-alb-sg",
              "Project": "ai-care",
              "Scope": "infra-only"
            },
            "tags_all": {
              "Environment": "dev",
              "ManagedBy": "terraform",
              "Name": "ai-care-dev-alb-sg",
              "Project": "ai-care",
              "Scope": "infra-only"
            },
            "timeouts": null,
            "vpc_id": "vpc-0beaaf51840498bae"
          },
          "sensitive_attributes": [],
          "identity_schema_version": 0,
          "identity": {
            "account_id": "105959916837",
            "id": "sg-07312256c07790142",
            "region": "ap-northeast-2"
          },
          "private": "eyJlMmJmYjczMC1lY2FhLTExZTYtOGY4OC0zNDM2M2JjN2M0YzAiOnsiY3JlYXRlIjo2MDAwMDAwMDAwMDAsImRlbGV0ZSI6OTAwMDAwMDAwMDAwfSwic2NoZW1hX3ZlcnNpb24iOiIxIn0=",
          "dependencies": [
            "module.existing_network.data.aws_vpc.service"
          ]
        }
      ]
    },
    {
      "module": "module.security",
      "mode": "managed",
      "type": "aws_security_group",
      "name": "bastion",
      "provider": "provider[\"registry.terraform.io/hashicorp/aws\"]",
      "instances": [
        {
          "schema_version": 1,
          "attributes": {
            "arn": "arn:aws:ec2:ap-northeast-2:105959916837:security-group/sg-0d925bc2b220c1fab",
            "description": "Managed by Terraform",
            "egress": [
              {
                "cidr_blocks": [
                  "0.0.0.0/0"
                ],
                "description": "",
                "from_port": 0,
                "ipv6_cidr_blocks": [],
                "prefix_list_ids": [],
                "protocol": "-1",
                "security_groups": [],
                "self": false,
                "to_port": 0
              }
            ],
            "id": "sg-0d925bc2b220c1fab",
            "ingress": [],
            "name": "ai-care-dev-bastion-sg20260605010248777400000001",
            "name_prefix": "ai-care-dev-bastion-sg",
            "owner_id": "105959916837",
            "region": "ap-northeast-2",
            "revoke_rules_on_delete": false,
            "tags": {
              "Environment": "dev",
              "ManagedBy": "terraform",
              "Name": "ai-care-dev-bastion-sg",
              "Project": "ai-care",
              "Scope": "infra-only"
            },
            "tags_all": {
              "Environment": "dev",
              "ManagedBy": "terraform",
              "Name": "ai-care-dev-bastion-sg",
              "Project": "ai-care",
              "Scope": "infra-only"
            },
            "timeouts": null,
            "vpc_id": "vpc-0beaaf51840498bae"
          },
          "sensitive_attributes": [],
          "identity_schema_version": 0,
          "identity": {
            "account_id": "105959916837",
            "id": "sg-0d925bc2b220c1fab",
            "region": "ap-northeast-2"
          },
          "private": "eyJlMmJmYjczMC1lY2FhLTExZTYtOGY4OC0zNDM2M2JjN2M0YzAiOnsiY3JlYXRlIjo2MDAwMDAwMDAwMDAsImRlbGV0ZSI6OTAwMDAwMDAwMDAwfSwic2NoZW1hX3ZlcnNpb24iOiIxIn0=",
          "dependencies": [
            "module.existing_network.data.aws_vpc.service"
          ]
        }
      ]
    },
    {
      "module": "module.security",
      "mode": "managed",
      "type": "aws_security_group",
      "name": "eks_node",
      "provider": "provider[\"registry.terraform.io/hashicorp/aws\"]",
      "instances": [
        {
          "schema_version": 1,
          "attributes": {
            "arn": "arn:aws:ec2:ap-northeast-2:105959916837:security-group/sg-035da829af5a6070a",
            "description": "EKS node security group.",
            "egress": [
              {
                "cidr_blocks": [
                  "0.0.0.0/0"
                ],
                "description": "Allow all outbound traffic.",
                "from_port": 0,
                "ipv6_cidr_blocks": [],
                "prefix_list_ids": [],
                "protocol": "-1",
                "security_groups": [],
                "self": false,
                "to_port": 0
              }
            ],
            "id": "sg-035da829af5a6070a",
            "ingress": [
              {
                "cidr_blocks": [],
                "description": "Backend container traffic from future ALB.",
                "from_port": 8080,
                "ipv6_cidr_blocks": [],
                "prefix_list_ids": [],
                "protocol": "tcp",
                "security_groups": [
                  "sg-07312256c07790142"
                ],
                "self": false,
                "to_port": 8080
              },
              {
                "cidr_blocks": [],
                "description": "Node-to-node traffic.",
                "from_port": 0,
                "ipv6_cidr_blocks": [],
                "prefix_list_ids": [],
                "protocol": "-1",
                "security_groups": [],
                "self": true,
                "to_port": 0
              }
            ],
            "name": "ai-care-dev-eks-node-sg",
            "name_prefix": "",
            "owner_id": "105959916837",
            "region": "ap-northeast-2",
            "revoke_rules_on_delete": false,
            "tags": {
              "Environment": "dev",
              "ManagedBy": "terraform",
              "Name": "ai-care-dev-eks-node-sg",
              "Project": "ai-care",
              "Scope": "infra-only"
            },
            "tags_all": {
              "Environment": "dev",
              "ManagedBy": "terraform",
              "Name": "ai-care-dev-eks-node-sg",
              "Project": "ai-care",
              "Scope": "infra-only"
            },
            "timeouts": null,
            "vpc_id": "vpc-0beaaf51840498bae"
          },
          "sensitive_attributes": [],
          "identity_schema_version": 0,
          "identity": {
            "account_id": "105959916837",
            "id": "sg-035da829af5a6070a",
            "region": "ap-northeast-2"
          },
          "private": "eyJlMmJmYjczMC1lY2FhLTExZTYtOGY4OC0zNDM2M2JjN2M0YzAiOnsiY3JlYXRlIjo2MDAwMDAwMDAwMDAsImRlbGV0ZSI6OTAwMDAwMDAwMDAwfSwic2NoZW1hX3ZlcnNpb24iOiIxIn0=",
          "dependencies": [
            "module.existing_network.data.aws_vpc.service"
          ]
        }
      ]
    },
    {
      "module": "module.security",
      "mode": "managed",
      "type": "aws_security_group",
      "name": "fastapi",
      "provider": "provider[\"registry.terraform.io/hashicorp/aws\"]",
      "instances": [
        {
          "schema_version": 1,
          "attributes": {
            "arn": "arn:aws:ec2:ap-northeast-2:105959916837:security-group/sg-05c5e51e00e250d37",
            "description": "On-Prem FastAPI placeholder security group.",
            "egress": [
              {
                "cidr_blocks": [
                  "0.0.0.0/0"
                ],
                "description": "Allow all outbound traffic.",
                "from_port": 0,
                "ipv6_cidr_blocks": [],
                "prefix_list_ids": [],
                "protocol": "-1",
                "security_groups": [],
                "self": false,
                "to_port": 0
              }
            ],
            "id": "sg-05c5e51e00e250d37",
            "ingress": [
              {
                "cidr_blocks": [
                  "10.0.0.0/16"
                ],
                "description": "FastAPI placeholder from Service VPC.",
                "from_port": 9000,
                "ipv6_cidr_blocks": [],
                "prefix_list_ids": [],
                "protocol": "tcp",
                "security_groups": [],
                "self": false,
                "to_port": 9000
              }
            ],
            "name": "ai-care-dev-onprem-fastapi-sg",
            "name_prefix": "",
            "owner_id": "105959916837",
            "region": "ap-northeast-2",
            "revoke_rules_on_delete": false,
            "tags": {
              "Environment": "dev",
              "ManagedBy": "terraform",
              "Name": "ai-care-dev-onprem-fastapi-sg",
              "Project": "ai-care",
              "Scope": "infra-only"
            },
            "tags_all": {
              "Environment": "dev",
              "ManagedBy": "terraform",
              "Name": "ai-care-dev-onprem-fastapi-sg",
              "Project": "ai-care",
              "Scope": "infra-only"
            },
            "timeouts": null,
            "vpc_id": "vpc-0a53924e1ccaeb2e2"
          },
          "sensitive_attributes": [],
          "identity_schema_version": 0,
          "identity": {
            "account_id": "105959916837",
            "id": "sg-05c5e51e00e250d37",
            "region": "ap-northeast-2"
          },
          "private": "eyJlMmJmYjczMC1lY2FhLTExZTYtOGY4OC0zNDM2M2JjN2M0YzAiOnsiY3JlYXRlIjo2MDAwMDAwMDAwMDAsImRlbGV0ZSI6OTAwMDAwMDAwMDAwfSwic2NoZW1hX3ZlcnNpb24iOiIxIn0=",
          "dependencies": [
            "module.onprem_network.data.aws_vpc.onprem"
          ]
        }
      ]
    },
    {
      "module": "module.security",
      "mode": "managed",
      "type": "aws_security_group",
      "name": "onprem_postgres",
      "provider": "provider[\"registry.terraform.io/hashicorp/aws\"]",
      "instances": [
        {
          "schema_version": 1,
          "attributes": {
            "arn": "arn:aws:ec2:ap-northeast-2:105959916837:security-group/sg-06dffb35d619a04b9",
            "description": "On-Prem PostgreSQL placeholder security group.",
            "egress": [
              {
                "cidr_blocks": [
                  "0.0.0.0/0"
                ],
                "description": "Allow all outbound traffic.",
                "from_port": 0,
                "ipv6_cidr_blocks": [],
                "prefix_list_ids": [],
                "protocol": "-1",
                "security_groups": [],
                "self": false,
                "to_port": 0
              }
            ],
            "id": "sg-06dffb35d619a04b9",
            "ingress": [
              {
                "cidr_blocks": [],
                "description": "On-Prem PostgreSQL from FastAPI placeholder.",
                "from_port": 5432,
                "ipv6_cidr_blocks": [],
                "prefix_list_ids": [],
                "protocol": "tcp",
                "security_groups": [
                  "sg-05c5e51e00e250d37"
                ],
                "self": false,
                "to_port": 5432
              }
            ],
            "name": "ai-care-dev-onprem-postgres-sg",
            "name_prefix": "",
            "owner_id": "105959916837",
            "region": "ap-northeast-2",
            "revoke_rules_on_delete": false,
            "tags": {
              "Environment": "dev",
              "ManagedBy": "terraform",
              "Name": "ai-care-dev-onprem-postgres-sg",
              "Project": "ai-care",
              "Scope": "infra-only"
            },
            "tags_all": {
              "Environment": "dev",
              "ManagedBy": "terraform",
              "Name": "ai-care-dev-onprem-postgres-sg",
              "Project": "ai-care",
              "Scope": "infra-only"
            },
            "timeouts": null,
            "vpc_id": "vpc-0a53924e1ccaeb2e2"
          },
          "sensitive_attributes": [],
          "identity_schema_version": 0,
          "identity": {
            "account_id": "105959916837",
            "id": "sg-06dffb35d619a04b9",
            "region": "ap-northeast-2"
          },
          "private": "eyJlMmJmYjczMC1lY2FhLTExZTYtOGY4OC0zNDM2M2JjN2M0YzAiOnsiY3JlYXRlIjo2MDAwMDAwMDAwMDAsImRlbGV0ZSI6OTAwMDAwMDAwMDAwfSwic2NoZW1hX3ZlcnNpb24iOiIxIn0=",
          "dependencies": [
            "module.onprem_network.data.aws_vpc.onprem"
          ]
        }
      ]
    },
    {
      "module": "module.security",
      "mode": "managed",
      "type": "aws_security_group",
      "name": "rds",
      "provider": "provider[\"registry.terraform.io/hashicorp/aws\"]",
      "instances": [
        {
          "schema_version": 1,
          "attributes": {
            "arn": "arn:aws:ec2:ap-northeast-2:105959916837:security-group/sg-0ebc0614c08964e7b",
            "description": "RDS PostgreSQL security group.",
            "egress": [
              {
                "cidr_blocks": [
                  "0.0.0.0/0"
                ],
                "description": "Allow all outbound traffic.",
                "from_port": 0,
                "ipv6_cidr_blocks": [],
                "prefix_list_ids": [],
                "protocol": "-1",
                "security_groups": [],
                "self": false,
                "to_port": 0
              }
            ],
            "id": "sg-0ebc0614c08964e7b",
            "ingress": [
              {
                "cidr_blocks": [],
                "description": "PostgreSQL from Bastion",
                "from_port": 5432,
                "ipv6_cidr_blocks": [],
                "prefix_list_ids": [],
                "protocol": "tcp",
                "security_groups": [
                  "sg-0d925bc2b220c1fab"
                ],
                "self": false,
                "to_port": 5432
              },
              {
                "cidr_blocks": [],
                "description": "PostgreSQL from EKS managed node group cluster security group.",
                "from_port": 5432,
                "ipv6_cidr_blocks": [],
                "prefix_list_ids": [],
                "protocol": "tcp",
                "security_groups": [
                  "sg-082f36168136b96f0"
                ],
                "self": false,
                "to_port": 5432
              },
              {
                "cidr_blocks": [],
                "description": "PostgreSQL from EKS nodes.",
                "from_port": 5432,
                "ipv6_cidr_blocks": [],
                "prefix_list_ids": [],
                "protocol": "tcp",
                "security_groups": [
                  "sg-035da829af5a6070a"
                ],
                "self": false,
                "to_port": 5432
              }
            ],
            "name": "ai-care-dev-rds-sg",
            "name_prefix": "",
            "owner_id": "105959916837",
            "region": "ap-northeast-2",
            "revoke_rules_on_delete": false,
            "tags": {
              "Environment": "dev",
              "ManagedBy": "terraform",
              "Name": "ai-care-dev-rds-sg",
              "Project": "ai-care",
              "Scope": "infra-only"
            },
            "tags_all": {
              "Environment": "dev",
              "ManagedBy": "terraform",
              "Name": "ai-care-dev-rds-sg",
              "Project": "ai-care",
              "Scope": "infra-only"
            },
            "timeouts": null,
            "vpc_id": "vpc-0beaaf51840498bae"
          },
          "sensitive_attributes": [],
          "identity_schema_version": 0,
          "identity": {
            "account_id": "105959916837",
            "id": "sg-0ebc0614c08964e7b",
            "region": "ap-northeast-2"
          },
          "private": "eyJlMmJmYjczMC1lY2FhLTExZTYtOGY4OC0zNDM2M2JjN2M0YzAiOnsiY3JlYXRlIjo2MDAwMDAwMDAwMDAsImRlbGV0ZSI6OTAwMDAwMDAwMDAwfSwic2NoZW1hX3ZlcnNpb24iOiIxIn0=",
          "dependencies": [
            "module.existing_network.data.aws_vpc.service"
          ]
        }
      ]
    },
    {
      "module": "module.security",
      "mode": "managed",
      "type": "aws_security_group",
      "name": "ssm_endpoint",
      "provider": "provider[\"registry.terraform.io/hashicorp/aws\"]",
      "instances": [
        {
          "schema_version": 1,
          "attributes": {
            "arn": "arn:aws:ec2:ap-northeast-2:105959916837:security-group/sg-08845649e1ae60d2c",
            "description": "endpoint",
            "egress": [
              {
                "cidr_blocks": [
                  "0.0.0.0/0"
                ],
                "description": "",
                "from_port": 0,
                "ipv6_cidr_blocks": [],
                "prefix_list_ids": [],
                "protocol": "-1",
                "security_groups": [],
                "self": false,
                "to_port": 0
              }
            ],
            "id": "sg-08845649e1ae60d2c",
            "ingress": [
              {
                "cidr_blocks": [
                  "172.16.0.0/16"
                ],
                "description": "",
                "from_port": 443,
                "ipv6_cidr_blocks": [],
                "prefix_list_ids": [],
                "protocol": "tcp",
                "security_groups": [],
                "self": false,
                "to_port": 443
              }
            ],
            "name": "ssm-endpoint-sg",
            "name_prefix": "",
            "owner_id": "105959916837",
            "region": "ap-northeast-2",
            "revoke_rules_on_delete": null,
            "tags": {},
            "tags_all": {},
            "timeouts": null,
            "vpc_id": "vpc-0a53924e1ccaeb2e2"
          },
          "sensitive_attributes": [],
          "identity_schema_version": 0,
          "identity": {
            "account_id": "105959916837",
            "id": "sg-08845649e1ae60d2c",
            "region": "ap-northeast-2"
          },
          "private": "eyJlMmJmYjczMC1lY2FhLTExZTYtOGY4OC0zNDM2M2JjN2M0YzAiOnsiY3JlYXRlIjo2MDAwMDAwMDAwMDAsImRlbGV0ZSI6OTAwMDAwMDAwMDAwfSwic2NoZW1hX3ZlcnNpb24iOiIxIn0="
        }
      ]
    },
    {
      "module": "module.security",
      "mode": "managed",
      "type": "aws_security_group",
      "name": "strongswan",
      "provider": "provider[\"registry.terraform.io/hashicorp/aws\"]",
      "instances": [
        {
          "schema_version": 1,
          "attributes": {
            "arn": "arn:aws:ec2:ap-northeast-2:105959916837:security-group/sg-0418b66bd790ba89d",
            "description": "strongSwan VPN endpoint security group.",
            "egress": [
              {
                "cidr_blocks": [
                  "0.0.0.0/0"
                ],
                "description": "Allow all outbound traffic.",
                "from_port": 0,
                "ipv6_cidr_blocks": [],
                "prefix_list_ids": [],
                "protocol": "-1",
                "security_groups": [],
                "self": false,
                "to_port": 0
              }
            ],
            "id": "sg-0418b66bd790ba89d",
            "ingress": [
              {
                "cidr_blocks": [
                  "0.0.0.0/0"
                ],
                "description": "IPsec IKE.",
                "from_port": 500,
                "ipv6_cidr_blocks": [],
                "prefix_list_ids": [],
                "protocol": "udp",
                "security_groups": [],
                "self": false,
                "to_port": 500
              },
              {
                "cidr_blocks": [
                  "0.0.0.0/0"
                ],
                "description": "IPsec NAT-T.",
                "from_port": 4500,
                "ipv6_cidr_blocks": [],
                "prefix_list_ids": [],
                "protocol": "udp",
                "security_groups": [],
                "self": false,
                "to_port": 4500
              }
            ],
            "name": "ai-care-dev-strongswan-sg",
            "name_prefix": "",
            "owner_id": "105959916837",
            "region": "ap-northeast-2",
            "revoke_rules_on_delete": false,
            "tags": {
              "Environment": "dev",
              "ManagedBy": "terraform",
              "Name": "ai-care-dev-strongswan-sg",
              "Project": "ai-care",
              "Scope": "infra-only"
            },
            "tags_all": {
              "Environment": "dev",
              "ManagedBy": "terraform",
              "Name": "ai-care-dev-strongswan-sg",
              "Project": "ai-care",
              "Scope": "infra-only"
            },
            "timeouts": null,
            "vpc_id": "vpc-0a53924e1ccaeb2e2"
          },
          "sensitive_attributes": [],
          "identity_schema_version": 0,
          "identity": {
            "account_id": "105959916837",
            "id": "sg-0418b66bd790ba89d",
            "region": "ap-northeast-2"
          },
          "private": "eyJlMmJmYjczMC1lY2FhLTExZTYtOGY4OC0zNDM2M2JjN2M0YzAiOnsiY3JlYXRlIjo2MDAwMDAwMDAwMDAsImRlbGV0ZSI6OTAwMDAwMDAwMDAwfSwic2NoZW1hX3ZlcnNpb24iOiIxIn0=",
          "dependencies": [
            "module.onprem_network.data.aws_vpc.onprem"
          ]
        }
      ]
    },
    {
      "module": "module.security",
      "mode": "managed",
      "type": "aws_vpc_security_group_egress_rule",
      "name": "all",
      "provider": "provider[\"registry.terraform.io/hashicorp/aws\"]",
      "instances": [
        {
          "index_key": "alb",
          "schema_version": 0,
          "attributes": {
            "arn": "arn:aws:ec2:ap-northeast-2:105959916837:security-group-rule/sgr-0a2c6a96a876153fe",
            "cidr_ipv4": "0.0.0.0/0",
            "cidr_ipv6": null,
            "description": "Allow all outbound traffic.",
            "from_port": null,
            "id": "sgr-0a2c6a96a876153fe",
            "ip_protocol": "-1",
            "prefix_list_id": null,
            "referenced_security_group_id": null,
            "region": "ap-northeast-2",
            "security_group_id": "sg-07312256c07790142",
            "security_group_rule_id": "sgr-0a2c6a96a876153fe",
            "tags": {
              "Environment": "dev",
              "ManagedBy": "terraform",
              "Project": "ai-care",
              "Scope": "infra-only"
            },
            "tags_all": {
              "Environment": "dev",
              "ManagedBy": "terraform",
              "Project": "ai-care",
              "Scope": "infra-only"
            },
            "to_port": null
          },
          "sensitive_attributes": [],
          "identity_schema_version": 0,
          "identity": {
            "account_id": "105959916837",
            "id": "sgr-0a2c6a96a876153fe",
            "region": "ap-northeast-2"
          },
          "dependencies": [
            "module.existing_network.data.aws_vpc.service",
            "module.onprem_network.data.aws_vpc.onprem",
            "module.security.aws_security_group.alb",
            "module.security.aws_security_group.eks_node",
            "module.security.aws_security_group.fastapi",
            "module.security.aws_security_group.onprem_postgres",
            "module.security.aws_security_group.rds",
            "module.security.aws_security_group.strongswan"
          ]
        },
        {
          "index_key": "eks_node",
          "schema_version": 0,
          "attributes": {
            "arn": "arn:aws:ec2:ap-northeast-2:105959916837:security-group-rule/sgr-00d71f80301cb9f47",
            "cidr_ipv4": "0.0.0.0/0",
            "cidr_ipv6": null,
            "description": "Allow all outbound traffic.",
            "from_port": null,
            "id": "sgr-00d71f80301cb9f47",
            "ip_protocol": "-1",
            "prefix_list_id": null,
            "referenced_security_group_id": null,
            "region": "ap-northeast-2",
            "security_group_id": "sg-035da829af5a6070a",
            "security_group_rule_id": "sgr-00d71f80301cb9f47",
            "tags": {
              "Environment": "dev",
              "ManagedBy": "terraform",
              "Project": "ai-care",
              "Scope": "infra-only"
            },
            "tags_all": {
              "Environment": "dev",
              "ManagedBy": "terraform",
              "Project": "ai-care",
              "Scope": "infra-only"
            },
            "to_port": null
          },
          "sensitive_attributes": [],
          "identity_schema_version": 0,
          "identity": {
            "account_id": "105959916837",
            "id": "sgr-00d71f80301cb9f47",
            "region": "ap-northeast-2"
          },
          "dependencies": [
            "module.existing_network.data.aws_vpc.service",
            "module.onprem_network.data.aws_vpc.onprem",
            "module.security.aws_security_group.alb",
            "module.security.aws_security_group.eks_node",
            "module.security.aws_security_group.fastapi",
            "module.security.aws_security_group.onprem_postgres",
            "module.security.aws_security_group.rds",
            "module.security.aws_security_group.strongswan"
          ]
        },
        {
          "index_key": "fastapi",
          "schema_version": 0,
          "attributes": {
            "arn": "arn:aws:ec2:ap-northeast-2:105959916837:security-group-rule/sgr-0c4193e896879ce58",
            "cidr_ipv4": "0.0.0.0/0",
            "cidr_ipv6": null,
            "description": "Allow all outbound traffic.",
            "from_port": null,
            "id": "sgr-0c4193e896879ce58",
            "ip_protocol": "-1",
            "prefix_list_id": null,
            "referenced_security_group_id": null,
            "region": "ap-northeast-2",
            "security_group_id": "sg-05c5e51e00e250d37",
            "security_group_rule_id": "sgr-0c4193e896879ce58",
            "tags": {
              "Environment": "dev",
              "ManagedBy": "terraform",
              "Project": "ai-care",
              "Scope": "infra-only"
            },
            "tags_all": {
              "Environment": "dev",
              "ManagedBy": "terraform",
              "Project": "ai-care",
              "Scope": "infra-only"
            },
            "to_port": null
          },
          "sensitive_attributes": [],
          "identity_schema_version": 0,
          "identity": {
            "account_id": "105959916837",
            "id": "sgr-0c4193e896879ce58",
            "region": "ap-northeast-2"
          },
          "dependencies": [
            "module.existing_network.data.aws_vpc.service",
            "module.onprem_network.data.aws_vpc.onprem",
            "module.security.aws_security_group.alb",
            "module.security.aws_security_group.eks_node",
            "module.security.aws_security_group.fastapi",
            "module.security.aws_security_group.onprem_postgres",
            "module.security.aws_security_group.rds",
            "module.security.aws_security_group.strongswan"
          ]
        },
        {
          "index_key": "onprem_postgres",
          "schema_version": 0,
          "attributes": {
            "arn": "arn:aws:ec2:ap-northeast-2:105959916837:security-group-rule/sgr-0a484270cec860b7f",
            "cidr_ipv4": "0.0.0.0/0",
            "cidr_ipv6": null,
            "description": "Allow all outbound traffic.",
            "from_port": null,
            "id": "sgr-0a484270cec860b7f",
            "ip_protocol": "-1",
            "prefix_list_id": null,
            "referenced_security_group_id": null,
            "region": "ap-northeast-2",
            "security_group_id": "sg-06dffb35d619a04b9",
            "security_group_rule_id": "sgr-0a484270cec860b7f",
            "tags": {
              "Environment": "dev",
              "ManagedBy": "terraform",
              "Project": "ai-care",
              "Scope": "infra-only"
            },
            "tags_all": {
              "Environment": "dev",
              "ManagedBy": "terraform",
              "Project": "ai-care",
              "Scope": "infra-only"
            },
            "to_port": null
          },
          "sensitive_attributes": [],
          "identity_schema_version": 0,
          "identity": {
            "account_id": "105959916837",
            "id": "sgr-0a484270cec860b7f",
            "region": "ap-northeast-2"
          },
          "dependencies": [
            "module.existing_network.data.aws_vpc.service",
            "module.onprem_network.data.aws_vpc.onprem",
            "module.security.aws_security_group.alb",
            "module.security.aws_security_group.eks_node",
            "module.security.aws_security_group.fastapi",
            "module.security.aws_security_group.onprem_postgres",
            "module.security.aws_security_group.rds",
            "module.security.aws_security_group.strongswan"
          ]
        },
        {
          "index_key": "rds",
          "schema_version": 0,
          "attributes": {
            "arn": "arn:aws:ec2:ap-northeast-2:105959916837:security-group-rule/sgr-0c676a6233b154e84",
            "cidr_ipv4": "0.0.0.0/0",
            "cidr_ipv6": null,
            "description": "Allow all outbound traffic.",
            "from_port": null,
            "id": "sgr-0c676a6233b154e84",
            "ip_protocol": "-1",
            "prefix_list_id": null,
            "referenced_security_group_id": null,
            "region": "ap-northeast-2",
            "security_group_id": "sg-0ebc0614c08964e7b",
            "security_group_rule_id": "sgr-0c676a6233b154e84",
            "tags": {
              "Environment": "dev",
              "ManagedBy": "terraform",
              "Project": "ai-care",
              "Scope": "infra-only"
            },
            "tags_all": {
              "Environment": "dev",
              "ManagedBy": "terraform",
              "Project": "ai-care",
              "Scope": "infra-only"
            },
            "to_port": null
          },
          "sensitive_attributes": [],
          "identity_schema_version": 0,
          "identity": {
            "account_id": "105959916837",
            "id": "sgr-0c676a6233b154e84",
            "region": "ap-northeast-2"
          },
          "dependencies": [
            "module.existing_network.data.aws_vpc.service",
            "module.onprem_network.data.aws_vpc.onprem",
            "module.security.aws_security_group.alb",
            "module.security.aws_security_group.eks_node",
            "module.security.aws_security_group.fastapi",
            "module.security.aws_security_group.onprem_postgres",
            "module.security.aws_security_group.rds",
            "module.security.aws_security_group.strongswan"
          ]
        },
        {
          "index_key": "strongswan",
          "schema_version": 0,
          "attributes": {
            "arn": "arn:aws:ec2:ap-northeast-2:105959916837:security-group-rule/sgr-00cf86b6f63f180ad",
            "cidr_ipv4": "0.0.0.0/0",
            "cidr_ipv6": null,
            "description": "Allow all outbound traffic.",
            "from_port": null,
            "id": "sgr-00cf86b6f63f180ad",
            "ip_protocol": "-1",
            "prefix_list_id": null,
            "referenced_security_group_id": null,
            "region": "ap-northeast-2",
            "security_group_id": "sg-0418b66bd790ba89d",
            "security_group_rule_id": "sgr-00cf86b6f63f180ad",
            "tags": {
              "Environment": "dev",
              "ManagedBy": "terraform",
              "Project": "ai-care",
              "Scope": "infra-only"
            },
            "tags_all": {
              "Environment": "dev",
              "ManagedBy": "terraform",
              "Project": "ai-care",
              "Scope": "infra-only"
            },
            "to_port": null
          },
          "sensitive_attributes": [],
          "identity_schema_version": 0,
          "identity": {
            "account_id": "105959916837",
            "id": "sgr-00cf86b6f63f180ad",
            "region": "ap-northeast-2"
          },
          "dependencies": [
            "module.existing_network.data.aws_vpc.service",
            "module.onprem_network.data.aws_vpc.onprem",
            "module.security.aws_security_group.alb",
            "module.security.aws_security_group.eks_node",
            "module.security.aws_security_group.fastapi",
            "module.security.aws_security_group.onprem_postgres",
            "module.security.aws_security_group.rds",
            "module.security.aws_security_group.strongswan"
          ]
        }
      ]
    },
    {
      "module": "module.security",
      "mode": "managed",
      "type": "aws_vpc_security_group_ingress_rule",
      "name": "alb_http",
      "provider": "provider[\"registry.terraform.io/hashicorp/aws\"]",
      "instances": [
        {
          "index_key": "0.0.0.0/0",
          "schema_version": 0,
          "attributes": {
            "arn": "arn:aws:ec2:ap-northeast-2:105959916837:security-group-rule/sgr-07492933b900f753b",
            "cidr_ipv4": "0.0.0.0/0",
            "cidr_ipv6": null,
            "description": "HTTP access to future ALB.",
            "from_port": 80,
            "id": "sgr-07492933b900f753b",
            "ip_protocol": "tcp",
            "prefix_list_id": null,
            "referenced_security_group_id": null,
            "region": "ap-northeast-2",
            "security_group_id": "sg-07312256c07790142",
            "security_group_rule_id": "sgr-07492933b900f753b",
            "tags": {
              "Environment": "dev",
              "ManagedBy": "terraform",
              "Project": "ai-care",
              "Scope": "infra-only"
            },
            "tags_all": {
              "Environment": "dev",
              "ManagedBy": "terraform",
              "Project": "ai-care",
              "Scope": "infra-only"
            },
            "to_port": 80
          },
          "sensitive_attributes": [],
          "identity_schema_version": 0,
          "identity": {
            "account_id": "105959916837",
            "id": "sgr-07492933b900f753b",
            "region": "ap-northeast-2"
          },
          "dependencies": [
            "module.existing_network.data.aws_vpc.service",
            "module.security.aws_security_group.alb"
          ]
        }
      ]
    },
    {
      "module": "module.security",
      "mode": "managed",
      "type": "aws_vpc_security_group_ingress_rule",
      "name": "alb_https",
      "provider": "provider[\"registry.terraform.io/hashicorp/aws\"]",
      "instances": [
        {
          "index_key": "0.0.0.0/0",
          "schema_version": 0,
          "attributes": {
            "arn": "arn:aws:ec2:ap-northeast-2:105959916837:security-group-rule/sgr-01251324e5d5e8768",
            "cidr_ipv4": "0.0.0.0/0",
            "cidr_ipv6": null,
            "description": "HTTPS access to future ALB.",
            "from_port": 443,
            "id": "sgr-01251324e5d5e8768",
            "ip_protocol": "tcp",
            "prefix_list_id": null,
            "referenced_security_group_id": null,
            "region": "ap-northeast-2",
            "security_group_id": "sg-07312256c07790142",
            "security_group_rule_id": "sgr-01251324e5d5e8768",
            "tags": {
              "Environment": "dev",
              "ManagedBy": "terraform",
              "Project": "ai-care",
              "Scope": "infra-only"
            },
            "tags_all": {
              "Environment": "dev",
              "ManagedBy": "terraform",
              "Project": "ai-care",
              "Scope": "infra-only"
            },
            "to_port": 443
          },
          "sensitive_attributes": [],
          "identity_schema_version": 0,
          "identity": {
            "account_id": "105959916837",
            "id": "sgr-01251324e5d5e8768",
            "region": "ap-northeast-2"
          },
          "dependencies": [
            "module.existing_network.data.aws_vpc.service",
            "module.security.aws_security_group.alb"
          ]
        }
      ]
    },
    {
      "module": "module.security",
      "mode": "managed",
      "type": "aws_vpc_security_group_ingress_rule",
      "name": "eks_node_from_alb",
      "provider": "provider[\"registry.terraform.io/hashicorp/aws\"]",
      "instances": [
        {
          "schema_version": 0,
          "attributes": {
            "arn": "arn:aws:ec2:ap-northeast-2:105959916837:security-group-rule/sgr-05c4e095e38f64e86",
            "cidr_ipv4": null,
            "cidr_ipv6": null,
            "description": "Backend container traffic from future ALB.",
            "from_port": 8080,
            "id": "sgr-05c4e095e38f64e86",
            "ip_protocol": "tcp",
            "prefix_list_id": null,
            "referenced_security_group_id": "sg-07312256c07790142",
            "region": "ap-northeast-2",
            "security_group_id": "sg-035da829af5a6070a",
            "security_group_rule_id": "sgr-05c4e095e38f64e86",
            "tags": {
              "Environment": "dev",
              "ManagedBy": "terraform",
              "Project": "ai-care",
              "Scope": "infra-only"
            },
            "tags_all": {
              "Environment": "dev",
              "ManagedBy": "terraform",
              "Project": "ai-care",
              "Scope": "infra-only"
            },
            "to_port": 8080
          },
          "sensitive_attributes": [],
          "identity_schema_version": 0,
          "identity": {
            "account_id": "105959916837",
            "id": "sgr-05c4e095e38f64e86",
            "region": "ap-northeast-2"
          },
          "dependencies": [
            "module.existing_network.data.aws_vpc.service",
            "module.security.aws_security_group.alb",
            "module.security.aws_security_group.eks_node"
          ]
        }
      ]
    },
    {
      "module": "module.security",
      "mode": "managed",
      "type": "aws_vpc_security_group_ingress_rule",
      "name": "eks_node_self",
      "provider": "provider[\"registry.terraform.io/hashicorp/aws\"]",
      "instances": [
        {
          "schema_version": 0,
          "attributes": {
            "arn": "arn:aws:ec2:ap-northeast-2:105959916837:security-group-rule/sgr-0a05397666eb7c8c8",
            "cidr_ipv4": null,
            "cidr_ipv6": null,
            "description": "Node-to-node traffic.",
            "from_port": null,
            "id": "sgr-0a05397666eb7c8c8",
            "ip_protocol": "-1",
            "prefix_list_id": null,
            "referenced_security_group_id": "sg-035da829af5a6070a",
            "region": "ap-northeast-2",
            "security_group_id": "sg-035da829af5a6070a",
            "security_group_rule_id": "sgr-0a05397666eb7c8c8",
            "tags": {
              "Environment": "dev",
              "ManagedBy": "terraform",
              "Project": "ai-care",
              "Scope": "infra-only"
            },
            "tags_all": {
              "Environment": "dev",
              "ManagedBy": "terraform",
              "Project": "ai-care",
              "Scope": "infra-only"
            },
            "to_port": null
          },
          "sensitive_attributes": [],
          "identity_schema_version": 0,
          "identity": {
            "account_id": "105959916837",
            "id": "sgr-0a05397666eb7c8c8",
            "region": "ap-northeast-2"
          },
          "dependencies": [
            "module.existing_network.data.aws_vpc.service",
            "module.security.aws_security_group.eks_node"
          ]
        }
      ]
    },
    {
      "module": "module.security",
      "mode": "managed",
      "type": "aws_vpc_security_group_ingress_rule",
      "name": "fastapi_from_service_vpc",
      "provider": "provider[\"registry.terraform.io/hashicorp/aws\"]",
      "instances": [
        {
          "schema_version": 0,
          "attributes": {
            "arn": "arn:aws:ec2:ap-northeast-2:105959916837:security-group-rule/sgr-0651b6bd2be8d7426",
            "cidr_ipv4": "10.0.0.0/16",
            "cidr_ipv6": null,
            "description": "FastAPI placeholder from Service VPC.",
            "from_port": 9000,
            "id": "sgr-0651b6bd2be8d7426",
            "ip_protocol": "tcp",
            "prefix_list_id": null,
            "referenced_security_group_id": null,
            "region": "ap-northeast-2",
            "security_group_id": "sg-05c5e51e00e250d37",
            "security_group_rule_id": "sgr-0651b6bd2be8d7426",
            "tags": {
              "Environment": "dev",
              "ManagedBy": "terraform",
              "Project": "ai-care",
              "Scope": "infra-only"
            },
            "tags_all": {
              "Environment": "dev",
              "ManagedBy": "terraform",
              "Project": "ai-care",
              "Scope": "infra-only"
            },
            "to_port": 9000
          },
          "sensitive_attributes": [],
          "identity_schema_version": 0,
          "identity": {
            "account_id": "105959916837",
            "id": "sgr-0651b6bd2be8d7426",
            "region": "ap-northeast-2"
          },
          "dependencies": [
            "module.existing_network.data.aws_vpc.service",
            "module.onprem_network.data.aws_vpc.onprem",
            "module.security.aws_security_group.fastapi"
          ]
        }
      ]
    },
    {
      "module": "module.security",
      "mode": "managed",
      "type": "aws_vpc_security_group_ingress_rule",
      "name": "onprem_postgres_from_fastapi",
      "provider": "provider[\"registry.terraform.io/hashicorp/aws\"]",
      "instances": [
        {
          "schema_version": 0,
          "attributes": {
            "arn": "arn:aws:ec2:ap-northeast-2:105959916837:security-group-rule/sgr-0b6dd7bb2614f0749",
            "cidr_ipv4": null,
            "cidr_ipv6": null,
            "description": "On-Prem PostgreSQL from FastAPI placeholder.",
            "from_port": 5432,
            "id": "sgr-0b6dd7bb2614f0749",
            "ip_protocol": "tcp",
            "prefix_list_id": null,
            "referenced_security_group_id": "sg-05c5e51e00e250d37",
            "region": "ap-northeast-2",
            "security_group_id": "sg-06dffb35d619a04b9",
            "security_group_rule_id": "sgr-0b6dd7bb2614f0749",
            "tags": {
              "Environment": "dev",
              "ManagedBy": "terraform",
              "Project": "ai-care",
              "Scope": "infra-only"
            },
            "tags_all": {
              "Environment": "dev",
              "ManagedBy": "terraform",
              "Project": "ai-care",
              "Scope": "infra-only"
            },
            "to_port": 5432
          },
          "sensitive_attributes": [],
          "identity_schema_version": 0,
          "identity": {
            "account_id": "105959916837",
            "id": "sgr-0b6dd7bb2614f0749",
            "region": "ap-northeast-2"
          },
          "dependencies": [
            "module.onprem_network.data.aws_vpc.onprem",
            "module.security.aws_security_group.fastapi",
            "module.security.aws_security_group.onprem_postgres"
          ]
        }
      ]
    },
    {
      "module": "module.security",
      "mode": "managed",
      "type": "aws_vpc_security_group_ingress_rule",
      "name": "rds_from_eks_node",
      "provider": "provider[\"registry.terraform.io/hashicorp/aws\"]",
      "instances": [
        {
          "schema_version": 0,
          "attributes": {
            "arn": "arn:aws:ec2:ap-northeast-2:105959916837:security-group-rule/sgr-0468022ca930b94e6",
            "cidr_ipv4": null,
            "cidr_ipv6": null,
            "description": "PostgreSQL from EKS nodes.",
            "from_port": 5432,
            "id": "sgr-0468022ca930b94e6",
            "ip_protocol": "tcp",
            "prefix_list_id": null,
            "referenced_security_group_id": "sg-035da829af5a6070a",
            "region": "ap-northeast-2",
            "security_group_id": "sg-0ebc0614c08964e7b",
            "security_group_rule_id": "sgr-0468022ca930b94e6",
            "tags": {
              "Environment": "dev",
              "ManagedBy": "terraform",
              "Project": "ai-care",
              "Scope": "infra-only"
            },
            "tags_all": {
              "Environment": "dev",
              "ManagedBy": "terraform",
              "Project": "ai-care",
              "Scope": "infra-only"
            },
            "to_port": 5432
          },
          "sensitive_attributes": [],
          "identity_schema_version": 0,
          "identity": {
            "account_id": "105959916837",
            "id": "sgr-0468022ca930b94e6",
            "region": "ap-northeast-2"
          },
          "dependencies": [
            "module.existing_network.data.aws_vpc.service",
            "module.security.aws_security_group.eks_node",
            "module.security.aws_security_group.rds"
          ]
        }
      ]
    },
    {
      "module": "module.security",
      "mode": "managed",
      "type": "aws_vpc_security_group_ingress_rule",
      "name": "strongswan_udp_4500",
      "provider": "provider[\"registry.terraform.io/hashicorp/aws\"]",
      "instances": [
        {
          "index_key": "0.0.0.0/0",
          "schema_version": 0,
          "attributes": {
            "arn": "arn:aws:ec2:ap-northeast-2:105959916837:security-group-rule/sgr-0fb51345c3ad23851",
            "cidr_ipv4": "0.0.0.0/0",
            "cidr_ipv6": null,
            "description": "IPsec NAT-T.",
            "from_port": 4500,
            "id": "sgr-0fb51345c3ad23851",
            "ip_protocol": "udp",
            "prefix_list_id": null,
            "referenced_security_group_id": null,
            "region": "ap-northeast-2",
            "security_group_id": "sg-0418b66bd790ba89d",
            "security_group_rule_id": "sgr-0fb51345c3ad23851",
            "tags": {
              "Environment": "dev",
              "ManagedBy": "terraform",
              "Project": "ai-care",
              "Scope": "infra-only"
            },
            "tags_all": {
              "Environment": "dev",
              "ManagedBy": "terraform",
              "Project": "ai-care",
              "Scope": "infra-only"
            },
            "to_port": 4500
          },
          "sensitive_attributes": [],
          "identity_schema_version": 0,
          "identity": {
            "account_id": "105959916837",
            "id": "sgr-0fb51345c3ad23851",
            "region": "ap-northeast-2"
          },
          "dependencies": [
            "module.onprem_network.data.aws_vpc.onprem",
            "module.security.aws_security_group.strongswan"
          ]
        }
      ]
    },
    {
      "module": "module.security",
      "mode": "managed",
      "type": "aws_vpc_security_group_ingress_rule",
      "name": "strongswan_udp_500",
      "provider": "provider[\"registry.terraform.io/hashicorp/aws\"]",
      "instances": [
        {
          "index_key": "0.0.0.0/0",
          "schema_version": 0,
          "attributes": {
            "arn": "arn:aws:ec2:ap-northeast-2:105959916837:security-group-rule/sgr-0c912c05b6783ee2b",
            "cidr_ipv4": "0.0.0.0/0",
            "cidr_ipv6": null,
            "description": "IPsec IKE.",
            "from_port": 500,
            "id": "sgr-0c912c05b6783ee2b",
            "ip_protocol": "udp",
            "prefix_list_id": null,
            "referenced_security_group_id": null,
            "region": "ap-northeast-2",
            "security_group_id": "sg-0418b66bd790ba89d",
            "security_group_rule_id": "sgr-0c912c05b6783ee2b",
            "tags": {
              "Environment": "dev",
              "ManagedBy": "terraform",
              "Project": "ai-care",
              "Scope": "infra-only"
            },
            "tags_all": {
              "Environment": "dev",
              "ManagedBy": "terraform",
              "Project": "ai-care",
              "Scope": "infra-only"
            },
            "to_port": 500
          },
          "sensitive_attributes": [],
          "identity_schema_version": 0,
          "identity": {
            "account_id": "105959916837",
            "id": "sgr-0c912c05b6783ee2b",
            "region": "ap-northeast-2"
          },
          "dependencies": [
            "module.onprem_network.data.aws_vpc.onprem",
            "module.security.aws_security_group.strongswan"
          ]
        }
      ]
    },
    {
      "module": "module.service_nat_gateway",
      "mode": "managed",
      "type": "aws_eip",
      "name": "nat",
      "provider": "provider[\"registry.terraform.io/hashicorp/aws\"]",
      "instances": [
        {
          "index_key": 0,
          "schema_version": 0,
          "attributes": {
            "address": null,
            "allocation_id": "eipalloc-0a5682897766d85ca",
            "arn": "arn:aws:ec2:ap-northeast-2:105959916837:elastic-ip/eipalloc-0a5682897766d85ca",
            "associate_with_private_ip": null,
            "association_id": "eipassoc-0968e78a7453e834a",
            "carrier_ip": "",
            "customer_owned_ip": "",
            "customer_owned_ipv4_pool": "",
            "domain": "vpc",
            "id": "eipalloc-0a5682897766d85ca",
            "instance": "",
            "ipam_pool_id": "",
            "network_border_group": "ap-northeast-2",
            "network_interface": "eni-014c49cca17998568",
            "private_dns": "ip-10-0-1-248.ap-northeast-2.compute.internal",
            "private_ip": "10.0.1.248",
            "ptr_record": "",
            "public_dns": "ec2-43-203-15-228.ap-northeast-2.compute.amazonaws.com",
            "public_ip": "43.203.15.228",
            "public_ipv4_pool": "amazon",
            "region": "ap-northeast-2",
            "tags": {
              "Environment": "dev",
              "ManagedBy": "terraform",
              "Name": "ai-care-dev-service-nat-eip",
              "Project": "ai-care",
              "Scope": "infra-only"
            },
            "tags_all": {
              "Environment": "dev",
              "ManagedBy": "terraform",
              "Name": "ai-care-dev-service-nat-eip",
              "Project": "ai-care",
              "Scope": "infra-only"
            },
            "timeouts": null
          },
          "sensitive_attributes": [],
          "identity_schema_version": 0,
          "identity": {
            "account_id": "105959916837",
            "id": "eipalloc-0a5682897766d85ca",
            "region": "ap-northeast-2"
          },
          "private": "eyJlMmJmYjczMC1lY2FhLTExZTYtOGY4OC0zNDM2M2JjN2M0YzAiOnsiZGVsZXRlIjoxODAwMDAwMDAwMDAsInJlYWQiOjkwMDAwMDAwMDAwMCwidXBkYXRlIjozMDAwMDAwMDAwMDB9fQ=="
        }
      ]
    },
    {
      "module": "module.service_nat_gateway",
      "mode": "managed",
      "type": "aws_nat_gateway",
      "name": "this",
      "provider": "provider[\"registry.terraform.io/hashicorp/aws\"]",
      "instances": [
        {
          "index_key": 0,
          "schema_version": 0,
          "attributes": {
            "allocation_id": "eipalloc-0a5682897766d85ca",
            "association_id": "eipassoc-0968e78a7453e834a",
            "auto_provision_zones": null,
            "auto_scaling_ips": null,
            "availability_mode": "zonal",
            "availability_zone_address": [],
            "connectivity_type": "public",
            "id": "nat-027ddcafdf792348b",
            "network_interface_id": "eni-014c49cca17998568",
            "private_ip": "10.0.1.248",
            "public_ip": "43.203.15.228",
            "region": "ap-northeast-2",
            "regional_nat_gateway_address": [],
            "regional_nat_gateway_auto_mode": null,
            "route_table_id": null,
            "secondary_allocation_ids": [],
            "secondary_private_ip_address_count": 0,
            "secondary_private_ip_addresses": [],
            "subnet_id": "subnet-0e4f74a9b41db30cd",
            "tags": {
              "Environment": "dev",
              "ManagedBy": "terraform",
              "Name": "ai-care-dev-service-nat",
              "Project": "ai-care",
              "Scope": "infra-only"
            },
            "tags_all": {
              "Environment": "dev",
              "ManagedBy": "terraform",
              "Name": "ai-care-dev-service-nat",
              "Project": "ai-care",
              "Scope": "infra-only"
            },
            "timeouts": null,
            "vpc_id": "vpc-0beaaf51840498bae"
          },
          "sensitive_attributes": [],
          "identity_schema_version": 0,
          "identity": {
            "account_id": "105959916837",
            "id": "nat-027ddcafdf792348b",
            "region": "ap-northeast-2"
          },
          "private": "eyJlMmJmYjczMC1lY2FhLTExZTYtOGY4OC0zNDM2M2JjN2M0YzAiOnsiY3JlYXRlIjo2MDAwMDAwMDAwMDAsImRlbGV0ZSI6MTgwMDAwMDAwMDAwMCwidXBkYXRlIjo2MDAwMDAwMDAwMDB9fQ==",
          "dependencies": [
            "module.service_nat_gateway.aws_eip.nat"
          ]
        }
      ]
    },
    {
      "module": "module.service_nat_gateway",
      "mode": "managed",
      "type": "aws_route",
      "name": "private_app_default_to_nat",
      "provider": "provider[\"registry.terraform.io/hashicorp/aws\"]",
      "instances": [
        {
          "index_key": "rtb-0b57d3c7408c20c8d",
          "schema_version": 0,
          "attributes": {
            "carrier_gateway_id": "",
            "core_network_arn": "",
            "destination_cidr_block": "0.0.0.0/0",
            "destination_ipv6_cidr_block": "",
            "destination_prefix_list_id": "",
            "egress_only_gateway_id": "",
            "gateway_id": "",
            "id": "r-rtb-0b57d3c7408c20c8d1080289494",
            "instance_id": "",
            "instance_owner_id": "",
            "local_gateway_id": "",
            "nat_gateway_id": "nat-027ddcafdf792348b",
            "network_interface_id": "",
            "odb_network_arn": "",
            "origin": "CreateRoute",
            "region": "ap-northeast-2",
            "route_table_id": "rtb-0b57d3c7408c20c8d",
            "state": "active",
            "timeouts": null,
            "transit_gateway_id": "",
            "vpc_endpoint_id": "",
            "vpc_peering_connection_id": ""
          },
          "sensitive_attributes": [],
          "identity_schema_version": 0,
          "identity": {
            "account_id": "105959916837",
            "destination_cidr_block": "0.0.0.0/0",
            "destination_ipv6_cidr_block": null,
            "destination_prefix_list_id": null,
            "region": "ap-northeast-2",
            "route_table_id": "rtb-0b57d3c7408c20c8d"
          },
          "private": "eyJlMmJmYjczMC1lY2FhLTExZTYtOGY4OC0zNDM2M2JjN2M0YzAiOnsiY3JlYXRlIjozMDAwMDAwMDAwMDAsImRlbGV0ZSI6MzAwMDAwMDAwMDAwLCJ1cGRhdGUiOjEyMDAwMDAwMDAwMH19",
          "dependencies": [
            "module.service_nat_gateway.aws_eip.nat",
            "module.service_nat_gateway.aws_nat_gateway.this"
          ]
        }
      ]
    },
    {
      "module": "module.vpn",
      "mode": "managed",
      "type": "aws_customer_gateway",
      "name": "strongswan",
      "provider": "provider[\"registry.terraform.io/hashicorp/aws\"]",
      "instances": [
        {
          "schema_version": 0,
          "attributes": {
            "arn": "arn:aws:ec2:ap-northeast-2:105959916837:customer-gateway/cgw-0c01fb900cc930603",
            "bgp_asn": "65000",
            "bgp_asn_extended": "",
            "certificate_arn": "",
            "device_name": "",
            "id": "cgw-0c01fb900cc930603",
            "ip_address": "3.35.38.30",
            "region": "ap-northeast-2",
            "tags": {
              "Environment": "dev",
              "ManagedBy": "terraform",
              "Name": "ai-care-dev-strongswan-cgw",
              "Project": "ai-care",
              "Scope": "infra-only"
            },
            "tags_all": {
              "Environment": "dev",
              "ManagedBy": "terraform",
              "Name": "ai-care-dev-strongswan-cgw",
              "Project": "ai-care",
              "Scope": "infra-only"
            },
            "type": "ipsec.1"
          },
          "sensitive_attributes": [],
          "identity_schema_version": 0,
          "private": "bnVsbA==",
          "dependencies": [
            "module.onprem_compute.aws_eip.strongswan"
          ]
        }
      ]
    },
    {
      "module": "module.vpn",
      "mode": "managed",
      "type": "aws_route",
      "name": "onprem_to_service",
      "provider": "provider[\"registry.terraform.io/hashicorp/aws\"]",
      "instances": [
        {
          "schema_version": 0,
          "attributes": {
            "carrier_gateway_id": "",
            "core_network_arn": "",
            "destination_cidr_block": "10.0.0.0/16",
            "destination_ipv6_cidr_block": "",
            "destination_prefix_list_id": "",
            "egress_only_gateway_id": "",
            "gateway_id": "",
            "id": "r-rtb-038788093fe3a6b25179966490",
            "instance_id": "i-0f38d5eb07e41d0e7",
            "instance_owner_id": "105959916837",
            "local_gateway_id": "",
            "nat_gateway_id": "",
            "network_interface_id": "eni-090e0bb74c9293374",
            "odb_network_arn": "",
            "origin": "CreateRoute",
            "region": "ap-northeast-2",
            "route_table_id": "rtb-038788093fe3a6b25",
            "state": "active",
            "timeouts": null,
            "transit_gateway_id": "",
            "vpc_endpoint_id": "",
            "vpc_peering_connection_id": ""
          },
          "sensitive_attributes": [],
          "identity_schema_version": 0,
          "identity": {
            "account_id": "105959916837",
            "destination_cidr_block": "10.0.0.0/16",
            "destination_ipv6_cidr_block": null,
            "destination_prefix_list_id": null,
            "region": "ap-northeast-2",
            "route_table_id": "rtb-038788093fe3a6b25"
          },
          "private": "eyJlMmJmYjczMC1lY2FhLTExZTYtOGY4OC0zNDM2M2JjN2M0YzAiOnsiY3JlYXRlIjozMDAwMDAwMDAwMDAsImRlbGV0ZSI6MzAwMDAwMDAwMDAwLCJ1cGRhdGUiOjEyMDAwMDAwMDAwMH19",
          "dependencies": [
            "module.existing_network.data.aws_vpc.service",
            "module.onprem_compute.aws_iam_instance_profile.onprem_ssm_profile",
            "module.onprem_compute.aws_iam_role.onprem_ssm_role",
            "module.onprem_compute.aws_instance.strongswan",
            "module.onprem_compute.data.aws_ami.ubuntu_2204",
            "module.onprem_network.data.aws_route_table.private",
            "module.onprem_network.data.aws_subnet.public",
            "module.onprem_network.data.aws_vpc.onprem",
            "module.security.aws_security_group.strongswan"
          ]
        }
      ]
    },
    {
      "module": "module.vpn",
      "mode": "managed",
      "type": "aws_route",
      "name": "service_private_app_to_onprem",
      "provider": "provider[\"registry.terraform.io/hashicorp/aws\"]",
      "instances": [
        {
          "index_key": "rtb-0b57d3c7408c20c8d",
          "schema_version": 0,
          "attributes": {
            "carrier_gateway_id": "",
            "core_network_arn": "",
            "destination_cidr_block": "172.16.0.0/16",
            "destination_ipv6_cidr_block": "",
            "destination_prefix_list_id": "",
            "egress_only_gateway_id": "",
            "gateway_id": "vgw-074ff64b2979bc5d0",
            "id": "r-rtb-0b57d3c7408c20c8d3246677288",
            "instance_id": "",
            "instance_owner_id": "",
            "local_gateway_id": "",
            "nat_gateway_id": "",
            "network_interface_id": "",
            "odb_network_arn": "",
            "origin": "CreateRoute",
            "region": "ap-northeast-2",
            "route_table_id": "rtb-0b57d3c7408c20c8d",
            "state": "active",
            "timeouts": null,
            "transit_gateway_id": "",
            "vpc_endpoint_id": "",
            "vpc_peering_connection_id": ""
          },
          "sensitive_attributes": [],
          "identity_schema_version": 0,
          "identity": {
            "account_id": "105959916837",
            "destination_cidr_block": "172.16.0.0/16",
            "destination_ipv6_cidr_block": null,
            "destination_prefix_list_id": null,
            "region": "ap-northeast-2",
            "route_table_id": "rtb-0b57d3c7408c20c8d"
          },
          "private": "eyJlMmJmYjczMC1lY2FhLTExZTYtOGY4OC0zNDM2M2JjN2M0YzAiOnsiY3JlYXRlIjozMDAwMDAwMDAwMDAsImRlbGV0ZSI6MzAwMDAwMDAwMDAwLCJ1cGRhdGUiOjEyMDAwMDAwMDAwMH19",
          "dependencies": [
            "module.existing_network.data.aws_vpc.service",
            "module.onprem_network.data.aws_vpc.onprem",
            "module.vpn.aws_vpn_gateway.this"
          ]
        }
      ]
    },
    {
      "module": "module.vpn",
      "mode": "managed",
      "type": "aws_vpn_connection",
      "name": "this",
      "provider": "provider[\"registry.terraform.io/hashicorp/aws\"]",
      "instances": [
        {
          "schema_version": 0,
          "attributes": {
            "arn": "arn:aws:ec2:ap-northeast-2:105959916837:vpn-connection/vpn-0be0a17896d275460",
            "core_network_arn": "",
            "core_network_attachment_arn": "",
            "customer_gateway_configuration": "\u003c?xml version=\"1.0\" encoding=\"UTF-8\"?\u003e\n\u003cvpn_connection id=\"vpn-0be0a17896d275460\"\u003e\n  \u003ccustomer_gateway_id\u003ecgw-0c01fb900cc930603\u003c/customer_gateway_id\u003e\n  \u003cvpn_gateway_id\u003evgw-074ff64b2979bc5d0\u003c/vpn_gateway_id\u003e\n  \u003cvpn_connection_type\u003eipsec.1\u003c/vpn_connection_type\u003e\n  \u003cvpn_connection_attributes\u003eNoBGPVPNConnection\u003c/vpn_connection_attributes\u003e\n  \u003cipsec_tunnel\u003e\n    \u003ccustomer_gateway\u003e\n      \u003ctunnel_outside_address\u003e\n        \u003cip_address\u003e3.35.38.30\u003c/ip_address\u003e\n      \u003c/tunnel_outside_address\u003e\n      \u003ctunnel_inside_address\u003e\n        \u003cip_address\u003e169.254.37.186\u003c/ip_address\u003e\n        \u003cnetwork_mask\u003e255.255.255.252\u003c/network_mask\u003e\n        \u003cnetwork_cidr\u003e30\u003c/network_cidr\u003e\n      \u003c/tunnel_inside_address\u003e\n    \u003c/customer_gateway\u003e\n    \u003cvpn_gateway\u003e\n      \u003ctunnel_outside_address\u003e\n        \u003cip_address\u003e3.39.5.88\u003c/ip_address\u003e\n      \u003c/tunnel_outside_address\u003e\n      \u003ctunnel_inside_address\u003e\n        \u003cip_address\u003e169.254.37.185\u003c/ip_address\u003e\n        \u003cnetwork_mask\u003e255.255.255.252\u003c/network_mask\u003e\n        \u003cnetwork_cidr\u003e30\u003c/network_cidr\u003e\n      \u003c/tunnel_inside_address\u003e\n    \u003c/vpn_gateway\u003e\n    \u003cike\u003e\n      \u003cauthentication_protocol\u003esha1\u003c/authentication_protocol\u003e\n      \u003cencryption_protocol\u003eaes-128-cbc\u003c/encryption_protocol\u003e\n      \u003clifetime\u003e28800\u003c/lifetime\u003e\n      \u003cperfect_forward_secrecy\u003egroup2\u003c/perfect_forward_secrecy\u003e\n      \u003cmode\u003emain\u003c/mode\u003e\n      \u003cpre_shared_key\u003eEnwPqMunVUJskqNZV2sGkqYyclidptbl\u003c/pre_shared_key\u003e\n    \u003c/ike\u003e\n    \u003cipsec\u003e\n      \u003cprotocol\u003eesp\u003c/protocol\u003e\n      \u003cauthentication_protocol\u003ehmac-sha1-96\u003c/authentication_protocol\u003e\n      \u003cencryption_protocol\u003eaes-128-cbc\u003c/encryption_protocol\u003e\n      \u003clifetime\u003e3600\u003c/lifetime\u003e\n      \u003cperfect_forward_secrecy\u003egroup2\u003c/perfect_forward_secrecy\u003e\n      \u003cmode\u003etunnel\u003c/mode\u003e\n      \u003cclear_df_bit\u003etrue\u003c/clear_df_bit\u003e\n      \u003cfragmentation_before_encryption\u003etrue\u003c/fragmentation_before_encryption\u003e\n      \u003ctcp_mss_adjustment\u003e1379\u003c/tcp_mss_adjustment\u003e\n      \u003cdead_peer_detection\u003e\n        \u003cinterval\u003e10\u003c/interval\u003e\n        \u003cretries\u003e3\u003c/retries\u003e\n      \u003c/dead_peer_detection\u003e\n    \u003c/ipsec\u003e\n  \u003c/ipsec_tunnel\u003e\n  \u003cipsec_tunnel\u003e\n    \u003ccustomer_gateway\u003e\n      \u003ctunnel_outside_address\u003e\n        \u003cip_address\u003e3.35.38.30\u003c/ip_address\u003e\n      \u003c/tunnel_outside_address\u003e\n      \u003ctunnel_inside_address\u003e\n        \u003cip_address\u003e169.254.114.30\u003c/ip_address\u003e\n        \u003cnetwork_mask\u003e255.255.255.252\u003c/network_mask\u003e\n        \u003cnetwork_cidr\u003e30\u003c/network_cidr\u003e\n      \u003c/tunnel_inside_address\u003e\n    \u003c/customer_gateway\u003e\n    \u003cvpn_gateway\u003e\n      \u003ctunnel_outside_address\u003e\n        \u003cip_address\u003e15.165.86.230\u003c/ip_address\u003e\n      \u003c/tunnel_outside_address\u003e\n      \u003ctunnel_inside_address\u003e\n        \u003cip_address\u003e169.254.114.29\u003c/ip_address\u003e\n        \u003cnetwork_mask\u003e255.255.255.252\u003c/network_mask\u003e\n        \u003cnetwork_cidr\u003e30\u003c/network_cidr\u003e\n      \u003c/tunnel_inside_address\u003e\n    \u003c/vpn_gateway\u003e\n    \u003cike\u003e\n      \u003cauthentication_protocol\u003esha1\u003c/authentication_protocol\u003e\n      \u003cencryption_protocol\u003eaes-128-cbc\u003c/encryption_protocol\u003e\n      \u003clifetime\u003e28800\u003c/lifetime\u003e\n      \u003cperfect_forward_secrecy\u003egroup2\u003c/perfect_forward_secrecy\u003e\n      \u003cmode\u003emain\u003c/mode\u003e\n      \u003cpre_shared_key\u003eu9tQkxQzG8EYxFHMrz9ECib.AvLSVLhX\u003c/pre_shared_key\u003e\n    \u003c/ike\u003e\n    \u003cipsec\u003e\n      \u003cprotocol\u003eesp\u003c/protocol\u003e\n      \u003cauthentication_protocol\u003ehmac-sha1-96\u003c/authentication_protocol\u003e\n      \u003cencryption_protocol\u003eaes-128-cbc\u003c/encryption_protocol\u003e\n      \u003clifetime\u003e3600\u003c/lifetime\u003e\n      \u003cperfect_forward_secrecy\u003egroup2\u003c/perfect_forward_secrecy\u003e\n      \u003cmode\u003etunnel\u003c/mode\u003e\n      \u003cclear_df_bit\u003etrue\u003c/clear_df_bit\u003e\n      \u003cfragmentation_before_encryption\u003etrue\u003c/fragmentation_before_encryption\u003e\n      \u003ctcp_mss_adjustment\u003e1379\u003c/tcp_mss_adjustment\u003e\n      \u003cdead_peer_detection\u003e\n        \u003cinterval\u003e10\u003c/interval\u003e\n        \u003cretries\u003e3\u003c/retries\u003e\n      \u003c/dead_peer_detection\u003e\n    \u003c/ipsec\u003e\n  \u003c/ipsec_tunnel\u003e\n\u003c/vpn_connection\u003e\n",
            "customer_gateway_id": "cgw-0c01fb900cc930603",
            "enable_acceleration": false,
            "id": "vpn-0be0a17896d275460",
            "local_ipv4_network_cidr": "0.0.0.0/0",
            "local_ipv6_network_cidr": "",
            "outside_ip_address_type": "PublicIpv4",
            "preshared_key_arn": "",
            "preshared_key_storage": "Standard",
            "region": "ap-northeast-2",
            "remote_ipv4_network_cidr": "0.0.0.0/0",
            "remote_ipv6_network_cidr": "",
            "routes": [
              {
                "destination_cidr_block": "172.16.0.0/16",
                "source": "",
                "state": "available"
              }
            ],
            "static_routes_only": true,
            "tags": {
              "Environment": "dev",
              "ManagedBy": "terraform",
              "Name": "ai-care-dev-service-to-onprem-vpn",
              "Project": "ai-care",
              "Scope": "infra-only"
            },
            "tags_all": {
              "Environment": "dev",
              "ManagedBy": "terraform",
              "Name": "ai-care-dev-service-to-onprem-vpn",
              "Project": "ai-care",
              "Scope": "infra-only"
            },
            "transit_gateway_attachment_id": "",
            "transit_gateway_id": "",
            "transport_transit_gateway_attachment_id": "",
            "tunnel1_address": "3.39.5.88",
            "tunnel1_bgp_asn": "",
            "tunnel1_bgp_holdtime": 0,
            "tunnel1_cgw_inside_address": "169.254.37.186",
            "tunnel1_dpd_timeout_action": "",
            "tunnel1_dpd_timeout_seconds": 0,
            "tunnel1_enable_tunnel_lifecycle_control": false,
            "tunnel1_ike_versions": [],
            "tunnel1_inside_cidr": "169.254.37.184/30",
            "tunnel1_inside_ipv6_cidr": "",
            "tunnel1_log_options": [
              {
                "cloudwatch_log_options": [
                  {
                    "bgp_log_enabled": false,
                    "bgp_log_group_arn": "",
                    "bgp_log_output_format": "",
                    "log_enabled": false,
                    "log_group_arn": "",
                    "log_output_format": ""
                  }
                ]
              }
            ],
            "tunnel1_phase1_dh_group_numbers": [],
            "tunnel1_phase1_encryption_algorithms": [],
            "tunnel1_phase1_integrity_algorithms": [],
            "tunnel1_phase1_lifetime_seconds": 0,
            "tunnel1_phase2_dh_group_numbers": [],
            "tunnel1_phase2_encryption_algorithms": [],
            "tunnel1_phase2_integrity_algorithms": [],
            "tunnel1_phase2_lifetime_seconds": 0,
            "tunnel1_preshared_key": "EnwPqMunVUJskqNZV2sGkqYyclidptbl",
            "tunnel1_rekey_fuzz_percentage": 0,
            "tunnel1_rekey_margin_time_seconds": 0,
            "tunnel1_replay_window_size": 0,
            "tunnel1_startup_action": "",
            "tunnel1_vgw_inside_address": "169.254.37.185",
            "tunnel2_address": "15.165.86.230",
            "tunnel2_bgp_asn": "",
            "tunnel2_bgp_holdtime": 0,
            "tunnel2_cgw_inside_address": "169.254.114.30",
            "tunnel2_dpd_timeout_action": "",
            "tunnel2_dpd_timeout_seconds": 0,
            "tunnel2_enable_tunnel_lifecycle_control": false,
            "tunnel2_ike_versions": [],
            "tunnel2_inside_cidr": "169.254.114.28/30",
            "tunnel2_inside_ipv6_cidr": "",
            "tunnel2_log_options": [
              {
                "cloudwatch_log_options": [
                  {
                    "bgp_log_enabled": false,
                    "bgp_log_group_arn": "",
                    "bgp_log_output_format": "",
                    "log_enabled": false,
                    "log_group_arn": "",
                    "log_output_format": ""
                  }
                ]
              }
            ],
            "tunnel2_phase1_dh_group_numbers": [],
            "tunnel2_phase1_encryption_algorithms": [],
            "tunnel2_phase1_integrity_algorithms": [],
            "tunnel2_phase1_lifetime_seconds": 0,
            "tunnel2_phase2_dh_group_numbers": [],
            "tunnel2_phase2_encryption_algorithms": [],
            "tunnel2_phase2_integrity_algorithms": [],
            "tunnel2_phase2_lifetime_seconds": 0,
            "tunnel2_preshared_key": "u9tQkxQzG8EYxFHMrz9ECib.AvLSVLhX",
            "tunnel2_rekey_fuzz_percentage": 0,
            "tunnel2_rekey_margin_time_seconds": 0,
            "tunnel2_replay_window_size": 0,
            "tunnel2_startup_action": "",
            "tunnel2_vgw_inside_address": "169.254.114.29",
            "tunnel_bandwidth": "standard",
            "tunnel_inside_ip_version": "ipv4",
            "type": "ipsec.1",
            "vgw_telemetry": [
              {
                "accepted_route_count": 1,
                "certificate_arn": "",
                "last_status_change": "2026-06-05T01:08:20Z",
                "outside_ip_address": "3.39.5.88",
                "status": "DOWN",
                "status_message": ""
              },
              {
                "accepted_route_count": 1,
                "certificate_arn": "",
                "last_status_change": "2026-06-05T01:08:23Z",
                "outside_ip_address": "15.165.86.230",
                "status": "DOWN",
                "status_message": ""
              }
            ],
            "vpn_concentrator_id": "",
            "vpn_gateway_id": "vgw-074ff64b2979bc5d0"
          },
          "sensitive_attributes": [
            [
              {
                "type": "get_attr",
                "value": "customer_gateway_configuration"
              }
            ],
            [
              {
                "type": "get_attr",
                "value": "tunnel1_preshared_key"
              }
            ],
            [
              {
                "type": "get_attr",
                "value": "tunnel2_preshared_key"
              }
            ]
          ],
          "identity_schema_version": 0,
          "private": "bnVsbA==",
          "dependencies": [
            "module.existing_network.data.aws_vpc.service",
            "module.onprem_compute.aws_eip.strongswan",
            "module.vpn.aws_customer_gateway.strongswan",
            "module.vpn.aws_vpn_gateway.this"
          ]
        }
      ]
    },
    {
      "module": "module.vpn",
      "mode": "managed",
      "type": "aws_vpn_connection_route",
      "name": "onprem",
      "provider": "provider[\"registry.terraform.io/hashicorp/aws\"]",
      "instances": [
        {
          "schema_version": 0,
          "attributes": {
            "destination_cidr_block": "172.16.0.0/16",
            "id": "172.16.0.0/16:vpn-0be0a17896d275460",
            "region": "ap-northeast-2",
            "vpn_connection_id": "vpn-0be0a17896d275460"
          },
          "sensitive_attributes": [],
          "identity_schema_version": 0,
          "private": "bnVsbA==",
          "dependencies": [
            "module.existing_network.data.aws_vpc.service",
            "module.onprem_compute.aws_eip.strongswan",
            "module.onprem_network.data.aws_vpc.onprem",
            "module.vpn.aws_customer_gateway.strongswan",
            "module.vpn.aws_vpn_connection.this",
            "module.vpn.aws_vpn_gateway.this"
          ]
        }
      ]
    },
    {
      "module": "module.vpn",
      "mode": "managed",
      "type": "aws_vpn_gateway",
      "name": "this",
      "provider": "provider[\"registry.terraform.io/hashicorp/aws\"]",
      "instances": [
        {
          "schema_version": 0,
          "attributes": {
            "amazon_side_asn": "64512",
            "arn": "arn:aws:ec2:ap-northeast-2:105959916837:vpn-gateway/vgw-074ff64b2979bc5d0",
            "availability_zone": null,
            "id": "vgw-074ff64b2979bc5d0",
            "region": "ap-northeast-2",
            "tags": {
              "Environment": "dev",
              "ManagedBy": "terraform",
              "Name": "ai-care-dev-service-vgw",
              "Project": "ai-care",
              "Scope": "infra-only"
            },
            "tags_all": {
              "Environment": "dev",
              "ManagedBy": "terraform",
              "Name": "ai-care-dev-service-vgw",
              "Project": "ai-care",
              "Scope": "infra-only"
            },
            "vpc_id": "vpc-0beaaf51840498bae"
          },
          "sensitive_attributes": [],
          "identity_schema_version": 0,
          "private": "bnVsbA==",
          "dependencies": [
            "module.existing_network.data.aws_vpc.service"
          ]
        }
      ]
    }
  ],
  "check_results": null
}

